// !$*UTF8*$!
{
	archiveVersion = 1;
	classes = {
	};
	objectVersion = 46;
	objects = {

/* Begin PBXBuildFile section */
		1D25B64E1B579A5000A87A85 /* RestaurantDTO.m in Sources */ = {isa = PBXBuildFile; fileRef = 1D25B64D1B579A5000A87A85 /* RestaurantDTO.m */; };
		1D78429E1B4FCE710056A40D /* LEMenuListController.m in Sources */ = {isa = PBXBuildFile; fileRef = 1D78429C1B4FCE710056A40D /* LEMenuListController.m */; };
		1D78429F1B4FCE710056A40D /* LEMenuListController.xib in Resources */ = {isa = PBXBuildFile; fileRef = 1D78429D1B4FCE710056A40D /* LEMenuListController.xib */; };
		1D7842A41B4FE8E80056A40D /* LEDetailController.m in Sources */ = {isa = PBXBuildFile; fileRef = 1D7842A21B4FE8E80056A40D /* LEDetailController.m */; };
		1D7842A51B4FE8E80056A40D /* LEDetailController.xib in Resources */ = {isa = PBXBuildFile; fileRef = 1D7842A31B4FE8E80056A40D /* LEDetailController.xib */; };
		1DEDD04E1B5FA71B00A19010 /* LEBookController.m in Sources */ = {isa = PBXBuildFile; fileRef = 1DEDD04C1B5FA71B00A19010 /* LEBookController.m */; };
		1DEDD04F1B5FA71B00A19010 /* LEBookController.xib in Resources */ = {isa = PBXBuildFile; fileRef = 1DEDD04D1B5FA71B00A19010 /* LEBookController.xib */; };
		3309FDD91B58658B0014F53C /* Dosis-ExtraLight.ttf in Resources */ = {isa = PBXBuildFile; fileRef = 3313258A1B556DB800CE5801 /* Dosis-ExtraLight.ttf */; };
		330D5B401B4B22DE006920C4 /* LERegisterController.m in Sources */ = {isa = PBXBuildFile; fileRef = 330D5B3E1B4B22DE006920C4 /* LERegisterController.m */; };
		330D5B411B4B22DE006920C4 /* LERegisterController.xib in Resources */ = {isa = PBXBuildFile; fileRef = 330D5B3F1B4B22DE006920C4 /* LERegisterController.xib */; };
		330D5B451B4B22EF006920C4 /* LERecoverController.m in Sources */ = {isa = PBXBuildFile; fileRef = 330D5B431B4B22EF006920C4 /* LERecoverController.m */; };
		330D5B461B4B22EF006920C4 /* LERecoverController.xib in Resources */ = {isa = PBXBuildFile; fileRef = 330D5B441B4B22EF006920C4 /* LERecoverController.xib */; };
		331325991B5570D700CE5801 /* Dosis-Light.ttf in Resources */ = {isa = PBXBuildFile; fileRef = 3313258B1B556DB800CE5801 /* Dosis-Light.ttf */; };
		3347E8DF1B4844DA00F9F754 /* UIColor+MyColor.m in Sources */ = {isa = PBXBuildFile; fileRef = 3347E8DE1B4844DA00F9F754 /* UIColor+MyColor.m */; };
		33595E451B517C8B00254DE7 /* LetsGoEat.xml in Resources */ = {isa = PBXBuildFile; fileRef = 33595E441B517C8B00254DE7 /* LetsGoEat.xml */; };
		33595F2D1B51812E00254DE7 /* RegisterDTO.m in Sources */ = {isa = PBXBuildFile; fileRef = 33595F2C1B51812E00254DE7 /* RegisterDTO.m */; };
		33595F781B518FF900254DE7 /* SecondCustomSegue.m in Sources */ = {isa = PBXBuildFile; fileRef = 33595F771B518FF900254DE7 /* SecondCustomSegue.m */; };
		33595F7B1B51B6B400254DE7 /* LoginDTO.m in Sources */ = {isa = PBXBuildFile; fileRef = 33595F7A1B51B6B400254DE7 /* LoginDTO.m */; };
		337A47461B5FF8440044B418 /* BaseLogic.m in Sources */ = {isa = PBXBuildFile; fileRef = 337A46B61B5FF8440044B418 /* BaseLogic.m */; };
		337A47471B5FF8440044B418 /* LogicFilter.m in Sources */ = {isa = PBXBuildFile; fileRef = 337A46B81B5FF8440044B418 /* LogicFilter.m */; };
		337A47481B5FF8440044B418 /* DummyCache.m in Sources */ = {isa = PBXBuildFile; fileRef = 337A46BC1B5FF8440044B418 /* DummyCache.m */; };
		337A47491B5FF8440044B418 /* LimitedAgeMemoryCache.m in Sources */ = {isa = PBXBuildFile; fileRef = 337A46BE1B5FF8440044B418 /* LimitedAgeMemoryCache.m */; };
		337A474A1B5FF8440044B418 /* LimitedAgeUnlimitedDiskCache.m in Sources */ = {isa = PBXBuildFile; fileRef = 337A46C01B5FF8440044B418 /* LimitedAgeUnlimitedDiskCache.m */; };
		337A474B1B5FF8440044B418 /* UnlimitedDiskCache.m in Sources */ = {isa = PBXBuildFile; fileRef = 337A46C21B5FF8440044B418 /* UnlimitedDiskCache.m */; };
		337A474C1B5FF8440044B418 /* UnlimitedMemoryCache.m in Sources */ = {isa = PBXBuildFile; fileRef = 337A46C41B5FF8440044B418 /* UnlimitedMemoryCache.m */; };
		337A474D1B5FF8440044B418 /* BaseBookRestaurantLogic.m in Sources */ = {isa = PBXBuildFile; fileRef = 337A46C81B5FF8440044B418 /* BaseBookRestaurantLogic.m */; };
		337A474E1B5FF8440044B418 /* BaseGetPassLogic.m in Sources */ = {isa = PBXBuildFile; fileRef = 337A46CA1B5FF8440044B418 /* BaseGetPassLogic.m */; };
		337A474F1B5FF8440044B418 /* BaseGetRestaurantLogic.m in Sources */ = {isa = PBXBuildFile; fileRef = 337A46CC1B5FF8440044B418 /* BaseGetRestaurantLogic.m */; };
		337A47501B5FF8440044B418 /* BaseSignInLogic.m in Sources */ = {isa = PBXBuildFile; fileRef = 337A46CE1B5FF8440044B418 /* BaseSignInLogic.m */; };
		337A47511B5FF8440044B418 /* BaseSignUpLogic.m in Sources */ = {isa = PBXBuildFile; fileRef = 337A46D01B5FF8440044B418 /* BaseSignUpLogic.m */; };
		337A47521B5FF8440044B418 /* BookRestaurantLogic.m in Sources */ = {isa = PBXBuildFile; fileRef = 337A46D21B5FF8440044B418 /* BookRestaurantLogic.m */; };
		337A47531B5FF8440044B418 /* GetPassLogic.m in Sources */ = {isa = PBXBuildFile; fileRef = 337A46D41B5FF8440044B418 /* GetPassLogic.m */; };
		337A47541B5FF8440044B418 /* GetRestaurantLogic.m in Sources */ = {isa = PBXBuildFile; fileRef = 337A46D61B5FF8440044B418 /* GetRestaurantLogic.m */; };
		337A47551B5FF8440044B418 /* LetsGoEatHelper.m in Sources */ = {isa = PBXBuildFile; fileRef = 337A46D81B5FF8440044B418 /* LetsGoEatHelper.m */; };
		337A47561B5FF8440044B418 /* SignInLogic.m in Sources */ = {isa = PBXBuildFile; fileRef = 337A46DA1B5FF8440044B418 /* SignInLogic.m */; };
		337A47571B5FF8440044B418 /* SignUpLogic.m in Sources */ = {isa = PBXBuildFile; fileRef = 337A46DC1B5FF8440044B418 /* SignUpLogic.m */; };
		337A47581B5FF8440044B418 /* BookRestaurantActionTask.m in Sources */ = {isa = PBXBuildFile; fileRef = 337A46DF1B5FF8440044B418 /* BookRestaurantActionTask.m */; };
		337A47591B5FF8440044B418 /* GetPassActionTask.m in Sources */ = {isa = PBXBuildFile; fileRef = 337A46E11B5FF8440044B418 /* GetPassActionTask.m */; };
		337A475A1B5FF8440044B418 /* GetRestaurantActionTask.m in Sources */ = {isa = PBXBuildFile; fileRef = 337A46E31B5FF8440044B418 /* GetRestaurantActionTask.m */; };
		337A475B1B5FF8440044B418 /* SignInActionTask.m in Sources */ = {isa = PBXBuildFile; fileRef = 337A46E51B5FF8440044B418 /* SignInActionTask.m */; };
		337A475C1B5FF8440044B418 /* SignUpActionTask.m in Sources */ = {isa = PBXBuildFile; fileRef = 337A46E71B5FF8440044B418 /* SignUpActionTask.m */; };
		337A475D1B5FF8440044B418 /* BookRestaurantRequestDAO.m in Sources */ = {isa = PBXBuildFile; fileRef = 337A46EB1B5FF8440044B418 /* BookRestaurantRequestDAO.m */; };
		337A475E1B5FF8440044B418 /* BookRestaurantResponseDAO.m in Sources */ = {isa = PBXBuildFile; fileRef = 337A46ED1B5FF8440044B418 /* BookRestaurantResponseDAO.m */; };
		337A475F1B5FF8440044B418 /* BookRestDAO.m in Sources */ = {isa = PBXBuildFile; fileRef = 337A46EF1B5FF8440044B418 /* BookRestDAO.m */; };
		337A47601B5FF8440044B418 /* GetPassDAO.m in Sources */ = {isa = PBXBuildFile; fileRef = 337A46F11B5FF8440044B418 /* GetPassDAO.m */; };
		337A47611B5FF8440044B418 /* GetPassRequestDAO.m in Sources */ = {isa = PBXBuildFile; fileRef = 337A46F31B5FF8440044B418 /* GetPassRequestDAO.m */; };
		337A47621B5FF8440044B418 /* GetPassResponseDAO.m in Sources */ = {isa = PBXBuildFile; fileRef = 337A46F51B5FF8440044B418 /* GetPassResponseDAO.m */; };
		337A47631B5FF8440044B418 /* GetRestaurantRequestDAO.m in Sources */ = {isa = PBXBuildFile; fileRef = 337A46F71B5FF8440044B418 /* GetRestaurantRequestDAO.m */; };
		337A47641B5FF8440044B418 /* GetRestaurantResponseDAO.m in Sources */ = {isa = PBXBuildFile; fileRef = 337A46F91B5FF8440044B418 /* GetRestaurantResponseDAO.m */; };
		337A47651B5FF8440044B418 /* GetRestaurantsDAO.m in Sources */ = {isa = PBXBuildFile; fileRef = 337A46FB1B5FF8440044B418 /* GetRestaurantsDAO.m */; };
		337A47661B5FF8440044B418 /* SignInDAO.m in Sources */ = {isa = PBXBuildFile; fileRef = 337A46FD1B5FF8440044B418 /* SignInDAO.m */; };
		337A47671B5FF8440044B418 /* SignInRequestDAO.m in Sources */ = {isa = PBXBuildFile; fileRef = 337A46FF1B5FF8440044B418 /* SignInRequestDAO.m */; };
		337A47681B5FF8440044B418 /* SignInResponseDAO.m in Sources */ = {isa = PBXBuildFile; fileRef = 337A47011B5FF8440044B418 /* SignInResponseDAO.m */; };
		337A47691B5FF8440044B418 /* SignUpDAO.m in Sources */ = {isa = PBXBuildFile; fileRef = 337A47031B5FF8440044B418 /* SignUpDAO.m */; };
		337A476A1B5FF8440044B418 /* SignUpRequestDAO.m in Sources */ = {isa = PBXBuildFile; fileRef = 337A47051B5FF8440044B418 /* SignUpRequestDAO.m */; };
		337A476B1B5FF8440044B418 /* SignUpResponseDAO.m in Sources */ = {isa = PBXBuildFile; fileRef = 337A47071B5FF8440044B418 /* SignUpResponseDAO.m */; };
		337A476C1B5FF8440044B418 /* BaseBookRestaurantRequestDTO.m in Sources */ = {isa = PBXBuildFile; fileRef = 337A470B1B5FF8440044B418 /* BaseBookRestaurantRequestDTO.m */; };
		337A476D1B5FF8440044B418 /* BaseBookRestaurantResponseDTO.m in Sources */ = {isa = PBXBuildFile; fileRef = 337A470D1B5FF8440044B418 /* BaseBookRestaurantResponseDTO.m */; };
		337A476E1B5FF8440044B418 /* BaseBookRestDTO.m in Sources */ = {isa = PBXBuildFile; fileRef = 337A470F1B5FF8440044B418 /* BaseBookRestDTO.m */; };
		337A476F1B5FF8440044B418 /* BaseGetPassDTO.m in Sources */ = {isa = PBXBuildFile; fileRef = 337A47111B5FF8440044B418 /* BaseGetPassDTO.m */; };
		337A47701B5FF8440044B418 /* BaseGetPassRequestDTO.m in Sources */ = {isa = PBXBuildFile; fileRef = 337A47131B5FF8440044B418 /* BaseGetPassRequestDTO.m */; };
		337A47711B5FF8440044B418 /* BaseGetPassResponseDTO.m in Sources */ = {isa = PBXBuildFile; fileRef = 337A47151B5FF8440044B418 /* BaseGetPassResponseDTO.m */; };
		337A47721B5FF8440044B418 /* BaseGetRestaurantRequestDTO.m in Sources */ = {isa = PBXBuildFile; fileRef = 337A47171B5FF8440044B418 /* BaseGetRestaurantRequestDTO.m */; };
		337A47731B5FF8440044B418 /* BaseGetRestaurantResponseDTO.m in Sources */ = {isa = PBXBuildFile; fileRef = 337A47191B5FF8440044B418 /* BaseGetRestaurantResponseDTO.m */; };
		337A47741B5FF8440044B418 /* BaseGetRestaurantsDTO.m in Sources */ = {isa = PBXBuildFile; fileRef = 337A471B1B5FF8440044B418 /* BaseGetRestaurantsDTO.m */; };
		337A47751B5FF8440044B418 /* BaseSignInDTO.m in Sources */ = {isa = PBXBuildFile; fileRef = 337A471D1B5FF8440044B418 /* BaseSignInDTO.m */; };
		337A47761B5FF8440044B418 /* BaseSignInRequestDTO.m in Sources */ = {isa = PBXBuildFile; fileRef = 337A471F1B5FF8440044B418 /* BaseSignInRequestDTO.m */; };
		337A47771B5FF8440044B418 /* BaseSignInResponseDTO.m in Sources */ = {isa = PBXBuildFile; fileRef = 337A47211B5FF8440044B418 /* BaseSignInResponseDTO.m */; };
		337A47781B5FF8440044B418 /* BaseSignUpDTO.m in Sources */ = {isa = PBXBuildFile; fileRef = 337A47231B5FF8440044B418 /* BaseSignUpDTO.m */; };
		337A47791B5FF8440044B418 /* BaseSignUpRequestDTO.m in Sources */ = {isa = PBXBuildFile; fileRef = 337A47251B5FF8440044B418 /* BaseSignUpRequestDTO.m */; };
		337A477A1B5FF8440044B418 /* BaseSignUpResponseDTO.m in Sources */ = {isa = PBXBuildFile; fileRef = 337A47271B5FF8440044B418 /* BaseSignUpResponseDTO.m */; };
		337A477B1B5FF8440044B418 /* BookRestaurantRequestDTO.m in Sources */ = {isa = PBXBuildFile; fileRef = 337A47291B5FF8440044B418 /* BookRestaurantRequestDTO.m */; };
		337A477C1B5FF8440044B418 /* BookRestaurantResponseDTO.m in Sources */ = {isa = PBXBuildFile; fileRef = 337A472B1B5FF8440044B418 /* BookRestaurantResponseDTO.m */; };
		337A477D1B5FF8440044B418 /* BookRestDTO.m in Sources */ = {isa = PBXBuildFile; fileRef = 337A472D1B5FF8440044B418 /* BookRestDTO.m */; };
		337A477E1B5FF8440044B418 /* GetPassDTO.m in Sources */ = {isa = PBXBuildFile; fileRef = 337A472F1B5FF8440044B418 /* GetPassDTO.m */; };
		337A477F1B5FF8440044B418 /* GetPassRequestDTO.m in Sources */ = {isa = PBXBuildFile; fileRef = 337A47311B5FF8440044B418 /* GetPassRequestDTO.m */; };
		337A47801B5FF8440044B418 /* GetPassResponseDTO.m in Sources */ = {isa = PBXBuildFile; fileRef = 337A47331B5FF8440044B418 /* GetPassResponseDTO.m */; };
		337A47811B5FF8440044B418 /* GetRestaurantRequestDTO.m in Sources */ = {isa = PBXBuildFile; fileRef = 337A47351B5FF8440044B418 /* GetRestaurantRequestDTO.m */; };
		337A47821B5FF8440044B418 /* GetRestaurantResponseDTO.m in Sources */ = {isa = PBXBuildFile; fileRef = 337A47371B5FF8440044B418 /* GetRestaurantResponseDTO.m */; };
		337A47831B5FF8440044B418 /* GetRestaurantsDTO.m in Sources */ = {isa = PBXBuildFile; fileRef = 337A47391B5FF8440044B418 /* GetRestaurantsDTO.m */; };
		337A47841B5FF8440044B418 /* SignInDTO.m in Sources */ = {isa = PBXBuildFile; fileRef = 337A473B1B5FF8440044B418 /* SignInDTO.m */; };
		337A47851B5FF8440044B418 /* SignInRequestDTO.m in Sources */ = {isa = PBXBuildFile; fileRef = 337A473D1B5FF8440044B418 /* SignInRequestDTO.m */; };
		337A47861B5FF8440044B418 /* SignInResponseDTO.m in Sources */ = {isa = PBXBuildFile; fileRef = 337A473F1B5FF8440044B418 /* SignInResponseDTO.m */; };
		337A47871B5FF8440044B418 /* SignUpDTO.m in Sources */ = {isa = PBXBuildFile; fileRef = 337A47411B5FF8440044B418 /* SignUpDTO.m */; };
		337A47881B5FF8440044B418 /* SignUpRequestDTO.m in Sources */ = {isa = PBXBuildFile; fileRef = 337A47431B5FF8440044B418 /* SignUpRequestDTO.m */; };
		337A47891B5FF8440044B418 /* SignUpResponseDTO.m in Sources */ = {isa = PBXBuildFile; fileRef = 337A47451B5FF8440044B418 /* SignUpResponseDTO.m */; };
		33942DE21B52DE590001274D /* RecoverDTO.m in Sources */ = {isa = PBXBuildFile; fileRef = 33942DE11B52DE590001274D /* RecoverDTO.m */; };
		33942DE91B52EEA80001274D /* CustomAnnotation.m in Sources */ = {isa = PBXBuildFile; fileRef = 33942DE81B52EEA80001274D /* CustomAnnotation.m */; };
		33A25A921B580D4B00EDB160 /* Dosis-Bold.ttf in Resources */ = {isa = PBXBuildFile; fileRef = 331325881B556DB800CE5801 /* Dosis-Bold.ttf */; };
		33A25A931B580D4D00EDB160 /* Dosis-ExtraBold.ttf in Resources */ = {isa = PBXBuildFile; fileRef = 331325891B556DB800CE5801 /* Dosis-ExtraBold.ttf */; };
		33A25A941B580D5400EDB160 /* Dosis-Medium.ttf in Resources */ = {isa = PBXBuildFile; fileRef = 3313258C1B556DB800CE5801 /* Dosis-Medium.ttf */; };
		33A25A951B580D5400EDB160 /* Dosis-Regular.ttf in Resources */ = {isa = PBXBuildFile; fileRef = 3313258D1B556DB800CE5801 /* Dosis-Regular.ttf */; };
		33A25A961B580D5400EDB160 /* Dosis-SemiBold.ttf in Resources */ = {isa = PBXBuildFile; fileRef = 3313258E1B556DB800CE5801 /* Dosis-SemiBold.ttf */; };
		33C3033E1B4D78560058C9E3 /* LEMapController.m in Sources */ = {isa = PBXBuildFile; fileRef = 33C3033C1B4D78560058C9E3 /* LEMapController.m */; };
		33C3033F1B4D78560058C9E3 /* LEMapController.xib in Resources */ = {isa = PBXBuildFile; fileRef = 33C3033D1B4D78560058C9E3 /* LEMapController.xib */; };
		33C3034C1B4D812F0058C9E3 /* MapKit.framework in Frameworks */ = {isa = PBXBuildFile; fileRef = 33C3034B1B4D812F0058C9E3 /* MapKit.framework */; };
		33C303531B4D8B820058C9E3 /* CustomCell.m in Sources */ = {isa = PBXBuildFile; fileRef = 33C303511B4D8B820058C9E3 /* CustomCell.m */; };
		33C303541B4D8B820058C9E3 /* CustomCell.xib in Resources */ = {isa = PBXBuildFile; fileRef = 33C303521B4D8B820058C9E3 /* CustomCell.xib */; };
		33DEFA621B46E69400053B72 /* main.m in Sources */ = {isa = PBXBuildFile; fileRef = 33DEFA611B46E69400053B72 /* main.m */; };
		33DEFA651B46E69400053B72 /* AppDelegate.m in Sources */ = {isa = PBXBuildFile; fileRef = 33DEFA641B46E69400053B72 /* AppDelegate.m */; };
		33DEFA6B1B46E69400053B72 /* Main.storyboard in Resources */ = {isa = PBXBuildFile; fileRef = 33DEFA691B46E69400053B72 /* Main.storyboard */; };
		33DEFA6D1B46E69400053B72 /* Images.xcassets in Resources */ = {isa = PBXBuildFile; fileRef = 33DEFA6C1B46E69400053B72 /* Images.xcassets */; };
		33DEFA701B46E69400053B72 /* LaunchScreen.xib in Resources */ = {isa = PBXBuildFile; fileRef = 33DEFA6E1B46E69400053B72 /* LaunchScreen.xib */; };
		33DEFA7C1B46E69500053B72 /* LetsEatTests.m in Sources */ = {isa = PBXBuildFile; fileRef = 33DEFA7B1B46E69500053B72 /* LetsEatTests.m */; };
		33DEFA891B46E90400053B72 /* LEMainController.m in Sources */ = {isa = PBXBuildFile; fileRef = 33DEFA871B46E90400053B72 /* LEMainController.m */; };
		33DEFA8A1B46E90400053B72 /* LEMainController.xib in Resources */ = {isa = PBXBuildFile; fileRef = 33DEFA881B46E90400053B72 /* LEMainController.xib */; };
		33DEFA8E1B46EFB100053B72 /* LELoginController.m in Sources */ = {isa = PBXBuildFile; fileRef = 33DEFA8C1B46EFB100053B72 /* LELoginController.m */; };
		33DEFA8F1B46EFB100053B72 /* LELoginController.xib in Resources */ = {isa = PBXBuildFile; fileRef = 33DEFA8D1B46EFB100053B72 /* LELoginController.xib */; };
		33F275F11B4F208C00E45EB6 /* CustomSegue.m in Sources */ = {isa = PBXBuildFile; fileRef = 33F275F01B4F208C00E45EB6 /* CustomSegue.m */; };
		722E8782988FD7A7D2F01F4A /* libPods.a in Frameworks */ = {isa = PBXBuildFile; fileRef = FB559C7CF248DF51723F8172 /* libPods.a */; };
/* End PBXBuildFile section */

/* Begin PBXContainerItemProxy section */
		33DEFA761B46E69500053B72 /* PBXContainerItemProxy */ = {
			isa = PBXContainerItemProxy;
			containerPortal = 33DEFA541B46E69400053B72 /* Project object */;
			proxyType = 1;
			remoteGlobalIDString = 33DEFA5B1B46E69400053B72;
			remoteInfo = LetsEat;
		};
/* End PBXContainerItemProxy section */

/* Begin PBXFileReference section */
		17F90F6F848538FD278AB938 /* Pods.release.xcconfig */ = {isa = PBXFileReference; includeInIndex = 1; lastKnownFileType = text.xcconfig; name = Pods.release.xcconfig; path = "Pods/Target Support Files/Pods/Pods.release.xcconfig"; sourceTree = "<group>"; };
		1D25B64C1B579A5000A87A85 /* RestaurantDTO.h */ = {isa = PBXFileReference; fileEncoding = 4; lastKnownFileType = sourcecode.c.h; path = RestaurantDTO.h; sourceTree = "<group>"; };
		1D25B64D1B579A5000A87A85 /* RestaurantDTO.m */ = {isa = PBXFileReference; fileEncoding = 4; lastKnownFileType = sourcecode.c.objc; path = RestaurantDTO.m; sourceTree = "<group>"; };
		1D78429B1B4FCE710056A40D /* LEMenuListController.h */ = {isa = PBXFileReference; fileEncoding = 4; lastKnownFileType = sourcecode.c.h; path = LEMenuListController.h; sourceTree = "<group>"; };
		1D78429C1B4FCE710056A40D /* LEMenuListController.m */ = {isa = PBXFileReference; fileEncoding = 4; lastKnownFileType = sourcecode.c.objc; path = LEMenuListController.m; sourceTree = "<group>"; };
		1D78429D1B4FCE710056A40D /* LEMenuListController.xib */ = {isa = PBXFileReference; fileEncoding = 4; lastKnownFileType = file.xib; path = LEMenuListController.xib; sourceTree = "<group>"; };
		1D7842A11B4FE8E80056A40D /* LEDetailController.h */ = {isa = PBXFileReference; fileEncoding = 4; lastKnownFileType = sourcecode.c.h; path = LEDetailController.h; sourceTree = "<group>"; };
		1D7842A21B4FE8E80056A40D /* LEDetailController.m */ = {isa = PBXFileReference; fileEncoding = 4; lastKnownFileType = sourcecode.c.objc; path = LEDetailController.m; sourceTree = "<group>"; };
		1D7842A31B4FE8E80056A40D /* LEDetailController.xib */ = {isa = PBXFileReference; fileEncoding = 4; lastKnownFileType = file.xib; path = LEDetailController.xib; sourceTree = "<group>"; };
		1DEDD04B1B5FA71B00A19010 /* LEBookController.h */ = {isa = PBXFileReference; fileEncoding = 4; lastKnownFileType = sourcecode.c.h; path = LEBookController.h; sourceTree = "<group>"; };
		1DEDD04C1B5FA71B00A19010 /* LEBookController.m */ = {isa = PBXFileReference; fileEncoding = 4; lastKnownFileType = sourcecode.c.objc; path = LEBookController.m; sourceTree = "<group>"; };
		1DEDD04D1B5FA71B00A19010 /* LEBookController.xib */ = {isa = PBXFileReference; fileEncoding = 4; lastKnownFileType = file.xib; path = LEBookController.xib; sourceTree = "<group>"; };
		330D5B3D1B4B22DE006920C4 /* LERegisterController.h */ = {isa = PBXFileReference; fileEncoding = 4; lastKnownFileType = sourcecode.c.h; path = LERegisterController.h; sourceTree = "<group>"; };
		330D5B3E1B4B22DE006920C4 /* LERegisterController.m */ = {isa = PBXFileReference; fileEncoding = 4; lastKnownFileType = sourcecode.c.objc; path = LERegisterController.m; sourceTree = "<group>"; };
		330D5B3F1B4B22DE006920C4 /* LERegisterController.xib */ = {isa = PBXFileReference; fileEncoding = 4; lastKnownFileType = file.xib; path = LERegisterController.xib; sourceTree = "<group>"; };
		330D5B421B4B22EF006920C4 /* LERecoverController.h */ = {isa = PBXFileReference; fileEncoding = 4; lastKnownFileType = sourcecode.c.h; path = LERecoverController.h; sourceTree = "<group>"; };
		330D5B431B4B22EF006920C4 /* LERecoverController.m */ = {isa = PBXFileReference; fileEncoding = 4; lastKnownFileType = sourcecode.c.objc; path = LERecoverController.m; sourceTree = "<group>"; };
		330D5B441B4B22EF006920C4 /* LERecoverController.xib */ = {isa = PBXFileReference; fileEncoding = 4; lastKnownFileType = file.xib; path = LERecoverController.xib; sourceTree = "<group>"; };
		331325881B556DB800CE5801 /* Dosis-Bold.ttf */ = {isa = PBXFileReference; lastKnownFileType = file; path = "Dosis-Bold.ttf"; sourceTree = "<group>"; };
		331325891B556DB800CE5801 /* Dosis-ExtraBold.ttf */ = {isa = PBXFileReference; lastKnownFileType = file; path = "Dosis-ExtraBold.ttf"; sourceTree = "<group>"; };
		3313258A1B556DB800CE5801 /* Dosis-ExtraLight.ttf */ = {isa = PBXFileReference; lastKnownFileType = file; path = "Dosis-ExtraLight.ttf"; sourceTree = "<group>"; };
		3313258B1B556DB800CE5801 /* Dosis-Light.ttf */ = {isa = PBXFileReference; lastKnownFileType = file; path = "Dosis-Light.ttf"; sourceTree = "<group>"; };
		3313258C1B556DB800CE5801 /* Dosis-Medium.ttf */ = {isa = PBXFileReference; lastKnownFileType = file; path = "Dosis-Medium.ttf"; sourceTree = "<group>"; };
		3313258D1B556DB800CE5801 /* Dosis-Regular.ttf */ = {isa = PBXFileReference; lastKnownFileType = file; path = "Dosis-Regular.ttf"; sourceTree = "<group>"; };
		3313258E1B556DB800CE5801 /* Dosis-SemiBold.ttf */ = {isa = PBXFileReference; lastKnownFileType = file; path = "Dosis-SemiBold.ttf"; sourceTree = "<group>"; };
		3347E8DD1B4844DA00F9F754 /* UIColor+MyColor.h */ = {isa = PBXFileReference; fileEncoding = 4; lastKnownFileType = sourcecode.c.h; path = "UIColor+MyColor.h"; sourceTree = "<group>"; };
		3347E8DE1B4844DA00F9F754 /* UIColor+MyColor.m */ = {isa = PBXFileReference; fileEncoding = 4; lastKnownFileType = sourcecode.c.objc; path = "UIColor+MyColor.m"; sourceTree = "<group>"; };
		3347E8E01B48458800F9F754 /* es */ = {isa = PBXFileReference; lastKnownFileType = text.plist.strings; name = es; path = es.lproj/Main.strings; sourceTree = "<group>"; };
		3347E8E11B48458800F9F754 /* es */ = {isa = PBXFileReference; lastKnownFileType = text.plist.strings; name = es; path = es.lproj/LaunchScreen.strings; sourceTree = "<group>"; };
		33595E431B517B5B00254DE7 /* GenDefines.h */ = {isa = PBXFileReference; fileEncoding = 4; lastKnownFileType = sourcecode.c.h; path = GenDefines.h; sourceTree = "<group>"; };
		33595E441B517C8B00254DE7 /* LetsGoEat.xml */ = {isa = PBXFileReference; fileEncoding = 4; lastKnownFileType = text.xml; path = LetsGoEat.xml; sourceTree = "<group>"; };
		33595F2B1B51812E00254DE7 /* RegisterDTO.h */ = {isa = PBXFileReference; fileEncoding = 4; lastKnownFileType = sourcecode.c.h; path = RegisterDTO.h; sourceTree = "<group>"; };
		33595F2C1B51812E00254DE7 /* RegisterDTO.m */ = {isa = PBXFileReference; fileEncoding = 4; lastKnownFileType = sourcecode.c.objc; path = RegisterDTO.m; sourceTree = "<group>"; };
		33595F761B518FF900254DE7 /* SecondCustomSegue.h */ = {isa = PBXFileReference; fileEncoding = 4; lastKnownFileType = sourcecode.c.h; path = SecondCustomSegue.h; sourceTree = "<group>"; };
		33595F771B518FF900254DE7 /* SecondCustomSegue.m */ = {isa = PBXFileReference; fileEncoding = 4; lastKnownFileType = sourcecode.c.objc; path = SecondCustomSegue.m; sourceTree = "<group>"; };
		33595F791B51B6B400254DE7 /* LoginDTO.h */ = {isa = PBXFileReference; fileEncoding = 4; lastKnownFileType = sourcecode.c.h; path = LoginDTO.h; sourceTree = "<group>"; };
		33595F7A1B51B6B400254DE7 /* LoginDTO.m */ = {isa = PBXFileReference; fileEncoding = 4; lastKnownFileType = sourcecode.c.objc; path = LoginDTO.m; sourceTree = "<group>"; };
		337A46B51B5FF8440044B418 /* BaseLogic.h */ = {isa = PBXFileReference; fileEncoding = 4; lastKnownFileType = sourcecode.c.h; path = BaseLogic.h; sourceTree = "<group>"; };
		337A46B61B5FF8440044B418 /* BaseLogic.m */ = {isa = PBXFileReference; fileEncoding = 4; lastKnownFileType = sourcecode.c.objc; path = BaseLogic.m; sourceTree = "<group>"; };
		337A46B71B5FF8440044B418 /* LogicFilter.h */ = {isa = PBXFileReference; fileEncoding = 4; lastKnownFileType = sourcecode.c.h; path = LogicFilter.h; sourceTree = "<group>"; };
		337A46B81B5FF8440044B418 /* LogicFilter.m */ = {isa = PBXFileReference; fileEncoding = 4; lastKnownFileType = sourcecode.c.objc; path = LogicFilter.m; sourceTree = "<group>"; };
		337A46BA1B5FF8440044B418 /* Cache.h */ = {isa = PBXFileReference; fileEncoding = 4; lastKnownFileType = sourcecode.c.h; path = Cache.h; sourceTree = "<group>"; };
		337A46BB1B5FF8440044B418 /* DummyCache.h */ = {isa = PBXFileReference; fileEncoding = 4; lastKnownFileType = sourcecode.c.h; path = DummyCache.h; sourceTree = "<group>"; };
		337A46BC1B5FF8440044B418 /* DummyCache.m */ = {isa = PBXFileReference; fileEncoding = 4; lastKnownFileType = sourcecode.c.objc; path = DummyCache.m; sourceTree = "<group>"; };
		337A46BD1B5FF8440044B418 /* LimitedAgeMemoryCache.h */ = {isa = PBXFileReference; fileEncoding = 4; lastKnownFileType = sourcecode.c.h; path = LimitedAgeMemoryCache.h; sourceTree = "<group>"; };
		337A46BE1B5FF8440044B418 /* LimitedAgeMemoryCache.m */ = {isa = PBXFileReference; fileEncoding = 4; lastKnownFileType = sourcecode.c.objc; path = LimitedAgeMemoryCache.m; sourceTree = "<group>"; };
		337A46BF1B5FF8440044B418 /* LimitedAgeUnlimitedDiskCache.h */ = {isa = PBXFileReference; fileEncoding = 4; lastKnownFileType = sourcecode.c.h; path = LimitedAgeUnlimitedDiskCache.h; sourceTree = "<group>"; };
		337A46C01B5FF8440044B418 /* LimitedAgeUnlimitedDiskCache.m */ = {isa = PBXFileReference; fileEncoding = 4; lastKnownFileType = sourcecode.c.objc; path = LimitedAgeUnlimitedDiskCache.m; sourceTree = "<group>"; };
		337A46C11B5FF8440044B418 /* UnlimitedDiskCache.h */ = {isa = PBXFileReference; fileEncoding = 4; lastKnownFileType = sourcecode.c.h; path = UnlimitedDiskCache.h; sourceTree = "<group>"; };
		337A46C21B5FF8440044B418 /* UnlimitedDiskCache.m */ = {isa = PBXFileReference; fileEncoding = 4; lastKnownFileType = sourcecode.c.objc; path = UnlimitedDiskCache.m; sourceTree = "<group>"; };
		337A46C31B5FF8440044B418 /* UnlimitedMemoryCache.h */ = {isa = PBXFileReference; fileEncoding = 4; lastKnownFileType = sourcecode.c.h; path = UnlimitedMemoryCache.h; sourceTree = "<group>"; };
		337A46C41B5FF8440044B418 /* UnlimitedMemoryCache.m */ = {isa = PBXFileReference; fileEncoding = 4; lastKnownFileType = sourcecode.c.objc; path = UnlimitedMemoryCache.m; sourceTree = "<group>"; };
		337A46C71B5FF8440044B418 /* BaseBookRestaurantLogic.h */ = {isa = PBXFileReference; fileEncoding = 4; lastKnownFileType = sourcecode.c.h; path = BaseBookRestaurantLogic.h; sourceTree = "<group>"; };
		337A46C81B5FF8440044B418 /* BaseBookRestaurantLogic.m */ = {isa = PBXFileReference; fileEncoding = 4; lastKnownFileType = sourcecode.c.objc; path = BaseBookRestaurantLogic.m; sourceTree = "<group>"; };
		337A46C91B5FF8440044B418 /* BaseGetPassLogic.h */ = {isa = PBXFileReference; fileEncoding = 4; lastKnownFileType = sourcecode.c.h; path = BaseGetPassLogic.h; sourceTree = "<group>"; };
		337A46CA1B5FF8440044B418 /* BaseGetPassLogic.m */ = {isa = PBXFileReference; fileEncoding = 4; lastKnownFileType = sourcecode.c.objc; path = BaseGetPassLogic.m; sourceTree = "<group>"; };
		337A46CB1B5FF8440044B418 /* BaseGetRestaurantLogic.h */ = {isa = PBXFileReference; fileEncoding = 4; lastKnownFileType = sourcecode.c.h; path = BaseGetRestaurantLogic.h; sourceTree = "<group>"; };
		337A46CC1B5FF8440044B418 /* BaseGetRestaurantLogic.m */ = {isa = PBXFileReference; fileEncoding = 4; lastKnownFileType = sourcecode.c.objc; path = BaseGetRestaurantLogic.m; sourceTree = "<group>"; };
		337A46CD1B5FF8440044B418 /* BaseSignInLogic.h */ = {isa = PBXFileReference; fileEncoding = 4; lastKnownFileType = sourcecode.c.h; path = BaseSignInLogic.h; sourceTree = "<group>"; };
		337A46CE1B5FF8440044B418 /* BaseSignInLogic.m */ = {isa = PBXFileReference; fileEncoding = 4; lastKnownFileType = sourcecode.c.objc; path = BaseSignInLogic.m; sourceTree = "<group>"; };
		337A46CF1B5FF8440044B418 /* BaseSignUpLogic.h */ = {isa = PBXFileReference; fileEncoding = 4; lastKnownFileType = sourcecode.c.h; path = BaseSignUpLogic.h; sourceTree = "<group>"; };
		337A46D01B5FF8440044B418 /* BaseSignUpLogic.m */ = {isa = PBXFileReference; fileEncoding = 4; lastKnownFileType = sourcecode.c.objc; path = BaseSignUpLogic.m; sourceTree = "<group>"; };
		337A46D11B5FF8440044B418 /* BookRestaurantLogic.h */ = {isa = PBXFileReference; fileEncoding = 4; lastKnownFileType = sourcecode.c.h; path = BookRestaurantLogic.h; sourceTree = "<group>"; };
		337A46D21B5FF8440044B418 /* BookRestaurantLogic.m */ = {isa = PBXFileReference; fileEncoding = 4; lastKnownFileType = sourcecode.c.objc; path = BookRestaurantLogic.m; sourceTree = "<group>"; };
		337A46D31B5FF8440044B418 /* GetPassLogic.h */ = {isa = PBXFileReference; fileEncoding = 4; lastKnownFileType = sourcecode.c.h; path = GetPassLogic.h; sourceTree = "<group>"; };
		337A46D41B5FF8440044B418 /* GetPassLogic.m */ = {isa = PBXFileReference; fileEncoding = 4; lastKnownFileType = sourcecode.c.objc; path = GetPassLogic.m; sourceTree = "<group>"; };
		337A46D51B5FF8440044B418 /* GetRestaurantLogic.h */ = {isa = PBXFileReference; fileEncoding = 4; lastKnownFileType = sourcecode.c.h; path = GetRestaurantLogic.h; sourceTree = "<group>"; };
		337A46D61B5FF8440044B418 /* GetRestaurantLogic.m */ = {isa = PBXFileReference; fileEncoding = 4; lastKnownFileType = sourcecode.c.objc; path = GetRestaurantLogic.m; sourceTree = "<group>"; };
		337A46D71B5FF8440044B418 /* LetsGoEatHelper.h */ = {isa = PBXFileReference; fileEncoding = 4; lastKnownFileType = sourcecode.c.h; path = LetsGoEatHelper.h; sourceTree = "<group>"; };
		337A46D81B5FF8440044B418 /* LetsGoEatHelper.m */ = {isa = PBXFileReference; fileEncoding = 4; lastKnownFileType = sourcecode.c.objc; path = LetsGoEatHelper.m; sourceTree = "<group>"; };
		337A46D91B5FF8440044B418 /* SignInLogic.h */ = {isa = PBXFileReference; fileEncoding = 4; lastKnownFileType = sourcecode.c.h; path = SignInLogic.h; sourceTree = "<group>"; };
		337A46DA1B5FF8440044B418 /* SignInLogic.m */ = {isa = PBXFileReference; fileEncoding = 4; lastKnownFileType = sourcecode.c.objc; path = SignInLogic.m; sourceTree = "<group>"; };
		337A46DB1B5FF8440044B418 /* SignUpLogic.h */ = {isa = PBXFileReference; fileEncoding = 4; lastKnownFileType = sourcecode.c.h; path = SignUpLogic.h; sourceTree = "<group>"; };
		337A46DC1B5FF8440044B418 /* SignUpLogic.m */ = {isa = PBXFileReference; fileEncoding = 4; lastKnownFileType = sourcecode.c.objc; path = SignUpLogic.m; sourceTree = "<group>"; };
		337A46DE1B5FF8440044B418 /* BookRestaurantActionTask.h */ = {isa = PBXFileReference; fileEncoding = 4; lastKnownFileType = sourcecode.c.h; path = BookRestaurantActionTask.h; sourceTree = "<group>"; };
		337A46DF1B5FF8440044B418 /* BookRestaurantActionTask.m */ = {isa = PBXFileReference; fileEncoding = 4; lastKnownFileType = sourcecode.c.objc; path = BookRestaurantActionTask.m; sourceTree = "<group>"; };
		337A46E01B5FF8440044B418 /* GetPassActionTask.h */ = {isa = PBXFileReference; fileEncoding = 4; lastKnownFileType = sourcecode.c.h; path = GetPassActionTask.h; sourceTree = "<group>"; };
		337A46E11B5FF8440044B418 /* GetPassActionTask.m */ = {isa = PBXFileReference; fileEncoding = 4; lastKnownFileType = sourcecode.c.objc; path = GetPassActionTask.m; sourceTree = "<group>"; };
		337A46E21B5FF8440044B418 /* GetRestaurantActionTask.h */ = {isa = PBXFileReference; fileEncoding = 4; lastKnownFileType = sourcecode.c.h; path = GetRestaurantActionTask.h; sourceTree = "<group>"; };
		337A46E31B5FF8440044B418 /* GetRestaurantActionTask.m */ = {isa = PBXFileReference; fileEncoding = 4; lastKnownFileType = sourcecode.c.objc; path = GetRestaurantActionTask.m; sourceTree = "<group>"; };
		337A46E41B5FF8440044B418 /* SignInActionTask.h */ = {isa = PBXFileReference; fileEncoding = 4; lastKnownFileType = sourcecode.c.h; path = SignInActionTask.h; sourceTree = "<group>"; };
		337A46E51B5FF8440044B418 /* SignInActionTask.m */ = {isa = PBXFileReference; fileEncoding = 4; lastKnownFileType = sourcecode.c.objc; path = SignInActionTask.m; sourceTree = "<group>"; };
		337A46E61B5FF8440044B418 /* SignUpActionTask.h */ = {isa = PBXFileReference; fileEncoding = 4; lastKnownFileType = sourcecode.c.h; path = SignUpActionTask.h; sourceTree = "<group>"; };
		337A46E71B5FF8440044B418 /* SignUpActionTask.m */ = {isa = PBXFileReference; fileEncoding = 4; lastKnownFileType = sourcecode.c.objc; path = SignUpActionTask.m; sourceTree = "<group>"; };
		337A46EA1B5FF8440044B418 /* BookRestaurantRequestDAO.h */ = {isa = PBXFileReference; fileEncoding = 4; lastKnownFileType = sourcecode.c.h; path = BookRestaurantRequestDAO.h; sourceTree = "<group>"; };
		337A46EB1B5FF8440044B418 /* BookRestaurantRequestDAO.m */ = {isa = PBXFileReference; fileEncoding = 4; lastKnownFileType = sourcecode.c.objc; path = BookRestaurantRequestDAO.m; sourceTree = "<group>"; };
		337A46EC1B5FF8440044B418 /* BookRestaurantResponseDAO.h */ = {isa = PBXFileReference; fileEncoding = 4; lastKnownFileType = sourcecode.c.h; path = BookRestaurantResponseDAO.h; sourceTree = "<group>"; };
		337A46ED1B5FF8440044B418 /* BookRestaurantResponseDAO.m */ = {isa = PBXFileReference; fileEncoding = 4; lastKnownFileType = sourcecode.c.objc; path = BookRestaurantResponseDAO.m; sourceTree = "<group>"; };
		337A46EE1B5FF8440044B418 /* BookRestDAO.h */ = {isa = PBXFileReference; fileEncoding = 4; lastKnownFileType = sourcecode.c.h; path = BookRestDAO.h; sourceTree = "<group>"; };
		337A46EF1B5FF8440044B418 /* BookRestDAO.m */ = {isa = PBXFileReference; fileEncoding = 4; lastKnownFileType = sourcecode.c.objc; path = BookRestDAO.m; sourceTree = "<group>"; };
		337A46F01B5FF8440044B418 /* GetPassDAO.h */ = {isa = PBXFileReference; fileEncoding = 4; lastKnownFileType = sourcecode.c.h; path = GetPassDAO.h; sourceTree = "<group>"; };
		337A46F11B5FF8440044B418 /* GetPassDAO.m */ = {isa = PBXFileReference; fileEncoding = 4; lastKnownFileType = sourcecode.c.objc; path = GetPassDAO.m; sourceTree = "<group>"; };
		337A46F21B5FF8440044B418 /* GetPassRequestDAO.h */ = {isa = PBXFileReference; fileEncoding = 4; lastKnownFileType = sourcecode.c.h; path = GetPassRequestDAO.h; sourceTree = "<group>"; };
		337A46F31B5FF8440044B418 /* GetPassRequestDAO.m */ = {isa = PBXFileReference; fileEncoding = 4; lastKnownFileType = sourcecode.c.objc; path = GetPassRequestDAO.m; sourceTree = "<group>"; };
		337A46F41B5FF8440044B418 /* GetPassResponseDAO.h */ = {isa = PBXFileReference; fileEncoding = 4; lastKnownFileType = sourcecode.c.h; path = GetPassResponseDAO.h; sourceTree = "<group>"; };
		337A46F51B5FF8440044B418 /* GetPassResponseDAO.m */ = {isa = PBXFileReference; fileEncoding = 4; lastKnownFileType = sourcecode.c.objc; path = GetPassResponseDAO.m; sourceTree = "<group>"; };
		337A46F61B5FF8440044B418 /* GetRestaurantRequestDAO.h */ = {isa = PBXFileReference; fileEncoding = 4; lastKnownFileType = sourcecode.c.h; path = GetRestaurantRequestDAO.h; sourceTree = "<group>"; };
		337A46F71B5FF8440044B418 /* GetRestaurantRequestDAO.m */ = {isa = PBXFileReference; fileEncoding = 4; lastKnownFileType = sourcecode.c.objc; path = GetRestaurantRequestDAO.m; sourceTree = "<group>"; };
		337A46F81B5FF8440044B418 /* GetRestaurantResponseDAO.h */ = {isa = PBXFileReference; fileEncoding = 4; lastKnownFileType = sourcecode.c.h; path = GetRestaurantResponseDAO.h; sourceTree = "<group>"; };
		337A46F91B5FF8440044B418 /* GetRestaurantResponseDAO.m */ = {isa = PBXFileReference; fileEncoding = 4; lastKnownFileType = sourcecode.c.objc; path = GetRestaurantResponseDAO.m; sourceTree = "<group>"; };
		337A46FA1B5FF8440044B418 /* GetRestaurantsDAO.h */ = {isa = PBXFileReference; fileEncoding = 4; lastKnownFileType = sourcecode.c.h; path = GetRestaurantsDAO.h; sourceTree = "<group>"; };
		337A46FB1B5FF8440044B418 /* GetRestaurantsDAO.m */ = {isa = PBXFileReference; fileEncoding = 4; lastKnownFileType = sourcecode.c.objc; path = GetRestaurantsDAO.m; sourceTree = "<group>"; };
		337A46FC1B5FF8440044B418 /* SignInDAO.h */ = {isa = PBXFileReference; fileEncoding = 4; lastKnownFileType = sourcecode.c.h; path = SignInDAO.h; sourceTree = "<group>"; };
		337A46FD1B5FF8440044B418 /* SignInDAO.m */ = {isa = PBXFileReference; fileEncoding = 4; lastKnownFileType = sourcecode.c.objc; path = SignInDAO.m; sourceTree = "<group>"; };
		337A46FE1B5FF8440044B418 /* SignInRequestDAO.h */ = {isa = PBXFileReference; fileEncoding = 4; lastKnownFileType = sourcecode.c.h; path = SignInRequestDAO.h; sourceTree = "<group>"; };
		337A46FF1B5FF8440044B418 /* SignInRequestDAO.m */ = {isa = PBXFileReference; fileEncoding = 4; lastKnownFileType = sourcecode.c.objc; path = SignInRequestDAO.m; sourceTree = "<group>"; };
		337A47001B5FF8440044B418 /* SignInResponseDAO.h */ = {isa = PBXFileReference; fileEncoding = 4; lastKnownFileType = sourcecode.c.h; path = SignInResponseDAO.h; sourceTree = "<group>"; };
		337A47011B5FF8440044B418 /* SignInResponseDAO.m */ = {isa = PBXFileReference; fileEncoding = 4; lastKnownFileType = sourcecode.c.objc; path = SignInResponseDAO.m; sourceTree = "<group>"; };
		337A47021B5FF8440044B418 /* SignUpDAO.h */ = {isa = PBXFileReference; fileEncoding = 4; lastKnownFileType = sourcecode.c.h; path = SignUpDAO.h; sourceTree = "<group>"; };
		337A47031B5FF8440044B418 /* SignUpDAO.m */ = {isa = PBXFileReference; fileEncoding = 4; lastKnownFileType = sourcecode.c.objc; path = SignUpDAO.m; sourceTree = "<group>"; };
		337A47041B5FF8440044B418 /* SignUpRequestDAO.h */ = {isa = PBXFileReference; fileEncoding = 4; lastKnownFileType = sourcecode.c.h; path = SignUpRequestDAO.h; sourceTree = "<group>"; };
		337A47051B5FF8440044B418 /* SignUpRequestDAO.m */ = {isa = PBXFileReference; fileEncoding = 4; lastKnownFileType = sourcecode.c.objc; path = SignUpRequestDAO.m; sourceTree = "<group>"; };
		337A47061B5FF8440044B418 /* SignUpResponseDAO.h */ = {isa = PBXFileReference; fileEncoding = 4; lastKnownFileType = sourcecode.c.h; path = SignUpResponseDAO.h; sourceTree = "<group>"; };
		337A47071B5FF8440044B418 /* SignUpResponseDAO.m */ = {isa = PBXFileReference; fileEncoding = 4; lastKnownFileType = sourcecode.c.objc; path = SignUpResponseDAO.m; sourceTree = "<group>"; };
		337A470A1B5FF8440044B418 /* BaseBookRestaurantRequestDTO.h */ = {isa = PBXFileReference; fileEncoding = 4; lastKnownFileType = sourcecode.c.h; path = BaseBookRestaurantRequestDTO.h; sourceTree = "<group>"; };
		337A470B1B5FF8440044B418 /* BaseBookRestaurantRequestDTO.m */ = {isa = PBXFileReference; fileEncoding = 4; lastKnownFileType = sourcecode.c.objc; path = BaseBookRestaurantRequestDTO.m; sourceTree = "<group>"; };
		337A470C1B5FF8440044B418 /* BaseBookRestaurantResponseDTO.h */ = {isa = PBXFileReference; fileEncoding = 4; lastKnownFileType = sourcecode.c.h; path = BaseBookRestaurantResponseDTO.h; sourceTree = "<group>"; };
		337A470D1B5FF8440044B418 /* BaseBookRestaurantResponseDTO.m */ = {isa = PBXFileReference; fileEncoding = 4; lastKnownFileType = sourcecode.c.objc; path = BaseBookRestaurantResponseDTO.m; sourceTree = "<group>"; };
		337A470E1B5FF8440044B418 /* BaseBookRestDTO.h */ = {isa = PBXFileReference; fileEncoding = 4; lastKnownFileType = sourcecode.c.h; path = BaseBookRestDTO.h; sourceTree = "<group>"; };
		337A470F1B5FF8440044B418 /* BaseBookRestDTO.m */ = {isa = PBXFileReference; fileEncoding = 4; lastKnownFileType = sourcecode.c.objc; path = BaseBookRestDTO.m; sourceTree = "<group>"; };
		337A47101B5FF8440044B418 /* BaseGetPassDTO.h */ = {isa = PBXFileReference; fileEncoding = 4; lastKnownFileType = sourcecode.c.h; path = BaseGetPassDTO.h; sourceTree = "<group>"; };
		337A47111B5FF8440044B418 /* BaseGetPassDTO.m */ = {isa = PBXFileReference; fileEncoding = 4; lastKnownFileType = sourcecode.c.objc; path = BaseGetPassDTO.m; sourceTree = "<group>"; };
		337A47121B5FF8440044B418 /* BaseGetPassRequestDTO.h */ = {isa = PBXFileReference; fileEncoding = 4; lastKnownFileType = sourcecode.c.h; path = BaseGetPassRequestDTO.h; sourceTree = "<group>"; };
		337A47131B5FF8440044B418 /* BaseGetPassRequestDTO.m */ = {isa = PBXFileReference; fileEncoding = 4; lastKnownFileType = sourcecode.c.objc; path = BaseGetPassRequestDTO.m; sourceTree = "<group>"; };
		337A47141B5FF8440044B418 /* BaseGetPassResponseDTO.h */ = {isa = PBXFileReference; fileEncoding = 4; lastKnownFileType = sourcecode.c.h; path = BaseGetPassResponseDTO.h; sourceTree = "<group>"; };
		337A47151B5FF8440044B418 /* BaseGetPassResponseDTO.m */ = {isa = PBXFileReference; fileEncoding = 4; lastKnownFileType = sourcecode.c.objc; path = BaseGetPassResponseDTO.m; sourceTree = "<group>"; };
		337A47161B5FF8440044B418 /* BaseGetRestaurantRequestDTO.h */ = {isa = PBXFileReference; fileEncoding = 4; lastKnownFileType = sourcecode.c.h; path = BaseGetRestaurantRequestDTO.h; sourceTree = "<group>"; };
		337A47171B5FF8440044B418 /* BaseGetRestaurantRequestDTO.m */ = {isa = PBXFileReference; fileEncoding = 4; lastKnownFileType = sourcecode.c.objc; path = BaseGetRestaurantRequestDTO.m; sourceTree = "<group>"; };
		337A47181B5FF8440044B418 /* BaseGetRestaurantResponseDTO.h */ = {isa = PBXFileReference; fileEncoding = 4; lastKnownFileType = sourcecode.c.h; path = BaseGetRestaurantResponseDTO.h; sourceTree = "<group>"; };
		337A47191B5FF8440044B418 /* BaseGetRestaurantResponseDTO.m */ = {isa = PBXFileReference; fileEncoding = 4; lastKnownFileType = sourcecode.c.objc; path = BaseGetRestaurantResponseDTO.m; sourceTree = "<group>"; };
		337A471A1B5FF8440044B418 /* BaseGetRestaurantsDTO.h */ = {isa = PBXFileReference; fileEncoding = 4; lastKnownFileType = sourcecode.c.h; path = BaseGetRestaurantsDTO.h; sourceTree = "<group>"; };
		337A471B1B5FF8440044B418 /* BaseGetRestaurantsDTO.m */ = {isa = PBXFileReference; fileEncoding = 4; lastKnownFileType = sourcecode.c.objc; path = BaseGetRestaurantsDTO.m; sourceTree = "<group>"; };
		337A471C1B5FF8440044B418 /* BaseSignInDTO.h */ = {isa = PBXFileReference; fileEncoding = 4; lastKnownFileType = sourcecode.c.h; path = BaseSignInDTO.h; sourceTree = "<group>"; };
		337A471D1B5FF8440044B418 /* BaseSignInDTO.m */ = {isa = PBXFileReference; fileEncoding = 4; lastKnownFileType = sourcecode.c.objc; path = BaseSignInDTO.m; sourceTree = "<group>"; };
		337A471E1B5FF8440044B418 /* BaseSignInRequestDTO.h */ = {isa = PBXFileReference; fileEncoding = 4; lastKnownFileType = sourcecode.c.h; path = BaseSignInRequestDTO.h; sourceTree = "<group>"; };
		337A471F1B5FF8440044B418 /* BaseSignInRequestDTO.m */ = {isa = PBXFileReference; fileEncoding = 4; lastKnownFileType = sourcecode.c.objc; path = BaseSignInRequestDTO.m; sourceTree = "<group>"; };
		337A47201B5FF8440044B418 /* BaseSignInResponseDTO.h */ = {isa = PBXFileReference; fileEncoding = 4; lastKnownFileType = sourcecode.c.h; path = BaseSignInResponseDTO.h; sourceTree = "<group>"; };
		337A47211B5FF8440044B418 /* BaseSignInResponseDTO.m */ = {isa = PBXFileReference; fileEncoding = 4; lastKnownFileType = sourcecode.c.objc; path = BaseSignInResponseDTO.m; sourceTree = "<group>"; };
		337A47221B5FF8440044B418 /* BaseSignUpDTO.h */ = {isa = PBXFileReference; fileEncoding = 4; lastKnownFileType = sourcecode.c.h; path = BaseSignUpDTO.h; sourceTree = "<group>"; };
		337A47231B5FF8440044B418 /* BaseSignUpDTO.m */ = {isa = PBXFileReference; fileEncoding = 4; lastKnownFileType = sourcecode.c.objc; path = BaseSignUpDTO.m; sourceTree = "<group>"; };
		337A47241B5FF8440044B418 /* BaseSignUpRequestDTO.h */ = {isa = PBXFileReference; fileEncoding = 4; lastKnownFileType = sourcecode.c.h; path = BaseSignUpRequestDTO.h; sourceTree = "<group>"; };
		337A47251B5FF8440044B418 /* BaseSignUpRequestDTO.m */ = {isa = PBXFileReference; fileEncoding = 4; lastKnownFileType = sourcecode.c.objc; path = BaseSignUpRequestDTO.m; sourceTree = "<group>"; };
		337A47261B5FF8440044B418 /* BaseSignUpResponseDTO.h */ = {isa = PBXFileReference; fileEncoding = 4; lastKnownFileType = sourcecode.c.h; path = BaseSignUpResponseDTO.h; sourceTree = "<group>"; };
		337A47271B5FF8440044B418 /* BaseSignUpResponseDTO.m */ = {isa = PBXFileReference; fileEncoding = 4; lastKnownFileType = sourcecode.c.objc; path = BaseSignUpResponseDTO.m; sourceTree = "<group>"; };
		337A47281B5FF8440044B418 /* BookRestaurantRequestDTO.h */ = {isa = PBXFileReference; fileEncoding = 4; lastKnownFileType = sourcecode.c.h; path = BookRestaurantRequestDTO.h; sourceTree = "<group>"; };
		337A47291B5FF8440044B418 /* BookRestaurantRequestDTO.m */ = {isa = PBXFileReference; fileEncoding = 4; lastKnownFileType = sourcecode.c.objc; path = BookRestaurantRequestDTO.m; sourceTree = "<group>"; };
		337A472A1B5FF8440044B418 /* BookRestaurantResponseDTO.h */ = {isa = PBXFileReference; fileEncoding = 4; lastKnownFileType = sourcecode.c.h; path = BookRestaurantResponseDTO.h; sourceTree = "<group>"; };
		337A472B1B5FF8440044B418 /* BookRestaurantResponseDTO.m */ = {isa = PBXFileReference; fileEncoding = 4; lastKnownFileType = sourcecode.c.objc; path = BookRestaurantResponseDTO.m; sourceTree = "<group>"; };
		337A472C1B5FF8440044B418 /* BookRestDTO.h */ = {isa = PBXFileReference; fileEncoding = 4; lastKnownFileType = sourcecode.c.h; path = BookRestDTO.h; sourceTree = "<group>"; };
		337A472D1B5FF8440044B418 /* BookRestDTO.m */ = {isa = PBXFileReference; fileEncoding = 4; lastKnownFileType = sourcecode.c.objc; path = BookRestDTO.m; sourceTree = "<group>"; };
		337A472E1B5FF8440044B418 /* GetPassDTO.h */ = {isa = PBXFileReference; fileEncoding = 4; lastKnownFileType = sourcecode.c.h; path = GetPassDTO.h; sourceTree = "<group>"; };
		337A472F1B5FF8440044B418 /* GetPassDTO.m */ = {isa = PBXFileReference; fileEncoding = 4; lastKnownFileType = sourcecode.c.objc; path = GetPassDTO.m; sourceTree = "<group>"; };
		337A47301B5FF8440044B418 /* GetPassRequestDTO.h */ = {isa = PBXFileReference; fileEncoding = 4; lastKnownFileType = sourcecode.c.h; path = GetPassRequestDTO.h; sourceTree = "<group>"; };
		337A47311B5FF8440044B418 /* GetPassRequestDTO.m */ = {isa = PBXFileReference; fileEncoding = 4; lastKnownFileType = sourcecode.c.objc; path = GetPassRequestDTO.m; sourceTree = "<group>"; };
		337A47321B5FF8440044B418 /* GetPassResponseDTO.h */ = {isa = PBXFileReference; fileEncoding = 4; lastKnownFileType = sourcecode.c.h; path = GetPassResponseDTO.h; sourceTree = "<group>"; };
		337A47331B5FF8440044B418 /* GetPassResponseDTO.m */ = {isa = PBXFileReference; fileEncoding = 4; lastKnownFileType = sourcecode.c.objc; path = GetPassResponseDTO.m; sourceTree = "<group>"; };
		337A47341B5FF8440044B418 /* GetRestaurantRequestDTO.h */ = {isa = PBXFileReference; fileEncoding = 4; lastKnownFileType = sourcecode.c.h; path = GetRestaurantRequestDTO.h; sourceTree = "<group>"; };
		337A47351B5FF8440044B418 /* GetRestaurantRequestDTO.m */ = {isa = PBXFileReference; fileEncoding = 4; lastKnownFileType = sourcecode.c.objc; path = GetRestaurantRequestDTO.m; sourceTree = "<group>"; };
		337A47361B5FF8440044B418 /* GetRestaurantResponseDTO.h */ = {isa = PBXFileReference; fileEncoding = 4; lastKnownFileType = sourcecode.c.h; path = GetRestaurantResponseDTO.h; sourceTree = "<group>"; };
		337A47371B5FF8440044B418 /* GetRestaurantResponseDTO.m */ = {isa = PBXFileReference; fileEncoding = 4; lastKnownFileType = sourcecode.c.objc; path = GetRestaurantResponseDTO.m; sourceTree = "<group>"; };
		337A47381B5FF8440044B418 /* GetRestaurantsDTO.h */ = {isa = PBXFileReference; fileEncoding = 4; lastKnownFileType = sourcecode.c.h; path = GetRestaurantsDTO.h; sourceTree = "<group>"; };
		337A47391B5FF8440044B418 /* GetRestaurantsDTO.m */ = {isa = PBXFileReference; fileEncoding = 4; lastKnownFileType = sourcecode.c.objc; path = GetRestaurantsDTO.m; sourceTree = "<group>"; };
		337A473A1B5FF8440044B418 /* SignInDTO.h */ = {isa = PBXFileReference; fileEncoding = 4; lastKnownFileType = sourcecode.c.h; path = SignInDTO.h; sourceTree = "<group>"; };
		337A473B1B5FF8440044B418 /* SignInDTO.m */ = {isa = PBXFileReference; fileEncoding = 4; lastKnownFileType = sourcecode.c.objc; path = SignInDTO.m; sourceTree = "<group>"; };
		337A473C1B5FF8440044B418 /* SignInRequestDTO.h */ = {isa = PBXFileReference; fileEncoding = 4; lastKnownFileType = sourcecode.c.h; path = SignInRequestDTO.h; sourceTree = "<group>"; };
		337A473D1B5FF8440044B418 /* SignInRequestDTO.m */ = {isa = PBXFileReference; fileEncoding = 4; lastKnownFileType = sourcecode.c.objc; path = SignInRequestDTO.m; sourceTree = "<group>"; };
		337A473E1B5FF8440044B418 /* SignInResponseDTO.h */ = {isa = PBXFileReference; fileEncoding = 4; lastKnownFileType = sourcecode.c.h; path = SignInResponseDTO.h; sourceTree = "<group>"; };
		337A473F1B5FF8440044B418 /* SignInResponseDTO.m */ = {isa = PBXFileReference; fileEncoding = 4; lastKnownFileType = sourcecode.c.objc; path = SignInResponseDTO.m; sourceTree = "<group>"; };
		337A47401B5FF8440044B418 /* SignUpDTO.h */ = {isa = PBXFileReference; fileEncoding = 4; lastKnownFileType = sourcecode.c.h; path = SignUpDTO.h; sourceTree = "<group>"; };
		337A47411B5FF8440044B418 /* SignUpDTO.m */ = {isa = PBXFileReference; fileEncoding = 4; lastKnownFileType = sourcecode.c.objc; path = SignUpDTO.m; sourceTree = "<group>"; };
		337A47421B5FF8440044B418 /* SignUpRequestDTO.h */ = {isa = PBXFileReference; fileEncoding = 4; lastKnownFileType = sourcecode.c.h; path = SignUpRequestDTO.h; sourceTree = "<group>"; };
		337A47431B5FF8440044B418 /* SignUpRequestDTO.m */ = {isa = PBXFileReference; fileEncoding = 4; lastKnownFileType = sourcecode.c.objc; path = SignUpRequestDTO.m; sourceTree = "<group>"; };
		337A47441B5FF8440044B418 /* SignUpResponseDTO.h */ = {isa = PBXFileReference; fileEncoding = 4; lastKnownFileType = sourcecode.c.h; path = SignUpResponseDTO.h; sourceTree = "<group>"; };
		337A47451B5FF8440044B418 /* SignUpResponseDTO.m */ = {isa = PBXFileReference; fileEncoding = 4; lastKnownFileType = sourcecode.c.objc; path = SignUpResponseDTO.m; sourceTree = "<group>"; };
		33942DE01B52DE590001274D /* RecoverDTO.h */ = {isa = PBXFileReference; fileEncoding = 4; lastKnownFileType = sourcecode.c.h; path = RecoverDTO.h; sourceTree = "<group>"; };
		33942DE11B52DE590001274D /* RecoverDTO.m */ = {isa = PBXFileReference; fileEncoding = 4; lastKnownFileType = sourcecode.c.objc; path = RecoverDTO.m; sourceTree = "<group>"; };
		33942DE71B52EEA80001274D /* CustomAnnotation.h */ = {isa = PBXFileReference; fileEncoding = 4; lastKnownFileType = sourcecode.c.h; path = CustomAnnotation.h; sourceTree = "<group>"; };
		33942DE81B52EEA80001274D /* CustomAnnotation.m */ = {isa = PBXFileReference; fileEncoding = 4; lastKnownFileType = sourcecode.c.objc; path = CustomAnnotation.m; sourceTree = "<group>"; };
		33C3033B1B4D78560058C9E3 /* LEMapController.h */ = {isa = PBXFileReference; fileEncoding = 4; lastKnownFileType = sourcecode.c.h; path = LEMapController.h; sourceTree = "<group>"; };
		33C3033C1B4D78560058C9E3 /* LEMapController.m */ = {isa = PBXFileReference; fileEncoding = 4; lastKnownFileType = sourcecode.c.objc; path = LEMapController.m; sourceTree = "<group>"; };
		33C3033D1B4D78560058C9E3 /* LEMapController.xib */ = {isa = PBXFileReference; fileEncoding = 4; lastKnownFileType = file.xib; path = LEMapController.xib; sourceTree = "<group>"; };
		33C3034B1B4D812F0058C9E3 /* MapKit.framework */ = {isa = PBXFileReference; lastKnownFileType = wrapper.framework; name = MapKit.framework; path = System/Library/Frameworks/MapKit.framework; sourceTree = SDKROOT; };
		33C303501B4D8B820058C9E3 /* CustomCell.h */ = {isa = PBXFileReference; fileEncoding = 4; lastKnownFileType = sourcecode.c.h; path = CustomCell.h; sourceTree = "<group>"; };
		33C303511B4D8B820058C9E3 /* CustomCell.m */ = {isa = PBXFileReference; fileEncoding = 4; lastKnownFileType = sourcecode.c.objc; path = CustomCell.m; sourceTree = "<group>"; };
		33C303521B4D8B820058C9E3 /* CustomCell.xib */ = {isa = PBXFileReference; fileEncoding = 4; lastKnownFileType = file.xib; path = CustomCell.xib; sourceTree = "<group>"; };
		33DEFA5C1B46E69400053B72 /* LetsGoEat.app */ = {isa = PBXFileReference; explicitFileType = wrapper.application; includeInIndex = 0; path = LetsGoEat.app; sourceTree = BUILT_PRODUCTS_DIR; };
		33DEFA601B46E69400053B72 /* Info.plist */ = {isa = PBXFileReference; lastKnownFileType = text.plist.xml; path = Info.plist; sourceTree = "<group>"; };
		33DEFA611B46E69400053B72 /* main.m */ = {isa = PBXFileReference; lastKnownFileType = sourcecode.c.objc; path = main.m; sourceTree = "<group>"; };
		33DEFA631B46E69400053B72 /* AppDelegate.h */ = {isa = PBXFileReference; lastKnownFileType = sourcecode.c.h; path = AppDelegate.h; sourceTree = "<group>"; };
		33DEFA641B46E69400053B72 /* AppDelegate.m */ = {isa = PBXFileReference; lastKnownFileType = sourcecode.c.objc; path = AppDelegate.m; sourceTree = "<group>"; };
		33DEFA6A1B46E69400053B72 /* Base */ = {isa = PBXFileReference; lastKnownFileType = file.storyboard; name = Base; path = Base.lproj/Main.storyboard; sourceTree = "<group>"; };
		33DEFA6C1B46E69400053B72 /* Images.xcassets */ = {isa = PBXFileReference; lastKnownFileType = folder.assetcatalog; path = Images.xcassets; sourceTree = "<group>"; };
		33DEFA6F1B46E69400053B72 /* Base */ = {isa = PBXFileReference; lastKnownFileType = file.xib; name = Base; path = Base.lproj/LaunchScreen.xib; sourceTree = "<group>"; };
		33DEFA751B46E69500053B72 /* LetsGoEatTests.xctest */ = {isa = PBXFileReference; explicitFileType = wrapper.cfbundle; includeInIndex = 0; path = LetsGoEatTests.xctest; sourceTree = BUILT_PRODUCTS_DIR; };
		33DEFA7A1B46E69500053B72 /* Info.plist */ = {isa = PBXFileReference; lastKnownFileType = text.plist.xml; path = Info.plist; sourceTree = "<group>"; };
		33DEFA7B1B46E69500053B72 /* LetsEatTests.m */ = {isa = PBXFileReference; lastKnownFileType = sourcecode.c.objc; path = LetsEatTests.m; sourceTree = "<group>"; };
		33DEFA861B46E90400053B72 /* LEMainController.h */ = {isa = PBXFileReference; fileEncoding = 4; lastKnownFileType = sourcecode.c.h; path = LEMainController.h; sourceTree = "<group>"; };
		33DEFA871B46E90400053B72 /* LEMainController.m */ = {isa = PBXFileReference; fileEncoding = 4; lastKnownFileType = sourcecode.c.objc; path = LEMainController.m; sourceTree = "<group>"; };
		33DEFA881B46E90400053B72 /* LEMainController.xib */ = {isa = PBXFileReference; fileEncoding = 4; lastKnownFileType = file.xib; path = LEMainController.xib; sourceTree = "<group>"; };
		33DEFA8B1B46EFB100053B72 /* LELoginController.h */ = {isa = PBXFileReference; fileEncoding = 4; lastKnownFileType = sourcecode.c.h; path = LELoginController.h; sourceTree = "<group>"; };
		33DEFA8C1B46EFB100053B72 /* LELoginController.m */ = {isa = PBXFileReference; fileEncoding = 4; lastKnownFileType = sourcecode.c.objc; path = LELoginController.m; sourceTree = "<group>"; };
		33DEFA8D1B46EFB100053B72 /* LELoginController.xib */ = {isa = PBXFileReference; fileEncoding = 4; lastKnownFileType = file.xib; path = LELoginController.xib; sourceTree = "<group>"; };
		33F275EF1B4F208C00E45EB6 /* CustomSegue.h */ = {isa = PBXFileReference; fileEncoding = 4; lastKnownFileType = sourcecode.c.h; path = CustomSegue.h; sourceTree = "<group>"; };
		33F275F01B4F208C00E45EB6 /* CustomSegue.m */ = {isa = PBXFileReference; fileEncoding = 4; lastKnownFileType = sourcecode.c.objc; path = CustomSegue.m; sourceTree = "<group>"; };
		9626DFAB740A2734B873B5C3 /* Pods.debug.xcconfig */ = {isa = PBXFileReference; includeInIndex = 1; lastKnownFileType = text.xcconfig; name = Pods.debug.xcconfig; path = "Pods/Target Support Files/Pods/Pods.debug.xcconfig"; sourceTree = "<group>"; };
		FB559C7CF248DF51723F8172 /* libPods.a */ = {isa = PBXFileReference; explicitFileType = archive.ar; includeInIndex = 0; path = libPods.a; sourceTree = BUILT_PRODUCTS_DIR; };
/* End PBXFileReference section */

/* Begin PBXFrameworksBuildPhase section */
		33DEFA591B46E69400053B72 /* Frameworks */ = {
			isa = PBXFrameworksBuildPhase;
			buildActionMask = 2147483647;
			files = (
				33C3034C1B4D812F0058C9E3 /* MapKit.framework in Frameworks */,
				722E8782988FD7A7D2F01F4A /* libPods.a in Frameworks */,
			);
			runOnlyForDeploymentPostprocessing = 0;
		};
		33DEFA721B46E69500053B72 /* Frameworks */ = {
			isa = PBXFrameworksBuildPhase;
			buildActionMask = 2147483647;
			files = (
			);
			runOnlyForDeploymentPostprocessing = 0;
		};
/* End PBXFrameworksBuildPhase section */

/* Begin PBXGroup section */
		1D7842A01B4FE8790056A40D /* Detail */ = {
			isa = PBXGroup;
			children = (
				1D7842A11B4FE8E80056A40D /* LEDetailController.h */,
				1D7842A21B4FE8E80056A40D /* LEDetailController.m */,
				1D7842A31B4FE8E80056A40D /* LEDetailController.xib */,
			);
			name = Detail;
			sourceTree = "<group>";
		};
		1DEDD04A1B5FA6F700A19010 /* Book */ = {
			isa = PBXGroup;
			children = (
				1DEDD04B1B5FA71B00A19010 /* LEBookController.h */,
				1DEDD04C1B5FA71B00A19010 /* LEBookController.m */,
				1DEDD04D1B5FA71B00A19010 /* LEBookController.xib */,
			);
			name = Book;
			sourceTree = "<group>";
		};
		31215B0515DA5CFAE98CEF4B /* Frameworks */ = {
			isa = PBXGroup;
			children = (
				33C3034B1B4D812F0058C9E3 /* MapKit.framework */,
				FB559C7CF248DF51723F8172 /* libPods.a */,
			);
			name = Frameworks;
			sourceTree = "<group>";
		};
		330D5B311B4B1810006920C4 /* Recover */ = {
			isa = PBXGroup;
			children = (
				330D5B421B4B22EF006920C4 /* LERecoverController.h */,
				330D5B431B4B22EF006920C4 /* LERecoverController.m */,
				330D5B441B4B22EF006920C4 /* LERecoverController.xib */,
			);
			name = Recover;
			sourceTree = "<group>";
		};
		330D5B321B4B1817006920C4 /* Register */ = {
			isa = PBXGroup;
			children = (
				330D5B3D1B4B22DE006920C4 /* LERegisterController.h */,
				330D5B3E1B4B22DE006920C4 /* LERegisterController.m */,
				330D5B3F1B4B22DE006920C4 /* LERegisterController.xib */,
			);
			name = Register;
			sourceTree = "<group>";
		};
		331325861B556DA800CE5801 /* Resources */ = {
			isa = PBXGroup;
			children = (
				331325871B556DAE00CE5801 /* Font */,
			);
			name = Resources;
			sourceTree = "<group>";
		};
		331325871B556DAE00CE5801 /* Font */ = {
			isa = PBXGroup;
			children = (
				331325881B556DB800CE5801 /* Dosis-Bold.ttf */,
				331325891B556DB800CE5801 /* Dosis-ExtraBold.ttf */,
				3313258A1B556DB800CE5801 /* Dosis-ExtraLight.ttf */,
				3313258B1B556DB800CE5801 /* Dosis-Light.ttf */,
				3313258C1B556DB800CE5801 /* Dosis-Medium.ttf */,
				3313258D1B556DB800CE5801 /* Dosis-Regular.ttf */,
				3313258E1B556DB800CE5801 /* Dosis-SemiBold.ttf */,
			);
			name = Font;
			sourceTree = "<group>";
		};
		3347E8DA1B4844C400F9F754 /* Model */ = {
			isa = PBXGroup;
			children = (
				33595E8E1B517F0400254DE7 /* DTOs */,
				33C3034F1B4D8B6A0058C9E3 /* Custom */,
				3347E8DC1B4844CE00F9F754 /* utils */,
				3347E8DB1B4844CA00F9F754 /* api */,
			);
			name = Model;
			sourceTree = "<group>";
		};
		3347E8DB1B4844CA00F9F754 /* api */ = {
			isa = PBXGroup;
			children = (
				337A46B21B5FF8440044B418 /* Classes */,
				33595E441B517C8B00254DE7 /* LetsGoEat.xml */,
				33595E431B517B5B00254DE7 /* GenDefines.h */,
			);
			name = api;
			sourceTree = "<group>";
		};
		3347E8DC1B4844CE00F9F754 /* utils */ = {
			isa = PBXGroup;
			children = (
				3347E8DD1B4844DA00F9F754 /* UIColor+MyColor.h */,
				3347E8DE1B4844DA00F9F754 /* UIColor+MyColor.m */,
				33F275EF1B4F208C00E45EB6 /* CustomSegue.h */,
				33F275F01B4F208C00E45EB6 /* CustomSegue.m */,
				33595F761B518FF900254DE7 /* SecondCustomSegue.h */,
				33595F771B518FF900254DE7 /* SecondCustomSegue.m */,
			);
			name = utils;
			sourceTree = "<group>";
		};
		33595E8E1B517F0400254DE7 /* DTOs */ = {
			isa = PBXGroup;
			children = (
				33595F2B1B51812E00254DE7 /* RegisterDTO.h */,
				33595F2C1B51812E00254DE7 /* RegisterDTO.m */,
				33595F791B51B6B400254DE7 /* LoginDTO.h */,
				33595F7A1B51B6B400254DE7 /* LoginDTO.m */,
				33942DE01B52DE590001274D /* RecoverDTO.h */,
				33942DE11B52DE590001274D /* RecoverDTO.m */,
				1D25B64C1B579A5000A87A85 /* RestaurantDTO.h */,
				1D25B64D1B579A5000A87A85 /* RestaurantDTO.m */,
			);
			name = DTOs;
			sourceTree = "<group>";
		};
		337A46B21B5FF8440044B418 /* Classes */ = {
			isa = PBXGroup;
			children = (
				337A46B31B5FF8440044B418 /* gen */,
			);
			path = Classes;
			sourceTree = "<group>";
		};
		337A46B31B5FF8440044B418 /* gen */ = {
			isa = PBXGroup;
			children = (
				337A46B41B5FF8440044B418 /* Base */,
				337A46B91B5FF8440044B418 /* Cache */,
				337A46C51B5FF8440044B418 /* Logic */,
				337A46E81B5FF8440044B418 /* Model */,
			);
			path = gen;
			sourceTree = "<group>";
		};
		337A46B41B5FF8440044B418 /* Base */ = {
			isa = PBXGroup;
			children = (
				337A46B51B5FF8440044B418 /* BaseLogic.h */,
				337A46B61B5FF8440044B418 /* BaseLogic.m */,
				337A46B71B5FF8440044B418 /* LogicFilter.h */,
				337A46B81B5FF8440044B418 /* LogicFilter.m */,
			);
			path = Base;
			sourceTree = "<group>";
		};
		337A46B91B5FF8440044B418 /* Cache */ = {
			isa = PBXGroup;
			children = (
				337A46BA1B5FF8440044B418 /* Cache.h */,
				337A46BB1B5FF8440044B418 /* DummyCache.h */,
				337A46BC1B5FF8440044B418 /* DummyCache.m */,
				337A46BD1B5FF8440044B418 /* LimitedAgeMemoryCache.h */,
				337A46BE1B5FF8440044B418 /* LimitedAgeMemoryCache.m */,
				337A46BF1B5FF8440044B418 /* LimitedAgeUnlimitedDiskCache.h */,
				337A46C01B5FF8440044B418 /* LimitedAgeUnlimitedDiskCache.m */,
				337A46C11B5FF8440044B418 /* UnlimitedDiskCache.h */,
				337A46C21B5FF8440044B418 /* UnlimitedDiskCache.m */,
				337A46C31B5FF8440044B418 /* UnlimitedMemoryCache.h */,
				337A46C41B5FF8440044B418 /* UnlimitedMemoryCache.m */,
			);
			path = Cache;
			sourceTree = "<group>";
		};
		337A46C51B5FF8440044B418 /* Logic */ = {
			isa = PBXGroup;
			children = (
				337A46C61B5FF8440044B418 /* Base */,
				337A46D11B5FF8440044B418 /* BookRestaurantLogic.h */,
				337A46D21B5FF8440044B418 /* BookRestaurantLogic.m */,
				337A46D31B5FF8440044B418 /* GetPassLogic.h */,
				337A46D41B5FF8440044B418 /* GetPassLogic.m */,
				337A46D51B5FF8440044B418 /* GetRestaurantLogic.h */,
				337A46D61B5FF8440044B418 /* GetRestaurantLogic.m */,
				337A46D71B5FF8440044B418 /* LetsGoEatHelper.h */,
				337A46D81B5FF8440044B418 /* LetsGoEatHelper.m */,
				337A46D91B5FF8440044B418 /* SignInLogic.h */,
				337A46DA1B5FF8440044B418 /* SignInLogic.m */,
				337A46DB1B5FF8440044B418 /* SignUpLogic.h */,
				337A46DC1B5FF8440044B418 /* SignUpLogic.m */,
				337A46DD1B5FF8440044B418 /* Tasks */,
			);
			path = Logic;
			sourceTree = "<group>";
		};
		337A46C61B5FF8440044B418 /* Base */ = {
			isa = PBXGroup;
			children = (
				337A46C71B5FF8440044B418 /* BaseBookRestaurantLogic.h */,
				337A46C81B5FF8440044B418 /* BaseBookRestaurantLogic.m */,
				337A46C91B5FF8440044B418 /* BaseGetPassLogic.h */,
				337A46CA1B5FF8440044B418 /* BaseGetPassLogic.m */,
				337A46CB1B5FF8440044B418 /* BaseGetRestaurantLogic.h */,
				337A46CC1B5FF8440044B418 /* BaseGetRestaurantLogic.m */,
				337A46CD1B5FF8440044B418 /* BaseSignInLogic.h */,
				337A46CE1B5FF8440044B418 /* BaseSignInLogic.m */,
				337A46CF1B5FF8440044B418 /* BaseSignUpLogic.h */,
				337A46D01B5FF8440044B418 /* BaseSignUpLogic.m */,
			);
			path = Base;
			sourceTree = "<group>";
		};
		337A46DD1B5FF8440044B418 /* Tasks */ = {
			isa = PBXGroup;
			children = (
				337A46DE1B5FF8440044B418 /* BookRestaurantActionTask.h */,
				337A46DF1B5FF8440044B418 /* BookRestaurantActionTask.m */,
				337A46E01B5FF8440044B418 /* GetPassActionTask.h */,
				337A46E11B5FF8440044B418 /* GetPassActionTask.m */,
				337A46E21B5FF8440044B418 /* GetRestaurantActionTask.h */,
				337A46E31B5FF8440044B418 /* GetRestaurantActionTask.m */,
				337A46E41B5FF8440044B418 /* SignInActionTask.h */,
				337A46E51B5FF8440044B418 /* SignInActionTask.m */,
				337A46E61B5FF8440044B418 /* SignUpActionTask.h */,
				337A46E71B5FF8440044B418 /* SignUpActionTask.m */,
			);
			path = Tasks;
			sourceTree = "<group>";
		};
		337A46E81B5FF8440044B418 /* Model */ = {
			isa = PBXGroup;
			children = (
				337A46E91B5FF8440044B418 /* DAO */,
				337A47081B5FF8440044B418 /* DTO */,
			);
			path = Model;
			sourceTree = "<group>";
		};
		337A46E91B5FF8440044B418 /* DAO */ = {
			isa = PBXGroup;
			children = (
				337A46EA1B5FF8440044B418 /* BookRestaurantRequestDAO.h */,
				337A46EB1B5FF8440044B418 /* BookRestaurantRequestDAO.m */,
				337A46EC1B5FF8440044B418 /* BookRestaurantResponseDAO.h */,
				337A46ED1B5FF8440044B418 /* BookRestaurantResponseDAO.m */,
				337A46EE1B5FF8440044B418 /* BookRestDAO.h */,
				337A46EF1B5FF8440044B418 /* BookRestDAO.m */,
				337A46F01B5FF8440044B418 /* GetPassDAO.h */,
				337A46F11B5FF8440044B418 /* GetPassDAO.m */,
				337A46F21B5FF8440044B418 /* GetPassRequestDAO.h */,
				337A46F31B5FF8440044B418 /* GetPassRequestDAO.m */,
				337A46F41B5FF8440044B418 /* GetPassResponseDAO.h */,
				337A46F51B5FF8440044B418 /* GetPassResponseDAO.m */,
				337A46F61B5FF8440044B418 /* GetRestaurantRequestDAO.h */,
				337A46F71B5FF8440044B418 /* GetRestaurantRequestDAO.m */,
				337A46F81B5FF8440044B418 /* GetRestaurantResponseDAO.h */,
				337A46F91B5FF8440044B418 /* GetRestaurantResponseDAO.m */,
				337A46FA1B5FF8440044B418 /* GetRestaurantsDAO.h */,
				337A46FB1B5FF8440044B418 /* GetRestaurantsDAO.m */,
				337A46FC1B5FF8440044B418 /* SignInDAO.h */,
				337A46FD1B5FF8440044B418 /* SignInDAO.m */,
				337A46FE1B5FF8440044B418 /* SignInRequestDAO.h */,
				337A46FF1B5FF8440044B418 /* SignInRequestDAO.m */,
				337A47001B5FF8440044B418 /* SignInResponseDAO.h */,
				337A47011B5FF8440044B418 /* SignInResponseDAO.m */,
				337A47021B5FF8440044B418 /* SignUpDAO.h */,
				337A47031B5FF8440044B418 /* SignUpDAO.m */,
				337A47041B5FF8440044B418 /* SignUpRequestDAO.h */,
				337A47051B5FF8440044B418 /* SignUpRequestDAO.m */,
				337A47061B5FF8440044B418 /* SignUpResponseDAO.h */,
				337A47071B5FF8440044B418 /* SignUpResponseDAO.m */,
			);
			path = DAO;
			sourceTree = "<group>";
		};
		337A47081B5FF8440044B418 /* DTO */ = {
			isa = PBXGroup;
			children = (
				337A47091B5FF8440044B418 /* Base */,
				337A47281B5FF8440044B418 /* BookRestaurantRequestDTO.h */,
				337A47291B5FF8440044B418 /* BookRestaurantRequestDTO.m */,
				337A472A1B5FF8440044B418 /* BookRestaurantResponseDTO.h */,
				337A472B1B5FF8440044B418 /* BookRestaurantResponseDTO.m */,
				337A472C1B5FF8440044B418 /* BookRestDTO.h */,
				337A472D1B5FF8440044B418 /* BookRestDTO.m */,
				337A472E1B5FF8440044B418 /* GetPassDTO.h */,
				337A472F1B5FF8440044B418 /* GetPassDTO.m */,
				337A47301B5FF8440044B418 /* GetPassRequestDTO.h */,
				337A47311B5FF8440044B418 /* GetPassRequestDTO.m */,
				337A47321B5FF8440044B418 /* GetPassResponseDTO.h */,
				337A47331B5FF8440044B418 /* GetPassResponseDTO.m */,
				337A47341B5FF8440044B418 /* GetRestaurantRequestDTO.h */,
				337A47351B5FF8440044B418 /* GetRestaurantRequestDTO.m */,
				337A47361B5FF8440044B418 /* GetRestaurantResponseDTO.h */,
				337A47371B5FF8440044B418 /* GetRestaurantResponseDTO.m */,
				337A47381B5FF8440044B418 /* GetRestaurantsDTO.h */,
				337A47391B5FF8440044B418 /* GetRestaurantsDTO.m */,
				337A473A1B5FF8440044B418 /* SignInDTO.h */,
				337A473B1B5FF8440044B418 /* SignInDTO.m */,
				337A473C1B5FF8440044B418 /* SignInRequestDTO.h */,
				337A473D1B5FF8440044B418 /* SignInRequestDTO.m */,
				337A473E1B5FF8440044B418 /* SignInResponseDTO.h */,
				337A473F1B5FF8440044B418 /* SignInResponseDTO.m */,
				337A47401B5FF8440044B418 /* SignUpDTO.h */,
				337A47411B5FF8440044B418 /* SignUpDTO.m */,
				337A47421B5FF8440044B418 /* SignUpRequestDTO.h */,
				337A47431B5FF8440044B418 /* SignUpRequestDTO.m */,
				337A47441B5FF8440044B418 /* SignUpResponseDTO.h */,
				337A47451B5FF8440044B418 /* SignUpResponseDTO.m */,
			);
			path = DTO;
			sourceTree = "<group>";
		};
		337A47091B5FF8440044B418 /* Base */ = {
			isa = PBXGroup;
			children = (
				337A470A1B5FF8440044B418 /* BaseBookRestaurantRequestDTO.h */,
				337A470B1B5FF8440044B418 /* BaseBookRestaurantRequestDTO.m */,
				337A470C1B5FF8440044B418 /* BaseBookRestaurantResponseDTO.h */,
				337A470D1B5FF8440044B418 /* BaseBookRestaurantResponseDTO.m */,
				337A470E1B5FF8440044B418 /* BaseBookRestDTO.h */,
				337A470F1B5FF8440044B418 /* BaseBookRestDTO.m */,
				337A47101B5FF8440044B418 /* BaseGetPassDTO.h */,
				337A47111B5FF8440044B418 /* BaseGetPassDTO.m */,
				337A47121B5FF8440044B418 /* BaseGetPassRequestDTO.h */,
				337A47131B5FF8440044B418 /* BaseGetPassRequestDTO.m */,
				337A47141B5FF8440044B418 /* BaseGetPassResponseDTO.h */,
				337A47151B5FF8440044B418 /* BaseGetPassResponseDTO.m */,
				337A47161B5FF8440044B418 /* BaseGetRestaurantRequestDTO.h */,
				337A47171B5FF8440044B418 /* BaseGetRestaurantRequestDTO.m */,
				337A47181B5FF8440044B418 /* BaseGetRestaurantResponseDTO.h */,
				337A47191B5FF8440044B418 /* BaseGetRestaurantResponseDTO.m */,
				337A471A1B5FF8440044B418 /* BaseGetRestaurantsDTO.h */,
				337A471B1B5FF8440044B418 /* BaseGetRestaurantsDTO.m */,
				337A471C1B5FF8440044B418 /* BaseSignInDTO.h */,
				337A471D1B5FF8440044B418 /* BaseSignInDTO.m */,
				337A471E1B5FF8440044B418 /* BaseSignInRequestDTO.h */,
				337A471F1B5FF8440044B418 /* BaseSignInRequestDTO.m */,
				337A47201B5FF8440044B418 /* BaseSignInResponseDTO.h */,
				337A47211B5FF8440044B418 /* BaseSignInResponseDTO.m */,
				337A47221B5FF8440044B418 /* BaseSignUpDTO.h */,
				337A47231B5FF8440044B418 /* BaseSignUpDTO.m */,
				337A47241B5FF8440044B418 /* BaseSignUpRequestDTO.h */,
				337A47251B5FF8440044B418 /* BaseSignUpRequestDTO.m */,
				337A47261B5FF8440044B418 /* BaseSignUpResponseDTO.h */,
				337A47271B5FF8440044B418 /* BaseSignUpResponseDTO.m */,
			);
			path = Base;
			sourceTree = "<group>";
		};
		33942DE31B52EBC10001274D /* CustomAnnotation */ = {
			isa = PBXGroup;
			children = (
				33942DE71B52EEA80001274D /* CustomAnnotation.h */,
				33942DE81B52EEA80001274D /* CustomAnnotation.m */,
			);
			name = CustomAnnotation;
			sourceTree = "<group>";
		};
		33BB443A1B4EEBBA0060FA7E /* CustomCellTable */ = {
			isa = PBXGroup;
			children = (
				33C303501B4D8B820058C9E3 /* CustomCell.h */,
				33C303511B4D8B820058C9E3 /* CustomCell.m */,
				33C303521B4D8B820058C9E3 /* CustomCell.xib */,
			);
			name = CustomCellTable;
			sourceTree = "<group>";
		};
		33C3033A1B4D78410058C9E3 /* Map */ = {
			isa = PBXGroup;
			children = (
				33C3033B1B4D78560058C9E3 /* LEMapController.h */,
				33C3033C1B4D78560058C9E3 /* LEMapController.m */,
				33C3033D1B4D78560058C9E3 /* LEMapController.xib */,
			);
			name = Map;
			sourceTree = "<group>";
		};
		33C303401B4D785E0058C9E3 /* MenuList */ = {
			isa = PBXGroup;
			children = (
				1D78429B1B4FCE710056A40D /* LEMenuListController.h */,
				1D78429C1B4FCE710056A40D /* LEMenuListController.m */,
				1D78429D1B4FCE710056A40D /* LEMenuListController.xib */,
			);
			name = MenuList;
			sourceTree = "<group>";
		};
		33C3034F1B4D8B6A0058C9E3 /* Custom */ = {
			isa = PBXGroup;
			children = (
				33942DE31B52EBC10001274D /* CustomAnnotation */,
				33BB443A1B4EEBBA0060FA7E /* CustomCellTable */,
			);
			name = Custom;
			sourceTree = "<group>";
		};
		33DEFA531B46E69400053B72 = {
			isa = PBXGroup;
			children = (
				33DEFA5E1B46E69400053B72 /* LetsEat */,
				33DEFA781B46E69500053B72 /* LetsEatTests */,
				33DEFA5D1B46E69400053B72 /* Products */,
				E20D3EB5A07702DDDEBA3BCC /* Pods */,
				31215B0515DA5CFAE98CEF4B /* Frameworks */,
			);
			sourceTree = "<group>";
		};
		33DEFA5D1B46E69400053B72 /* Products */ = {
			isa = PBXGroup;
			children = (
				33DEFA5C1B46E69400053B72 /* LetsGoEat.app */,
				33DEFA751B46E69500053B72 /* LetsGoEatTests.xctest */,
			);
			name = Products;
			sourceTree = "<group>";
		};
		33DEFA5E1B46E69400053B72 /* LetsEat */ = {
			isa = PBXGroup;
			children = (
				331325861B556DA800CE5801 /* Resources */,
				3347E8DA1B4844C400F9F754 /* Model */,
				33DEFA901B46EFB700053B72 /* Login */,
				33DEFA911B46EFC400053B72 /* Main */,
				330D5B321B4B1817006920C4 /* Register */,
				330D5B311B4B1810006920C4 /* Recover */,
				33C303401B4D785E0058C9E3 /* MenuList */,
				33C3033A1B4D78410058C9E3 /* Map */,
				1D7842A01B4FE8790056A40D /* Detail */,
				1DEDD04A1B5FA6F700A19010 /* Book */,
				33DEFA631B46E69400053B72 /* AppDelegate.h */,
				33DEFA641B46E69400053B72 /* AppDelegate.m */,
				33DEFA691B46E69400053B72 /* Main.storyboard */,
				33DEFA6C1B46E69400053B72 /* Images.xcassets */,
				33DEFA6E1B46E69400053B72 /* LaunchScreen.xib */,
				33DEFA5F1B46E69400053B72 /* Supporting Files */,
			);
			path = LetsEat;
			sourceTree = "<group>";
		};
		33DEFA5F1B46E69400053B72 /* Supporting Files */ = {
			isa = PBXGroup;
			children = (
				33DEFA601B46E69400053B72 /* Info.plist */,
				33DEFA611B46E69400053B72 /* main.m */,
			);
			name = "Supporting Files";
			sourceTree = "<group>";
		};
		33DEFA781B46E69500053B72 /* LetsEatTests */ = {
			isa = PBXGroup;
			children = (
				33DEFA7B1B46E69500053B72 /* LetsEatTests.m */,
				33DEFA791B46E69500053B72 /* Supporting Files */,
			);
			path = LetsEatTests;
			sourceTree = "<group>";
		};
		33DEFA791B46E69500053B72 /* Supporting Files */ = {
			isa = PBXGroup;
			children = (
				33DEFA7A1B46E69500053B72 /* Info.plist */,
			);
			name = "Supporting Files";
			sourceTree = "<group>";
		};
		33DEFA901B46EFB700053B72 /* Login */ = {
			isa = PBXGroup;
			children = (
				33DEFA8B1B46EFB100053B72 /* LELoginController.h */,
				33DEFA8C1B46EFB100053B72 /* LELoginController.m */,
				33DEFA8D1B46EFB100053B72 /* LELoginController.xib */,
			);
			name = Login;
			sourceTree = "<group>";
		};
		33DEFA911B46EFC400053B72 /* Main */ = {
			isa = PBXGroup;
			children = (
				33DEFA861B46E90400053B72 /* LEMainController.h */,
				33DEFA871B46E90400053B72 /* LEMainController.m */,
				33DEFA881B46E90400053B72 /* LEMainController.xib */,
			);
			name = Main;
			sourceTree = "<group>";
		};
		E20D3EB5A07702DDDEBA3BCC /* Pods */ = {
			isa = PBXGroup;
			children = (
				9626DFAB740A2734B873B5C3 /* Pods.debug.xcconfig */,
				17F90F6F848538FD278AB938 /* Pods.release.xcconfig */,
			);
			name = Pods;
			sourceTree = "<group>";
		};
/* End PBXGroup section */

/* Begin PBXNativeTarget section */
		33DEFA5B1B46E69400053B72 /* LetsGoEat */ = {
			isa = PBXNativeTarget;
			buildConfigurationList = 33DEFA7F1B46E69500053B72 /* Build configuration list for PBXNativeTarget "LetsGoEat" */;
			buildPhases = (
				D9CE6F956BAEF8A7A1EDC2F9 /* Check Pods Manifest.lock */,
				33DEFA581B46E69400053B72 /* Sources */,
				33DEFA591B46E69400053B72 /* Frameworks */,
				33DEFA5A1B46E69400053B72 /* Resources */,
				7AAFA9C3DB930FB38EEEA3EE /* Copy Pods Resources */,
				33942D471B52D3270001274D /* ShellScript */,
			);
			buildRules = (
			);
			dependencies = (
			);
			name = LetsGoEat;
			productName = LetsEat;
			productReference = 33DEFA5C1B46E69400053B72 /* LetsGoEat.app */;
			productType = "com.apple.product-type.application";
		};
		33DEFA741B46E69500053B72 /* LetsGoEatTests */ = {
			isa = PBXNativeTarget;
			buildConfigurationList = 33DEFA821B46E69500053B72 /* Build configuration list for PBXNativeTarget "LetsGoEatTests" */;
			buildPhases = (
				33DEFA711B46E69500053B72 /* Sources */,
				33DEFA721B46E69500053B72 /* Frameworks */,
				33DEFA731B46E69500053B72 /* Resources */,
			);
			buildRules = (
			);
			dependencies = (
				33DEFA771B46E69500053B72 /* PBXTargetDependency */,
			);
			name = LetsGoEatTests;
			productName = LetsEatTests;
			productReference = 33DEFA751B46E69500053B72 /* LetsGoEatTests.xctest */;
			productType = "com.apple.product-type.bundle.unit-test";
		};
/* End PBXNativeTarget section */

/* Begin PBXProject section */
		33DEFA541B46E69400053B72 /* Project object */ = {
			isa = PBXProject;
			attributes = {
				LastUpgradeCheck = 0630;
				ORGANIZATIONNAME = "Daniel Martin Jimenez";
				TargetAttributes = {
					33DEFA5B1B46E69400053B72 = {
						CreatedOnToolsVersion = 6.3.2;
						SystemCapabilities = {
							com.apple.Maps.iOS = {
								enabled = 1;
							};
						};
					};
					33DEFA741B46E69500053B72 = {
						CreatedOnToolsVersion = 6.3.2;
						TestTargetID = 33DEFA5B1B46E69400053B72;
					};
				};
			};
			buildConfigurationList = 33DEFA571B46E69400053B72 /* Build configuration list for PBXProject "LetsGoEat" */;
			compatibilityVersion = "Xcode 3.2";
			developmentRegion = English;
			hasScannedForEncodings = 0;
			knownRegions = (
				en,
				Base,
			);
			mainGroup = 33DEFA531B46E69400053B72;
			productRefGroup = 33DEFA5D1B46E69400053B72 /* Products */;
			projectDirPath = "";
			projectRoot = "";
			targets = (
				33DEFA5B1B46E69400053B72 /* LetsGoEat */,
				33DEFA741B46E69500053B72 /* LetsGoEatTests */,
			);
		};
/* End PBXProject section */

/* Begin PBXResourcesBuildPhase section */
		33DEFA5A1B46E69400053B72 /* Resources */ = {
			isa = PBXResourcesBuildPhase;
			buildActionMask = 2147483647;
			files = (
				331325991B5570D700CE5801 /* Dosis-Light.ttf in Resources */,
				33A25A921B580D4B00EDB160 /* Dosis-Bold.ttf in Resources */,
				33A25A931B580D4D00EDB160 /* Dosis-ExtraBold.ttf in Resources */,
				33A25A941B580D5400EDB160 /* Dosis-Medium.ttf in Resources */,
				33A25A951B580D5400EDB160 /* Dosis-Regular.ttf in Resources */,
				3309FDD91B58658B0014F53C /* Dosis-ExtraLight.ttf in Resources */,
				33A25A961B580D5400EDB160 /* Dosis-SemiBold.ttf in Resources */,
				33DEFA6B1B46E69400053B72 /* Main.storyboard in Resources */,
				33DEFA701B46E69400053B72 /* LaunchScreen.xib in Resources */,
				33C303541B4D8B820058C9E3 /* CustomCell.xib in Resources */,
				33595E451B517C8B00254DE7 /* LetsGoEat.xml in Resources */,
				1D7842A51B4FE8E80056A40D /* LEDetailController.xib in Resources */,
				330D5B461B4B22EF006920C4 /* LERecoverController.xib in Resources */,
				33DEFA6D1B46E69400053B72 /* Images.xcassets in Resources */,
				330D5B411B4B22DE006920C4 /* LERegisterController.xib in Resources */,
				33C3033F1B4D78560058C9E3 /* LEMapController.xib in Resources */,
				33DEFA8A1B46E90400053B72 /* LEMainController.xib in Resources */,
				1DEDD04F1B5FA71B00A19010 /* LEBookController.xib in Resources */,
				33DEFA8F1B46EFB100053B72 /* LELoginController.xib in Resources */,
				1D78429F1B4FCE710056A40D /* LEMenuListController.xib in Resources */,
			);
			runOnlyForDeploymentPostprocessing = 0;
		};
		33DEFA731B46E69500053B72 /* Resources */ = {
			isa = PBXResourcesBuildPhase;
			buildActionMask = 2147483647;
			files = (
			);
			runOnlyForDeploymentPostprocessing = 0;
		};
/* End PBXResourcesBuildPhase section */

/* Begin PBXShellScriptBuildPhase section */
		33942D471B52D3270001274D /* ShellScript */ = {
			isa = PBXShellScriptBuildPhase;
			buildActionMask = 2147483647;
			files = (
			);
			inputPaths = (
			);
			outputPaths = (
			);
			runOnlyForDeploymentPostprocessing = 0;
			shellPath = /bin/sh;
			shellScript = "";
		};
		7AAFA9C3DB930FB38EEEA3EE /* Copy Pods Resources */ = {
			isa = PBXShellScriptBuildPhase;
			buildActionMask = 2147483647;
			files = (
			);
			inputPaths = (
			);
			name = "Copy Pods Resources";
			outputPaths = (
			);
			runOnlyForDeploymentPostprocessing = 0;
			shellPath = /bin/sh;
			shellScript = "\"${SRCROOT}/Pods/Target Support Files/Pods/Pods-resources.sh\"\n";
			showEnvVarsInLog = 0;
		};
		D9CE6F956BAEF8A7A1EDC2F9 /* Check Pods Manifest.lock */ = {
			isa = PBXShellScriptBuildPhase;
			buildActionMask = 2147483647;
			files = (
			);
			inputPaths = (
			);
			name = "Check Pods Manifest.lock";
			outputPaths = (
			);
			runOnlyForDeploymentPostprocessing = 0;
			shellPath = /bin/sh;
			shellScript = "diff \"${PODS_ROOT}/../Podfile.lock\" \"${PODS_ROOT}/Manifest.lock\" > /dev/null\nif [[ $? != 0 ]] ; then\n    cat << EOM\nerror: The sandbox is not in sync with the Podfile.lock. Run 'pod install' or update your CocoaPods installation.\nEOM\n    exit 1\nfi\n";
			showEnvVarsInLog = 0;
		};
/* End PBXShellScriptBuildPhase section */

/* Begin PBXSourcesBuildPhase section */
		33DEFA581B46E69400053B72 /* Sources */ = {
			isa = PBXSourcesBuildPhase;
			buildActionMask = 2147483647;
			files = (
				337A47741B5FF8440044B418 /* BaseGetRestaurantsDTO.m in Sources */,
				337A475B1B5FF8440044B418 /* SignInActionTask.m in Sources */,
				33942DE21B52DE590001274D /* RecoverDTO.m in Sources */,
				337A474B1B5FF8440044B418 /* UnlimitedDiskCache.m in Sources */,
				337A47681B5FF8440044B418 /* SignInResponseDAO.m in Sources */,
				337A47811B5FF8440044B418 /* GetRestaurantRequestDTO.m in Sources */,
				33595F781B518FF900254DE7 /* SecondCustomSegue.m in Sources */,
				33595F7B1B51B6B400254DE7 /* LoginDTO.m in Sources */,
				337A475D1B5FF8440044B418 /* BookRestaurantRequestDAO.m in Sources */,
				337A477F1B5FF8440044B418 /* GetPassRequestDTO.m in Sources */,
				337A47461B5FF8440044B418 /* BaseLogic.m in Sources */,
				337A474E1B5FF8440044B418 /* BaseGetPassLogic.m in Sources */,
				337A47541B5FF8440044B418 /* GetRestaurantLogic.m in Sources */,
				337A47711B5FF8440044B418 /* BaseGetPassResponseDTO.m in Sources */,
				337A475E1B5FF8440044B418 /* BookRestaurantResponseDAO.m in Sources */,
				337A47801B5FF8440044B418 /* GetPassResponseDTO.m in Sources */,
				337A47721B5FF8440044B418 /* BaseGetRestaurantRequestDTO.m in Sources */,
				330D5B451B4B22EF006920C4 /* LERecoverController.m in Sources */,
				33C303531B4D8B820058C9E3 /* CustomCell.m in Sources */,
				337A47761B5FF8440044B418 /* BaseSignInRequestDTO.m in Sources */,
				337A47871B5FF8440044B418 /* SignUpDTO.m in Sources */,
				337A47751B5FF8440044B418 /* BaseSignInDTO.m in Sources */,
				337A476B1B5FF8440044B418 /* SignUpResponseDAO.m in Sources */,
				337A474C1B5FF8440044B418 /* UnlimitedMemoryCache.m in Sources */,
				337A47641B5FF8440044B418 /* GetRestaurantResponseDAO.m in Sources */,
				337A47501B5FF8440044B418 /* BaseSignInLogic.m in Sources */,
				337A47631B5FF8440044B418 /* GetRestaurantRequestDAO.m in Sources */,
				337A47791B5FF8440044B418 /* BaseSignUpRequestDTO.m in Sources */,
				337A47471B5FF8440044B418 /* LogicFilter.m in Sources */,
				33DEFA8E1B46EFB100053B72 /* LELoginController.m in Sources */,
				337A476F1B5FF8440044B418 /* BaseGetPassDTO.m in Sources */,
				1D7842A41B4FE8E80056A40D /* LEDetailController.m in Sources */,
				337A47651B5FF8440044B418 /* GetRestaurantsDAO.m in Sources */,
				337A477E1B5FF8440044B418 /* GetPassDTO.m in Sources */,
				337A47891B5FF8440044B418 /* SignUpResponseDTO.m in Sources */,
				337A475A1B5FF8440044B418 /* GetRestaurantActionTask.m in Sources */,
				337A47831B5FF8440044B418 /* GetRestaurantsDTO.m in Sources */,
				337A476E1B5FF8440044B418 /* BaseBookRestDTO.m in Sources */,
				337A477D1B5FF8440044B418 /* BookRestDTO.m in Sources */,
				337A47841B5FF8440044B418 /* SignInDTO.m in Sources */,
				337A47611B5FF8440044B418 /* GetPassRequestDAO.m in Sources */,
				330D5B401B4B22DE006920C4 /* LERegisterController.m in Sources */,
				337A476A1B5FF8440044B418 /* SignUpRequestDAO.m in Sources */,
				337A47511B5FF8440044B418 /* BaseSignUpLogic.m in Sources */,
				337A47581B5FF8440044B418 /* BookRestaurantActionTask.m in Sources */,
				33DEFA651B46E69400053B72 /* AppDelegate.m in Sources */,
				1D25B64E1B579A5000A87A85 /* RestaurantDTO.m in Sources */,
				337A47591B5FF8440044B418 /* GetPassActionTask.m in Sources */,
				337A47731B5FF8440044B418 /* BaseGetRestaurantResponseDTO.m in Sources */,
				337A47621B5FF8440044B418 /* GetPassResponseDAO.m in Sources */,
				337A47781B5FF8440044B418 /* BaseSignUpDTO.m in Sources */,
				337A47491B5FF8440044B418 /* LimitedAgeMemoryCache.m in Sources */,
				337A475F1B5FF8440044B418 /* BookRestDAO.m in Sources */,
				337A47531B5FF8440044B418 /* GetPassLogic.m in Sources */,
				337A47521B5FF8440044B418 /* BookRestaurantLogic.m in Sources */,
				337A474D1B5FF8440044B418 /* BaseBookRestaurantLogic.m in Sources */,
				337A47881B5FF8440044B418 /* SignUpRequestDTO.m in Sources */,
				337A475C1B5FF8440044B418 /* SignUpActionTask.m in Sources */,
				33F275F11B4F208C00E45EB6 /* CustomSegue.m in Sources */,
				337A47691B5FF8440044B418 /* SignUpDAO.m in Sources */,
				337A474F1B5FF8440044B418 /* BaseGetRestaurantLogic.m in Sources */,
				337A47601B5FF8440044B418 /* GetPassDAO.m in Sources */,
				337A47771B5FF8440044B418 /* BaseSignInResponseDTO.m in Sources */,
				337A47861B5FF8440044B418 /* SignInResponseDTO.m in Sources */,
				337A47701B5FF8440044B418 /* BaseGetPassRequestDTO.m in Sources */,
				1DEDD04E1B5FA71B00A19010 /* LEBookController.m in Sources */,
				337A476D1B5FF8440044B418 /* BaseBookRestaurantResponseDTO.m in Sources */,
				33595F2D1B51812E00254DE7 /* RegisterDTO.m in Sources */,
				337A477A1B5FF8440044B418 /* BaseSignUpResponseDTO.m in Sources */,
				337A47571B5FF8440044B418 /* SignUpLogic.m in Sources */,
				337A47561B5FF8440044B418 /* SignInLogic.m in Sources */,
				337A474A1B5FF8440044B418 /* LimitedAgeUnlimitedDiskCache.m in Sources */,
				337A47551B5FF8440044B418 /* LetsGoEatHelper.m in Sources */,
				337A476C1B5FF8440044B418 /* BaseBookRestaurantRequestDTO.m in Sources */,
				337A47821B5FF8440044B418 /* GetRestaurantResponseDTO.m in Sources */,
				337A47851B5FF8440044B418 /* SignInRequestDTO.m in Sources */,
				1D78429E1B4FCE710056A40D /* LEMenuListController.m in Sources */,
				33DEFA621B46E69400053B72 /* main.m in Sources */,
				33942DE91B52EEA80001274D /* CustomAnnotation.m in Sources */,
				337A477C1B5FF8440044B418 /* BookRestaurantResponseDTO.m in Sources */,
				33DEFA891B46E90400053B72 /* LEMainController.m in Sources */,
				337A47481B5FF8440044B418 /* DummyCache.m in Sources */,
				3347E8DF1B4844DA00F9F754 /* UIColor+MyColor.m in Sources */,
				337A47661B5FF8440044B418 /* SignInDAO.m in Sources */,
				337A47671B5FF8440044B418 /* SignInRequestDAO.m in Sources */,
				337A477B1B5FF8440044B418 /* BookRestaurantRequestDTO.m in Sources */,
				33C3033E1B4D78560058C9E3 /* LEMapController.m in Sources */,
			);
			runOnlyForDeploymentPostprocessing = 0;
		};
		33DEFA711B46E69500053B72 /* Sources */ = {
			isa = PBXSourcesBuildPhase;
			buildActionMask = 2147483647;
			files = (
				33DEFA7C1B46E69500053B72 /* LetsEatTests.m in Sources */,
			);
			runOnlyForDeploymentPostprocessing = 0;
		};
/* End PBXSourcesBuildPhase section */

/* Begin PBXTargetDependency section */
		33DEFA771B46E69500053B72 /* PBXTargetDependency */ = {
			isa = PBXTargetDependency;
			target = 33DEFA5B1B46E69400053B72 /* LetsGoEat */;
			targetProxy = 33DEFA761B46E69500053B72 /* PBXContainerItemProxy */;
		};
/* End PBXTargetDependency section */

/* Begin PBXVariantGroup section */
		33DEFA691B46E69400053B72 /* Main.storyboard */ = {
			isa = PBXVariantGroup;
			children = (
				33DEFA6A1B46E69400053B72 /* Base */,
				3347E8E01B48458800F9F754 /* es */,
			);
			name = Main.storyboard;
			sourceTree = "<group>";
		};
		33DEFA6E1B46E69400053B72 /* LaunchScreen.xib */ = {
			isa = PBXVariantGroup;
			children = (
				33DEFA6F1B46E69400053B72 /* Base */,
				3347E8E11B48458800F9F754 /* es */,
			);
			name = LaunchScreen.xib;
			sourceTree = "<group>";
		};
/* End PBXVariantGroup section */

/* Begin XCBuildConfiguration section */
		33DEFA7D1B46E69500053B72 /* Debug */ = {
			isa = XCBuildConfiguration;
			buildSettings = {
				ALWAYS_SEARCH_USER_PATHS = NO;
				CLANG_CXX_LANGUAGE_STANDARD = "gnu++0x";
				CLANG_CXX_LIBRARY = "libc++";
				CLANG_ENABLE_MODULES = YES;
				CLANG_ENABLE_OBJC_ARC = YES;
				CLANG_WARN_BOOL_CONVERSION = YES;
				CLANG_WARN_CONSTANT_CONVERSION = YES;
				CLANG_WARN_DIRECT_OBJC_ISA_USAGE = YES_ERROR;
				CLANG_WARN_EMPTY_BODY = YES;
				CLANG_WARN_ENUM_CONVERSION = YES;
				CLANG_WARN_INT_CONVERSION = YES;
				CLANG_WARN_OBJC_ROOT_CLASS = YES_ERROR;
				CLANG_WARN_UNREACHABLE_CODE = YES;
				CLANG_WARN__DUPLICATE_METHOD_MATCH = YES;
				CODE_SIGN_IDENTITY = "iPhone Developer";
				"CODE_SIGN_IDENTITY[sdk=iphoneos*]" = "iPhone Developer";
				COPY_PHASE_STRIP = NO;
				DEBUG_INFORMATION_FORMAT = "dwarf-with-dsym";
				ENABLE_STRICT_OBJC_MSGSEND = YES;
				GCC_C_LANGUAGE_STANDARD = gnu99;
				GCC_DYNAMIC_NO_PIC = NO;
				GCC_NO_COMMON_BLOCKS = YES;
				GCC_OPTIMIZATION_LEVEL = 0;
				GCC_PREPROCESSOR_DEFINITIONS = (
					"DEBUG=1",
					"$(inherited)",
				);
				GCC_SYMBOLS_PRIVATE_EXTERN = NO;
				GCC_WARN_64_TO_32_BIT_CONVERSION = YES;
				GCC_WARN_ABOUT_RETURN_TYPE = YES_ERROR;
				GCC_WARN_UNDECLARED_SELECTOR = YES;
				GCC_WARN_UNINITIALIZED_AUTOS = YES_AGGRESSIVE;
				GCC_WARN_UNUSED_FUNCTION = YES;
				GCC_WARN_UNUSED_VARIABLE = YES;
				IPHONEOS_DEPLOYMENT_TARGET = 8.3;
				MTL_ENABLE_DEBUG_INFO = YES;
				ONLY_ACTIVE_ARCH = YES;
				PROVISIONING_PROFILE = "";
				SDKROOT = iphoneos;
			};
			name = Debug;
		};
		33DEFA7E1B46E69500053B72 /* Release */ = {
			isa = XCBuildConfiguration;
			buildSettings = {
				ALWAYS_SEARCH_USER_PATHS = NO;
				CLANG_CXX_LANGUAGE_STANDARD = "gnu++0x";
				CLANG_CXX_LIBRARY = "libc++";
				CLANG_ENABLE_MODULES = YES;
				CLANG_ENABLE_OBJC_ARC = YES;
				CLANG_WARN_BOOL_CONVERSION = YES;
				CLANG_WARN_CONSTANT_CONVERSION = YES;
				CLANG_WARN_DIRECT_OBJC_ISA_USAGE = YES_ERROR;
				CLANG_WARN_EMPTY_BODY = YES;
				CLANG_WARN_ENUM_CONVERSION = YES;
				CLANG_WARN_INT_CONVERSION = YES;
				CLANG_WARN_OBJC_ROOT_CLASS = YES_ERROR;
				CLANG_WARN_UNREACHABLE_CODE = YES;
				CLANG_WARN__DUPLICATE_METHOD_MATCH = YES;
				CODE_SIGN_IDENTITY = "iPhone Developer";
				"CODE_SIGN_IDENTITY[sdk=iphoneos*]" = "iPhone Developer";
				COPY_PHASE_STRIP = NO;
				DEBUG_INFORMATION_FORMAT = "dwarf-with-dsym";
				ENABLE_NS_ASSERTIONS = NO;
				ENABLE_STRICT_OBJC_MSGSEND = YES;
				GCC_C_LANGUAGE_STANDARD = gnu99;
				GCC_NO_COMMON_BLOCKS = YES;
				GCC_WARN_64_TO_32_BIT_CONVERSION = YES;
				GCC_WARN_ABOUT_RETURN_TYPE = YES_ERROR;
				GCC_WARN_UNDECLARED_SELECTOR = YES;
				GCC_WARN_UNINITIALIZED_AUTOS = YES_AGGRESSIVE;
				GCC_WARN_UNUSED_FUNCTION = YES;
				GCC_WARN_UNUSED_VARIABLE = YES;
				IPHONEOS_DEPLOYMENT_TARGET = 8.3;
				MTL_ENABLE_DEBUG_INFO = NO;
				PROVISIONING_PROFILE = "";
				SDKROOT = iphoneos;
				VALIDATE_PRODUCT = YES;
			};
			name = Release;
		};
		33DEFA801B46E69500053B72 /* Debug */ = {
			isa = XCBuildConfiguration;
			baseConfigurationReference = 9626DFAB740A2734B873B5C3 /* Pods.debug.xcconfig */;
			buildSettings = {
				ASSETCATALOG_COMPILER_APPICON_NAME = AppIcon;
				CODE_SIGN_IDENTITY = "iPhone Developer";
				"CODE_SIGN_IDENTITY[sdk=iphoneos*]" = "iPhone Developer";
				FRAMEWORK_SEARCH_PATHS = (
					"$(inherited)",
					"$(PROJECT_DIR)/LetsEat",
				);
				INFOPLIST_FILE = LetsEat/Info.plist;
				IPHONEOS_DEPLOYMENT_TARGET = 8.0;
				LD_RUNPATH_SEARCH_PATHS = "$(inherited) @executable_path/Frameworks";
				PRODUCT_NAME = LetsGoEat;
				PROVISIONING_PROFILE = "";
			};
			name = Debug;
		};
		33DEFA811B46E69500053B72 /* Release */ = {
			isa = XCBuildConfiguration;
			baseConfigurationReference = 17F90F6F848538FD278AB938 /* Pods.release.xcconfig */;
			buildSettings = {
				ASSETCATALOG_COMPILER_APPICON_NAME = AppIcon;
				CODE_SIGN_IDENTITY = "iPhone Developer";
				"CODE_SIGN_IDENTITY[sdk=iphoneos*]" = "iPhone Developer";
				FRAMEWORK_SEARCH_PATHS = (
					"$(inherited)",
					"$(PROJECT_DIR)/LetsEat",
				);
				INFOPLIST_FILE = LetsEat/Info.plist;
				IPHONEOS_DEPLOYMENT_TARGET = 8.0;
				LD_RUNPATH_SEARCH_PATHS = "$(inherited) @executable_path/Frameworks";
				PRODUCT_NAME = LetsGoEat;
				PROVISIONING_PROFILE = "";
			};
			name = Release;
		};
		33DEFA831B46E69500053B72 /* Debug */ = {
			isa = XCBuildConfiguration;
			buildSettings = {
				BUNDLE_LOADER = "";
				FRAMEWORK_SEARCH_PATHS = (
					"$(SDKROOT)/Developer/Library/Frameworks",
					"$(inherited)",
				);
				GCC_PREPROCESSOR_DEFINITIONS = (
					"DEBUG=1",
					"$(inherited)",
				);
				INFOPLIST_FILE = LetsEatTests/Info.plist;
				LD_RUNPATH_SEARCH_PATHS = "$(inherited) @executable_path/Frameworks @loader_path/Frameworks";
				PRODUCT_NAME = LetsGoEatTests;
				TEST_HOST = "$(BUILT_PRODUCTS_DIR)/LetsEat.app/LetsEat";
			};
			name = Debug;
		};
		33DEFA841B46E69500053B72 /* Release */ = {
			isa = XCBuildConfiguration;
			buildSettings = {
				BUNDLE_LOADER = "";
				FRAMEWORK_SEARCH_PATHS = (
					"$(SDKROOT)/Developer/Library/Frameworks",
					"$(inherited)",
				);
				INFOPLIST_FILE = LetsEatTests/Info.plist;
				LD_RUNPATH_SEARCH_PATHS = "$(inherited) @executable_path/Frameworks @loader_path/Frameworks";
				PRODUCT_NAME = LetsGoEatTests;
				TEST_HOST = "$(BUILT_PRODUCTS_DIR)/LetsEat.app/LetsEat";
			};
			name = Release;
		};
/* End XCBuildConfiguration section */

/* Begin XCConfigurationList section */
		33DEFA571B46E69400053B72 /* Build configuration list for PBXProject "LetsGoEat" */ = {
			isa = XCConfigurationList;
			buildConfigurations = (
				33DEFA7D1B46E69500053B72 /* Debug */,
				33DEFA7E1B46E69500053B72 /* Release */,
			);
			defaultConfigurationIsVisible = 0;
			defaultConfigurationName = Release;
		};
		33DEFA7F1B46E69500053B72 /* Build configuration list for PBXNativeTarget "LetsGoEat" */ = {
			isa = XCConfigurationList;
			buildConfigurations = (
				33DEFA801B46E69500053B72 /* Debug */,
				33DEFA811B46E69500053B72 /* Release */,
			);
			defaultConfigurationIsVisible = 0;
			defaultConfigurationName = Release;
		};
		33DEFA821B46E69500053B72 /* Build configuration list for PBXNativeTarget "LetsGoEatTests" */ = {
			isa = XCConfigurationList;
			buildConfigurations = (
				33DEFA831B46E69500053B72 /* Debug */,
				33DEFA841B46E69500053B72 /* Release */,
			);
			defaultConfigurationIsVisible = 0;
			defaultConfigurationName = Release;
		};
/* End XCConfigurationList section */
	};
	rootObject = 33DEFA541B46E69400053B72 /* Project object */;
}
