// !$*UTF8*$!
{
	archiveVersion = 1;
	classes = {
	};
	objectVersion = 46;
	objects = {

/* Begin PBXBuildFile section */
		1D78429E1B4FCE710056A40D /* LEMenuListController.m in Sources */ = {isa = PBXBuildFile; fileRef = 1D78429C1B4FCE710056A40D /* LEMenuListController.m */; };
		1D78429F1B4FCE710056A40D /* LEMenuListController.xib in Resources */ = {isa = PBXBuildFile; fileRef = 1D78429D1B4FCE710056A40D /* LEMenuListController.xib */; };
		1D7842A41B4FE8E80056A40D /* LEDetailController.m in Sources */ = {isa = PBXBuildFile; fileRef = 1D7842A21B4FE8E80056A40D /* LEDetailController.m */; };
		1D7842A51B4FE8E80056A40D /* LEDetailController.xib in Resources */ = {isa = PBXBuildFile; fileRef = 1D7842A31B4FE8E80056A40D /* LEDetailController.xib */; };
		330D5B401B4B22DE006920C4 /* LERegisterController.m in Sources */ = {isa = PBXBuildFile; fileRef = 330D5B3E1B4B22DE006920C4 /* LERegisterController.m */; };
		330D5B411B4B22DE006920C4 /* LERegisterController.xib in Resources */ = {isa = PBXBuildFile; fileRef = 330D5B3F1B4B22DE006920C4 /* LERegisterController.xib */; };
		330D5B451B4B22EF006920C4 /* LERecoverController.m in Sources */ = {isa = PBXBuildFile; fileRef = 330D5B431B4B22EF006920C4 /* LERecoverController.m */; };
		330D5B461B4B22EF006920C4 /* LERecoverController.xib in Resources */ = {isa = PBXBuildFile; fileRef = 330D5B441B4B22EF006920C4 /* LERecoverController.xib */; };
		3347E8DF1B4844DA00F9F754 /* UIColor+MyColor.m in Sources */ = {isa = PBXBuildFile; fileRef = 3347E8DE1B4844DA00F9F754 /* UIColor+MyColor.m */; };
		33595E451B517C8B00254DE7 /* LetsGoEat.xml in Resources */ = {isa = PBXBuildFile; fileRef = 33595E441B517C8B00254DE7 /* LetsGoEat.xml */; };
		33595F2D1B51812E00254DE7 /* RegisterDTO.m in Sources */ = {isa = PBXBuildFile; fileRef = 33595F2C1B51812E00254DE7 /* RegisterDTO.m */; };
		33595F781B518FF900254DE7 /* SecondCustomSegue.m in Sources */ = {isa = PBXBuildFile; fileRef = 33595F771B518FF900254DE7 /* SecondCustomSegue.m */; };
		33595F7B1B51B6B400254DE7 /* LoginDTO.m in Sources */ = {isa = PBXBuildFile; fileRef = 33595F7A1B51B6B400254DE7 /* LoginDTO.m */; };
		33595FC81B51B6CD00254DE7 /* BaseLogic.m in Sources */ = {isa = PBXBuildFile; fileRef = 33595F801B51B6CD00254DE7 /* BaseLogic.m */; };
		33595FC91B51B6CD00254DE7 /* LogicFilter.m in Sources */ = {isa = PBXBuildFile; fileRef = 33595F821B51B6CD00254DE7 /* LogicFilter.m */; };
		33595FCA1B51B6CD00254DE7 /* DummyCache.m in Sources */ = {isa = PBXBuildFile; fileRef = 33595F861B51B6CD00254DE7 /* DummyCache.m */; };
		33595FCB1B51B6CD00254DE7 /* LimitedAgeMemoryCache.m in Sources */ = {isa = PBXBuildFile; fileRef = 33595F881B51B6CD00254DE7 /* LimitedAgeMemoryCache.m */; };
		33595FCC1B51B6CD00254DE7 /* LimitedAgeUnlimitedDiskCache.m in Sources */ = {isa = PBXBuildFile; fileRef = 33595F8A1B51B6CD00254DE7 /* LimitedAgeUnlimitedDiskCache.m */; };
		33595FCD1B51B6CD00254DE7 /* UnlimitedDiskCache.m in Sources */ = {isa = PBXBuildFile; fileRef = 33595F8C1B51B6CD00254DE7 /* UnlimitedDiskCache.m */; };
		33595FCE1B51B6CD00254DE7 /* UnlimitedMemoryCache.m in Sources */ = {isa = PBXBuildFile; fileRef = 33595F8E1B51B6CD00254DE7 /* UnlimitedMemoryCache.m */; };
		33595FCF1B51B6CD00254DE7 /* BaseSignInLogic.m in Sources */ = {isa = PBXBuildFile; fileRef = 33595F921B51B6CD00254DE7 /* BaseSignInLogic.m */; };
		33595FD01B51B6CD00254DE7 /* BaseSignUpLogic.m in Sources */ = {isa = PBXBuildFile; fileRef = 33595F941B51B6CD00254DE7 /* BaseSignUpLogic.m */; };
		33595FD11B51B6CD00254DE7 /* LetsGoEatHelper.m in Sources */ = {isa = PBXBuildFile; fileRef = 33595F961B51B6CD00254DE7 /* LetsGoEatHelper.m */; };
		33595FD21B51B6CD00254DE7 /* SignInLogic.m in Sources */ = {isa = PBXBuildFile; fileRef = 33595F981B51B6CD00254DE7 /* SignInLogic.m */; };
		33595FD31B51B6CD00254DE7 /* SignUpLogic.m in Sources */ = {isa = PBXBuildFile; fileRef = 33595F9A1B51B6CD00254DE7 /* SignUpLogic.m */; };
		33595FD41B51B6CD00254DE7 /* SignInActionTask.m in Sources */ = {isa = PBXBuildFile; fileRef = 33595F9D1B51B6CD00254DE7 /* SignInActionTask.m */; };
		33595FD51B51B6CD00254DE7 /* SignUpActionTask.m in Sources */ = {isa = PBXBuildFile; fileRef = 33595F9F1B51B6CD00254DE7 /* SignUpActionTask.m */; };
		33595FD61B51B6CD00254DE7 /* SignInDAO.m in Sources */ = {isa = PBXBuildFile; fileRef = 33595FA31B51B6CD00254DE7 /* SignInDAO.m */; };
		33595FD71B51B6CD00254DE7 /* SignInRequestDAO.m in Sources */ = {isa = PBXBuildFile; fileRef = 33595FA51B51B6CD00254DE7 /* SignInRequestDAO.m */; };
		33595FD81B51B6CD00254DE7 /* SignInResponseDAO.m in Sources */ = {isa = PBXBuildFile; fileRef = 33595FA71B51B6CD00254DE7 /* SignInResponseDAO.m */; };
		33595FD91B51B6CD00254DE7 /* SignUpDAO.m in Sources */ = {isa = PBXBuildFile; fileRef = 33595FA91B51B6CD00254DE7 /* SignUpDAO.m */; };
		33595FDA1B51B6CD00254DE7 /* SignUpRequestDAO.m in Sources */ = {isa = PBXBuildFile; fileRef = 33595FAB1B51B6CD00254DE7 /* SignUpRequestDAO.m */; };
		33595FDB1B51B6CD00254DE7 /* SignUpResponseDAO.m in Sources */ = {isa = PBXBuildFile; fileRef = 33595FAD1B51B6CD00254DE7 /* SignUpResponseDAO.m */; };
		33595FDC1B51B6CD00254DE7 /* BaseSignInDTO.m in Sources */ = {isa = PBXBuildFile; fileRef = 33595FB11B51B6CD00254DE7 /* BaseSignInDTO.m */; };
		33595FDD1B51B6CD00254DE7 /* BaseSignInRequestDTO.m in Sources */ = {isa = PBXBuildFile; fileRef = 33595FB31B51B6CD00254DE7 /* BaseSignInRequestDTO.m */; };
		33595FDE1B51B6CD00254DE7 /* BaseSignInResponseDTO.m in Sources */ = {isa = PBXBuildFile; fileRef = 33595FB51B51B6CD00254DE7 /* BaseSignInResponseDTO.m */; };
		33595FDF1B51B6CD00254DE7 /* BaseSignUpDTO.m in Sources */ = {isa = PBXBuildFile; fileRef = 33595FB71B51B6CD00254DE7 /* BaseSignUpDTO.m */; };
		33595FE01B51B6CD00254DE7 /* BaseSignUpRequestDTO.m in Sources */ = {isa = PBXBuildFile; fileRef = 33595FB91B51B6CD00254DE7 /* BaseSignUpRequestDTO.m */; };
		33595FE11B51B6CD00254DE7 /* BaseSignUpResponseDTO.m in Sources */ = {isa = PBXBuildFile; fileRef = 33595FBB1B51B6CD00254DE7 /* BaseSignUpResponseDTO.m */; };
		33595FE21B51B6CD00254DE7 /* SignInDTO.m in Sources */ = {isa = PBXBuildFile; fileRef = 33595FBD1B51B6CD00254DE7 /* SignInDTO.m */; };
		33595FE31B51B6CD00254DE7 /* SignInRequestDTO.m in Sources */ = {isa = PBXBuildFile; fileRef = 33595FBF1B51B6CD00254DE7 /* SignInRequestDTO.m */; };
		33595FE41B51B6CD00254DE7 /* SignInResponseDTO.m in Sources */ = {isa = PBXBuildFile; fileRef = 33595FC11B51B6CD00254DE7 /* SignInResponseDTO.m */; };
		33595FE51B51B6CD00254DE7 /* SignUpDTO.m in Sources */ = {isa = PBXBuildFile; fileRef = 33595FC31B51B6CD00254DE7 /* SignUpDTO.m */; };
		33595FE61B51B6CD00254DE7 /* SignUpRequestDTO.m in Sources */ = {isa = PBXBuildFile; fileRef = 33595FC51B51B6CD00254DE7 /* SignUpRequestDTO.m */; };
		33595FE71B51B6CD00254DE7 /* SignUpResponseDTO.m in Sources */ = {isa = PBXBuildFile; fileRef = 33595FC71B51B6CD00254DE7 /* SignUpResponseDTO.m */; };
		33C3033E1B4D78560058C9E3 /* LEMapController.m in Sources */ = {isa = PBXBuildFile; fileRef = 33C3033C1B4D78560058C9E3 /* LEMapController.m */; };
		33C3033F1B4D78560058C9E3 /* LEMapController.xib in Resources */ = {isa = PBXBuildFile; fileRef = 33C3033D1B4D78560058C9E3 /* LEMapController.xib */; };
		33C3034C1B4D812F0058C9E3 /* MapKit.framework in Frameworks */ = {isa = PBXBuildFile; fileRef = 33C3034B1B4D812F0058C9E3 /* MapKit.framework */; };
		33C303531B4D8B820058C9E3 /* CustomCell.m in Sources */ = {isa = PBXBuildFile; fileRef = 33C303511B4D8B820058C9E3 /* CustomCell.m */; };
		33C303541B4D8B820058C9E3 /* CustomCell.xib in Resources */ = {isa = PBXBuildFile; fileRef = 33C303521B4D8B820058C9E3 /* CustomCell.xib */; };
		33DEFA621B46E69400053B72 /* main.m in Sources */ = {isa = PBXBuildFile; fileRef = 33DEFA611B46E69400053B72 /* main.m */; };
		33DEFA651B46E69400053B72 /* AppDelegate.m in Sources */ = {isa = PBXBuildFile; fileRef = 33DEFA641B46E69400053B72 /* AppDelegate.m */; };
		33DEFA6B1B46E69400053B72 /* Main.storyboard in Resources */ = {isa = PBXBuildFile; fileRef = 33DEFA691B46E69400053B72 /* Main.storyboard */; };
		33DEFA6D1B46E69400053B72 /* Images.xcassets in Resources */ = {isa = PBXBuildFile; fileRef = 33DEFA6C1B46E69400053B72 /* Images.xcassets */; };
		33DEFA701B46E69400053B72 /* LaunchScreen.xib in Resources */ = {isa = PBXBuildFile; fileRef = 33DEFA6E1B46E69400053B72 /* LaunchScreen.xib */; };
		33DEFA7C1B46E69500053B72 /* LetsEatTests.m in Sources */ = {isa = PBXBuildFile; fileRef = 33DEFA7B1B46E69500053B72 /* LetsEatTests.m */; };
		33DEFA891B46E90400053B72 /* LEMainController.m in Sources */ = {isa = PBXBuildFile; fileRef = 33DEFA871B46E90400053B72 /* LEMainController.m */; };
		33DEFA8A1B46E90400053B72 /* LEMainController.xib in Resources */ = {isa = PBXBuildFile; fileRef = 33DEFA881B46E90400053B72 /* LEMainController.xib */; };
		33DEFA8E1B46EFB100053B72 /* LELoginController.m in Sources */ = {isa = PBXBuildFile; fileRef = 33DEFA8C1B46EFB100053B72 /* LELoginController.m */; };
		33DEFA8F1B46EFB100053B72 /* LELoginController.xib in Resources */ = {isa = PBXBuildFile; fileRef = 33DEFA8D1B46EFB100053B72 /* LELoginController.xib */; };
		33DEFAB41B46F7B400053B72 /* title1@2x.png in Resources */ = {isa = PBXBuildFile; fileRef = 33DEFAAC1B46F7B400053B72 /* title1@2x.png */; };
		33DEFAB51B46F7B400053B72 /* title2@2x.png in Resources */ = {isa = PBXBuildFile; fileRef = 33DEFAAD1B46F7B400053B72 /* title2@2x.png */; };
		33DEFAB61B46F7B400053B72 /* title3@2x.png in Resources */ = {isa = PBXBuildFile; fileRef = 33DEFAAE1B46F7B400053B72 /* title3@2x.png */; };
		33DEFAB71B46F7B400053B72 /* title4@2x.png in Resources */ = {isa = PBXBuildFile; fileRef = 33DEFAAF1B46F7B400053B72 /* title4@2x.png */; };
		33F275F11B4F208C00E45EB6 /* CustomSegue.m in Sources */ = {isa = PBXBuildFile; fileRef = 33F275F01B4F208C00E45EB6 /* CustomSegue.m */; };
		722E8782988FD7A7D2F01F4A /* libPods.a in Frameworks */ = {isa = PBXBuildFile; fileRef = FB559C7CF248DF51723F8172 /* libPods.a */; };
/* End PBXBuildFile section */

/* Begin PBXContainerItemProxy section */
		33DEFA761B46E69500053B72 /* PBXContainerItemProxy */ = {
			isa = PBXContainerItemProxy;
			containerPortal = 33DEFA541B46E69400053B72 /* Project object */;
			proxyType = 1;
			remoteGlobalIDString = 33DEFA5B1B46E69400053B72;
			remoteInfo = LetsEat;
		};
/* End PBXContainerItemProxy section */

/* Begin PBXFileReference section */
		17F90F6F848538FD278AB938 /* Pods.release.xcconfig */ = {isa = PBXFileReference; includeInIndex = 1; lastKnownFileType = text.xcconfig; name = Pods.release.xcconfig; path = "Pods/Target Support Files/Pods/Pods.release.xcconfig"; sourceTree = "<group>"; };
		1D78429B1B4FCE710056A40D /* LEMenuListController.h */ = {isa = PBXFileReference; fileEncoding = 4; lastKnownFileType = sourcecode.c.h; path = LEMenuListController.h; sourceTree = "<group>"; };
		1D78429C1B4FCE710056A40D /* LEMenuListController.m */ = {isa = PBXFileReference; fileEncoding = 4; lastKnownFileType = sourcecode.c.objc; path = LEMenuListController.m; sourceTree = "<group>"; };
		1D78429D1B4FCE710056A40D /* LEMenuListController.xib */ = {isa = PBXFileReference; fileEncoding = 4; lastKnownFileType = file.xib; path = LEMenuListController.xib; sourceTree = "<group>"; };
		1D7842A11B4FE8E80056A40D /* LEDetailController.h */ = {isa = PBXFileReference; fileEncoding = 4; lastKnownFileType = sourcecode.c.h; path = LEDetailController.h; sourceTree = "<group>"; };
		1D7842A21B4FE8E80056A40D /* LEDetailController.m */ = {isa = PBXFileReference; fileEncoding = 4; lastKnownFileType = sourcecode.c.objc; path = LEDetailController.m; sourceTree = "<group>"; };
		1D7842A31B4FE8E80056A40D /* LEDetailController.xib */ = {isa = PBXFileReference; fileEncoding = 4; lastKnownFileType = file.xib; path = LEDetailController.xib; sourceTree = "<group>"; };
		330D5B3D1B4B22DE006920C4 /* LERegisterController.h */ = {isa = PBXFileReference; fileEncoding = 4; lastKnownFileType = sourcecode.c.h; path = LERegisterController.h; sourceTree = "<group>"; };
		330D5B3E1B4B22DE006920C4 /* LERegisterController.m */ = {isa = PBXFileReference; fileEncoding = 4; lastKnownFileType = sourcecode.c.objc; path = LERegisterController.m; sourceTree = "<group>"; };
		330D5B3F1B4B22DE006920C4 /* LERegisterController.xib */ = {isa = PBXFileReference; fileEncoding = 4; lastKnownFileType = file.xib; path = LERegisterController.xib; sourceTree = "<group>"; };
		330D5B421B4B22EF006920C4 /* LERecoverController.h */ = {isa = PBXFileReference; fileEncoding = 4; lastKnownFileType = sourcecode.c.h; path = LERecoverController.h; sourceTree = "<group>"; };
		330D5B431B4B22EF006920C4 /* LERecoverController.m */ = {isa = PBXFileReference; fileEncoding = 4; lastKnownFileType = sourcecode.c.objc; path = LERecoverController.m; sourceTree = "<group>"; };
		330D5B441B4B22EF006920C4 /* LERecoverController.xib */ = {isa = PBXFileReference; fileEncoding = 4; lastKnownFileType = file.xib; path = LERecoverController.xib; sourceTree = "<group>"; };
		3347E8DD1B4844DA00F9F754 /* UIColor+MyColor.h */ = {isa = PBXFileReference; fileEncoding = 4; lastKnownFileType = sourcecode.c.h; path = "UIColor+MyColor.h"; sourceTree = "<group>"; };
		3347E8DE1B4844DA00F9F754 /* UIColor+MyColor.m */ = {isa = PBXFileReference; fileEncoding = 4; lastKnownFileType = sourcecode.c.objc; path = "UIColor+MyColor.m"; sourceTree = "<group>"; };
		3347E8E01B48458800F9F754 /* es */ = {isa = PBXFileReference; lastKnownFileType = text.plist.strings; name = es; path = es.lproj/Main.strings; sourceTree = "<group>"; };
		3347E8E11B48458800F9F754 /* es */ = {isa = PBXFileReference; lastKnownFileType = text.plist.strings; name = es; path = es.lproj/LaunchScreen.strings; sourceTree = "<group>"; };
		33595E431B517B5B00254DE7 /* GenDefines.h */ = {isa = PBXFileReference; fileEncoding = 4; lastKnownFileType = sourcecode.c.h; path = GenDefines.h; sourceTree = "<group>"; };
		33595E441B517C8B00254DE7 /* LetsGoEat.xml */ = {isa = PBXFileReference; fileEncoding = 4; lastKnownFileType = text.xml; path = LetsGoEat.xml; sourceTree = "<group>"; };
		33595F2B1B51812E00254DE7 /* RegisterDTO.h */ = {isa = PBXFileReference; fileEncoding = 4; lastKnownFileType = sourcecode.c.h; path = RegisterDTO.h; sourceTree = "<group>"; };
		33595F2C1B51812E00254DE7 /* RegisterDTO.m */ = {isa = PBXFileReference; fileEncoding = 4; lastKnownFileType = sourcecode.c.objc; path = RegisterDTO.m; sourceTree = "<group>"; };
		33595F761B518FF900254DE7 /* SecondCustomSegue.h */ = {isa = PBXFileReference; fileEncoding = 4; lastKnownFileType = sourcecode.c.h; path = SecondCustomSegue.h; sourceTree = "<group>"; };
		33595F771B518FF900254DE7 /* SecondCustomSegue.m */ = {isa = PBXFileReference; fileEncoding = 4; lastKnownFileType = sourcecode.c.objc; path = SecondCustomSegue.m; sourceTree = "<group>"; };
		33595F791B51B6B400254DE7 /* LoginDTO.h */ = {isa = PBXFileReference; fileEncoding = 4; lastKnownFileType = sourcecode.c.h; path = LoginDTO.h; sourceTree = "<group>"; };
		33595F7A1B51B6B400254DE7 /* LoginDTO.m */ = {isa = PBXFileReference; fileEncoding = 4; lastKnownFileType = sourcecode.c.objc; path = LoginDTO.m; sourceTree = "<group>"; };
		33595F7F1B51B6CD00254DE7 /* BaseLogic.h */ = {isa = PBXFileReference; fileEncoding = 4; lastKnownFileType = sourcecode.c.h; path = BaseLogic.h; sourceTree = "<group>"; };
		33595F801B51B6CD00254DE7 /* BaseLogic.m */ = {isa = PBXFileReference; fileEncoding = 4; lastKnownFileType = sourcecode.c.objc; path = BaseLogic.m; sourceTree = "<group>"; };
		33595F811B51B6CD00254DE7 /* LogicFilter.h */ = {isa = PBXFileReference; fileEncoding = 4; lastKnownFileType = sourcecode.c.h; path = LogicFilter.h; sourceTree = "<group>"; };
		33595F821B51B6CD00254DE7 /* LogicFilter.m */ = {isa = PBXFileReference; fileEncoding = 4; lastKnownFileType = sourcecode.c.objc; path = LogicFilter.m; sourceTree = "<group>"; };
		33595F841B51B6CD00254DE7 /* Cache.h */ = {isa = PBXFileReference; fileEncoding = 4; lastKnownFileType = sourcecode.c.h; path = Cache.h; sourceTree = "<group>"; };
		33595F851B51B6CD00254DE7 /* DummyCache.h */ = {isa = PBXFileReference; fileEncoding = 4; lastKnownFileType = sourcecode.c.h; path = DummyCache.h; sourceTree = "<group>"; };
		33595F861B51B6CD00254DE7 /* DummyCache.m */ = {isa = PBXFileReference; fileEncoding = 4; lastKnownFileType = sourcecode.c.objc; path = DummyCache.m; sourceTree = "<group>"; };
		33595F871B51B6CD00254DE7 /* LimitedAgeMemoryCache.h */ = {isa = PBXFileReference; fileEncoding = 4; lastKnownFileType = sourcecode.c.h; path = LimitedAgeMemoryCache.h; sourceTree = "<group>"; };
		33595F881B51B6CD00254DE7 /* LimitedAgeMemoryCache.m */ = {isa = PBXFileReference; fileEncoding = 4; lastKnownFileType = sourcecode.c.objc; path = LimitedAgeMemoryCache.m; sourceTree = "<group>"; };
		33595F891B51B6CD00254DE7 /* LimitedAgeUnlimitedDiskCache.h */ = {isa = PBXFileReference; fileEncoding = 4; lastKnownFileType = sourcecode.c.h; path = LimitedAgeUnlimitedDiskCache.h; sourceTree = "<group>"; };
		33595F8A1B51B6CD00254DE7 /* LimitedAgeUnlimitedDiskCache.m */ = {isa = PBXFileReference; fileEncoding = 4; lastKnownFileType = sourcecode.c.objc; path = LimitedAgeUnlimitedDiskCache.m; sourceTree = "<group>"; };
		33595F8B1B51B6CD00254DE7 /* UnlimitedDiskCache.h */ = {isa = PBXFileReference; fileEncoding = 4; lastKnownFileType = sourcecode.c.h; path = UnlimitedDiskCache.h; sourceTree = "<group>"; };
		33595F8C1B51B6CD00254DE7 /* UnlimitedDiskCache.m */ = {isa = PBXFileReference; fileEncoding = 4; lastKnownFileType = sourcecode.c.objc; path = UnlimitedDiskCache.m; sourceTree = "<group>"; };
		33595F8D1B51B6CD00254DE7 /* UnlimitedMemoryCache.h */ = {isa = PBXFileReference; fileEncoding = 4; lastKnownFileType = sourcecode.c.h; path = UnlimitedMemoryCache.h; sourceTree = "<group>"; };
		33595F8E1B51B6CD00254DE7 /* UnlimitedMemoryCache.m */ = {isa = PBXFileReference; fileEncoding = 4; lastKnownFileType = sourcecode.c.objc; path = UnlimitedMemoryCache.m; sourceTree = "<group>"; };
		33595F911B51B6CD00254DE7 /* BaseSignInLogic.h */ = {isa = PBXFileReference; fileEncoding = 4; lastKnownFileType = sourcecode.c.h; path = BaseSignInLogic.h; sourceTree = "<group>"; };
		33595F921B51B6CD00254DE7 /* BaseSignInLogic.m */ = {isa = PBXFileReference; fileEncoding = 4; lastKnownFileType = sourcecode.c.objc; path = BaseSignInLogic.m; sourceTree = "<group>"; };
		33595F931B51B6CD00254DE7 /* BaseSignUpLogic.h */ = {isa = PBXFileReference; fileEncoding = 4; lastKnownFileType = sourcecode.c.h; path = BaseSignUpLogic.h; sourceTree = "<group>"; };
		33595F941B51B6CD00254DE7 /* BaseSignUpLogic.m */ = {isa = PBXFileReference; fileEncoding = 4; lastKnownFileType = sourcecode.c.objc; path = BaseSignUpLogic.m; sourceTree = "<group>"; };
		33595F951B51B6CD00254DE7 /* LetsGoEatHelper.h */ = {isa = PBXFileReference; fileEncoding = 4; lastKnownFileType = sourcecode.c.h; path = LetsGoEatHelper.h; sourceTree = "<group>"; };
		33595F961B51B6CD00254DE7 /* LetsGoEatHelper.m */ = {isa = PBXFileReference; fileEncoding = 4; lastKnownFileType = sourcecode.c.objc; path = LetsGoEatHelper.m; sourceTree = "<group>"; };
		33595F971B51B6CD00254DE7 /* SignInLogic.h */ = {isa = PBXFileReference; fileEncoding = 4; lastKnownFileType = sourcecode.c.h; path = SignInLogic.h; sourceTree = "<group>"; };
		33595F981B51B6CD00254DE7 /* SignInLogic.m */ = {isa = PBXFileReference; fileEncoding = 4; lastKnownFileType = sourcecode.c.objc; path = SignInLogic.m; sourceTree = "<group>"; };
		33595F991B51B6CD00254DE7 /* SignUpLogic.h */ = {isa = PBXFileReference; fileEncoding = 4; lastKnownFileType = sourcecode.c.h; path = SignUpLogic.h; sourceTree = "<group>"; };
		33595F9A1B51B6CD00254DE7 /* SignUpLogic.m */ = {isa = PBXFileReference; fileEncoding = 4; lastKnownFileType = sourcecode.c.objc; path = SignUpLogic.m; sourceTree = "<group>"; };
		33595F9C1B51B6CD00254DE7 /* SignInActionTask.h */ = {isa = PBXFileReference; fileEncoding = 4; lastKnownFileType = sourcecode.c.h; path = SignInActionTask.h; sourceTree = "<group>"; };
		33595F9D1B51B6CD00254DE7 /* SignInActionTask.m */ = {isa = PBXFileReference; fileEncoding = 4; lastKnownFileType = sourcecode.c.objc; path = SignInActionTask.m; sourceTree = "<group>"; };
		33595F9E1B51B6CD00254DE7 /* SignUpActionTask.h */ = {isa = PBXFileReference; fileEncoding = 4; lastKnownFileType = sourcecode.c.h; path = SignUpActionTask.h; sourceTree = "<group>"; };
		33595F9F1B51B6CD00254DE7 /* SignUpActionTask.m */ = {isa = PBXFileReference; fileEncoding = 4; lastKnownFileType = sourcecode.c.objc; path = SignUpActionTask.m; sourceTree = "<group>"; };
		33595FA21B51B6CD00254DE7 /* SignInDAO.h */ = {isa = PBXFileReference; fileEncoding = 4; lastKnownFileType = sourcecode.c.h; path = SignInDAO.h; sourceTree = "<group>"; };
		33595FA31B51B6CD00254DE7 /* SignInDAO.m */ = {isa = PBXFileReference; fileEncoding = 4; lastKnownFileType = sourcecode.c.objc; path = SignInDAO.m; sourceTree = "<group>"; };
		33595FA41B51B6CD00254DE7 /* SignInRequestDAO.h */ = {isa = PBXFileReference; fileEncoding = 4; lastKnownFileType = sourcecode.c.h; path = SignInRequestDAO.h; sourceTree = "<group>"; };
		33595FA51B51B6CD00254DE7 /* SignInRequestDAO.m */ = {isa = PBXFileReference; fileEncoding = 4; lastKnownFileType = sourcecode.c.objc; path = SignInRequestDAO.m; sourceTree = "<group>"; };
		33595FA61B51B6CD00254DE7 /* SignInResponseDAO.h */ = {isa = PBXFileReference; fileEncoding = 4; lastKnownFileType = sourcecode.c.h; path = SignInResponseDAO.h; sourceTree = "<group>"; };
		33595FA71B51B6CD00254DE7 /* SignInResponseDAO.m */ = {isa = PBXFileReference; fileEncoding = 4; lastKnownFileType = sourcecode.c.objc; path = SignInResponseDAO.m; sourceTree = "<group>"; };
		33595FA81B51B6CD00254DE7 /* SignUpDAO.h */ = {isa = PBXFileReference; fileEncoding = 4; lastKnownFileType = sourcecode.c.h; path = SignUpDAO.h; sourceTree = "<group>"; };
		33595FA91B51B6CD00254DE7 /* SignUpDAO.m */ = {isa = PBXFileReference; fileEncoding = 4; lastKnownFileType = sourcecode.c.objc; path = SignUpDAO.m; sourceTree = "<group>"; };
		33595FAA1B51B6CD00254DE7 /* SignUpRequestDAO.h */ = {isa = PBXFileReference; fileEncoding = 4; lastKnownFileType = sourcecode.c.h; path = SignUpRequestDAO.h; sourceTree = "<group>"; };
		33595FAB1B51B6CD00254DE7 /* SignUpRequestDAO.m */ = {isa = PBXFileReference; fileEncoding = 4; lastKnownFileType = sourcecode.c.objc; path = SignUpRequestDAO.m; sourceTree = "<group>"; };
		33595FAC1B51B6CD00254DE7 /* SignUpResponseDAO.h */ = {isa = PBXFileReference; fileEncoding = 4; lastKnownFileType = sourcecode.c.h; path = SignUpResponseDAO.h; sourceTree = "<group>"; };
		33595FAD1B51B6CD00254DE7 /* SignUpResponseDAO.m */ = {isa = PBXFileReference; fileEncoding = 4; lastKnownFileType = sourcecode.c.objc; path = SignUpResponseDAO.m; sourceTree = "<group>"; };
		33595FB01B51B6CD00254DE7 /* BaseSignInDTO.h */ = {isa = PBXFileReference; fileEncoding = 4; lastKnownFileType = sourcecode.c.h; path = BaseSignInDTO.h; sourceTree = "<group>"; };
		33595FB11B51B6CD00254DE7 /* BaseSignInDTO.m */ = {isa = PBXFileReference; fileEncoding = 4; lastKnownFileType = sourcecode.c.objc; path = BaseSignInDTO.m; sourceTree = "<group>"; };
		33595FB21B51B6CD00254DE7 /* BaseSignInRequestDTO.h */ = {isa = PBXFileReference; fileEncoding = 4; lastKnownFileType = sourcecode.c.h; path = BaseSignInRequestDTO.h; sourceTree = "<group>"; };
		33595FB31B51B6CD00254DE7 /* BaseSignInRequestDTO.m */ = {isa = PBXFileReference; fileEncoding = 4; lastKnownFileType = sourcecode.c.objc; path = BaseSignInRequestDTO.m; sourceTree = "<group>"; };
		33595FB41B51B6CD00254DE7 /* BaseSignInResponseDTO.h */ = {isa = PBXFileReference; fileEncoding = 4; lastKnownFileType = sourcecode.c.h; path = BaseSignInResponseDTO.h; sourceTree = "<group>"; };
		33595FB51B51B6CD00254DE7 /* BaseSignInResponseDTO.m */ = {isa = PBXFileReference; fileEncoding = 4; lastKnownFileType = sourcecode.c.objc; path = BaseSignInResponseDTO.m; sourceTree = "<group>"; };
		33595FB61B51B6CD00254DE7 /* BaseSignUpDTO.h */ = {isa = PBXFileReference; fileEncoding = 4; lastKnownFileType = sourcecode.c.h; path = BaseSignUpDTO.h; sourceTree = "<group>"; };
		33595FB71B51B6CD00254DE7 /* BaseSignUpDTO.m */ = {isa = PBXFileReference; fileEncoding = 4; lastKnownFileType = sourcecode.c.objc; path = BaseSignUpDTO.m; sourceTree = "<group>"; };
		33595FB81B51B6CD00254DE7 /* BaseSignUpRequestDTO.h */ = {isa = PBXFileReference; fileEncoding = 4; lastKnownFileType = sourcecode.c.h; path = BaseSignUpRequestDTO.h; sourceTree = "<group>"; };
		33595FB91B51B6CD00254DE7 /* BaseSignUpRequestDTO.m */ = {isa = PBXFileReference; fileEncoding = 4; lastKnownFileType = sourcecode.c.objc; path = BaseSignUpRequestDTO.m; sourceTree = "<group>"; };
		33595FBA1B51B6CD00254DE7 /* BaseSignUpResponseDTO.h */ = {isa = PBXFileReference; fileEncoding = 4; lastKnownFileType = sourcecode.c.h; path = BaseSignUpResponseDTO.h; sourceTree = "<group>"; };
		33595FBB1B51B6CD00254DE7 /* BaseSignUpResponseDTO.m */ = {isa = PBXFileReference; fileEncoding = 4; lastKnownFileType = sourcecode.c.objc; path = BaseSignUpResponseDTO.m; sourceTree = "<group>"; };
		33595FBC1B51B6CD00254DE7 /* SignInDTO.h */ = {isa = PBXFileReference; fileEncoding = 4; lastKnownFileType = sourcecode.c.h; path = SignInDTO.h; sourceTree = "<group>"; };
		33595FBD1B51B6CD00254DE7 /* SignInDTO.m */ = {isa = PBXFileReference; fileEncoding = 4; lastKnownFileType = sourcecode.c.objc; path = SignInDTO.m; sourceTree = "<group>"; };
		33595FBE1B51B6CD00254DE7 /* SignInRequestDTO.h */ = {isa = PBXFileReference; fileEncoding = 4; lastKnownFileType = sourcecode.c.h; path = SignInRequestDTO.h; sourceTree = "<group>"; };
		33595FBF1B51B6CD00254DE7 /* SignInRequestDTO.m */ = {isa = PBXFileReference; fileEncoding = 4; lastKnownFileType = sourcecode.c.objc; path = SignInRequestDTO.m; sourceTree = "<group>"; };
		33595FC01B51B6CD00254DE7 /* SignInResponseDTO.h */ = {isa = PBXFileReference; fileEncoding = 4; lastKnownFileType = sourcecode.c.h; path = SignInResponseDTO.h; sourceTree = "<group>"; };
		33595FC11B51B6CD00254DE7 /* SignInResponseDTO.m */ = {isa = PBXFileReference; fileEncoding = 4; lastKnownFileType = sourcecode.c.objc; path = SignInResponseDTO.m; sourceTree = "<group>"; };
		33595FC21B51B6CD00254DE7 /* SignUpDTO.h */ = {isa = PBXFileReference; fileEncoding = 4; lastKnownFileType = sourcecode.c.h; path = SignUpDTO.h; sourceTree = "<group>"; };
		33595FC31B51B6CD00254DE7 /* SignUpDTO.m */ = {isa = PBXFileReference; fileEncoding = 4; lastKnownFileType = sourcecode.c.objc; path = SignUpDTO.m; sourceTree = "<group>"; };
		33595FC41B51B6CD00254DE7 /* SignUpRequestDTO.h */ = {isa = PBXFileReference; fileEncoding = 4; lastKnownFileType = sourcecode.c.h; path = SignUpRequestDTO.h; sourceTree = "<group>"; };
		33595FC51B51B6CD00254DE7 /* SignUpRequestDTO.m */ = {isa = PBXFileReference; fileEncoding = 4; lastKnownFileType = sourcecode.c.objc; path = SignUpRequestDTO.m; sourceTree = "<group>"; };
		33595FC61B51B6CD00254DE7 /* SignUpResponseDTO.h */ = {isa = PBXFileReference; fileEncoding = 4; lastKnownFileType = sourcecode.c.h; path = SignUpResponseDTO.h; sourceTree = "<group>"; };
		33595FC71B51B6CD00254DE7 /* SignUpResponseDTO.m */ = {isa = PBXFileReference; fileEncoding = 4; lastKnownFileType = sourcecode.c.objc; path = SignUpResponseDTO.m; sourceTree = "<group>"; };
		33C3033B1B4D78560058C9E3 /* LEMapController.h */ = {isa = PBXFileReference; fileEncoding = 4; lastKnownFileType = sourcecode.c.h; path = LEMapController.h; sourceTree = "<group>"; };
		33C3033C1B4D78560058C9E3 /* LEMapController.m */ = {isa = PBXFileReference; fileEncoding = 4; lastKnownFileType = sourcecode.c.objc; path = LEMapController.m; sourceTree = "<group>"; };
		33C3033D1B4D78560058C9E3 /* LEMapController.xib */ = {isa = PBXFileReference; fileEncoding = 4; lastKnownFileType = file.xib; path = LEMapController.xib; sourceTree = "<group>"; };
		33C3034B1B4D812F0058C9E3 /* MapKit.framework */ = {isa = PBXFileReference; lastKnownFileType = wrapper.framework; name = MapKit.framework; path = System/Library/Frameworks/MapKit.framework; sourceTree = SDKROOT; };
		33C303501B4D8B820058C9E3 /* CustomCell.h */ = {isa = PBXFileReference; fileEncoding = 4; lastKnownFileType = sourcecode.c.h; path = CustomCell.h; sourceTree = "<group>"; };
		33C303511B4D8B820058C9E3 /* CustomCell.m */ = {isa = PBXFileReference; fileEncoding = 4; lastKnownFileType = sourcecode.c.objc; path = CustomCell.m; sourceTree = "<group>"; };
		33C303521B4D8B820058C9E3 /* CustomCell.xib */ = {isa = PBXFileReference; fileEncoding = 4; lastKnownFileType = file.xib; path = CustomCell.xib; sourceTree = "<group>"; };
		33DEFA5C1B46E69400053B72 /* LetsGoEat.app */ = {isa = PBXFileReference; explicitFileType = wrapper.application; includeInIndex = 0; path = LetsGoEat.app; sourceTree = BUILT_PRODUCTS_DIR; };
		33DEFA601B46E69400053B72 /* Info.plist */ = {isa = PBXFileReference; lastKnownFileType = text.plist.xml; path = Info.plist; sourceTree = "<group>"; };
		33DEFA611B46E69400053B72 /* main.m */ = {isa = PBXFileReference; lastKnownFileType = sourcecode.c.objc; path = main.m; sourceTree = "<group>"; };
		33DEFA631B46E69400053B72 /* AppDelegate.h */ = {isa = PBXFileReference; lastKnownFileType = sourcecode.c.h; path = AppDelegate.h; sourceTree = "<group>"; };
		33DEFA641B46E69400053B72 /* AppDelegate.m */ = {isa = PBXFileReference; lastKnownFileType = sourcecode.c.objc; path = AppDelegate.m; sourceTree = "<group>"; };
		33DEFA6A1B46E69400053B72 /* Base */ = {isa = PBXFileReference; lastKnownFileType = file.storyboard; name = Base; path = Base.lproj/Main.storyboard; sourceTree = "<group>"; };
		33DEFA6C1B46E69400053B72 /* Images.xcassets */ = {isa = PBXFileReference; lastKnownFileType = folder.assetcatalog; path = Images.xcassets; sourceTree = "<group>"; };
		33DEFA6F1B46E69400053B72 /* Base */ = {isa = PBXFileReference; lastKnownFileType = file.xib; name = Base; path = Base.lproj/LaunchScreen.xib; sourceTree = "<group>"; };
		33DEFA751B46E69500053B72 /* LetsGoEatTests.xctest */ = {isa = PBXFileReference; explicitFileType = wrapper.cfbundle; includeInIndex = 0; path = LetsGoEatTests.xctest; sourceTree = BUILT_PRODUCTS_DIR; };
		33DEFA7A1B46E69500053B72 /* Info.plist */ = {isa = PBXFileReference; lastKnownFileType = text.plist.xml; path = Info.plist; sourceTree = "<group>"; };
		33DEFA7B1B46E69500053B72 /* LetsEatTests.m */ = {isa = PBXFileReference; lastKnownFileType = sourcecode.c.objc; path = LetsEatTests.m; sourceTree = "<group>"; };
		33DEFA861B46E90400053B72 /* LEMainController.h */ = {isa = PBXFileReference; fileEncoding = 4; lastKnownFileType = sourcecode.c.h; path = LEMainController.h; sourceTree = "<group>"; };
		33DEFA871B46E90400053B72 /* LEMainController.m */ = {isa = PBXFileReference; fileEncoding = 4; lastKnownFileType = sourcecode.c.objc; path = LEMainController.m; sourceTree = "<group>"; };
		33DEFA881B46E90400053B72 /* LEMainController.xib */ = {isa = PBXFileReference; fileEncoding = 4; lastKnownFileType = file.xib; path = LEMainController.xib; sourceTree = "<group>"; };
		33DEFA8B1B46EFB100053B72 /* LELoginController.h */ = {isa = PBXFileReference; fileEncoding = 4; lastKnownFileType = sourcecode.c.h; path = LELoginController.h; sourceTree = "<group>"; };
		33DEFA8C1B46EFB100053B72 /* LELoginController.m */ = {isa = PBXFileReference; fileEncoding = 4; lastKnownFileType = sourcecode.c.objc; path = LELoginController.m; sourceTree = "<group>"; };
		33DEFA8D1B46EFB100053B72 /* LELoginController.xib */ = {isa = PBXFileReference; fileEncoding = 4; lastKnownFileType = file.xib; path = LELoginController.xib; sourceTree = "<group>"; };
		33DEFAAC1B46F7B400053B72 /* title1@2x.png */ = {isa = PBXFileReference; lastKnownFileType = image.png; path = "title1@2x.png"; sourceTree = "<group>"; };
		33DEFAAD1B46F7B400053B72 /* title2@2x.png */ = {isa = PBXFileReference; lastKnownFileType = image.png; path = "title2@2x.png"; sourceTree = "<group>"; };
		33DEFAAE1B46F7B400053B72 /* title3@2x.png */ = {isa = PBXFileReference; lastKnownFileType = image.png; path = "title3@2x.png"; sourceTree = "<group>"; };
		33DEFAAF1B46F7B400053B72 /* title4@2x.png */ = {isa = PBXFileReference; lastKnownFileType = image.png; path = "title4@2x.png"; sourceTree = "<group>"; };
		33F275EF1B4F208C00E45EB6 /* CustomSegue.h */ = {isa = PBXFileReference; fileEncoding = 4; lastKnownFileType = sourcecode.c.h; path = CustomSegue.h; sourceTree = "<group>"; };
		33F275F01B4F208C00E45EB6 /* CustomSegue.m */ = {isa = PBXFileReference; fileEncoding = 4; lastKnownFileType = sourcecode.c.objc; path = CustomSegue.m; sourceTree = "<group>"; };
		9626DFAB740A2734B873B5C3 /* Pods.debug.xcconfig */ = {isa = PBXFileReference; includeInIndex = 1; lastKnownFileType = text.xcconfig; name = Pods.debug.xcconfig; path = "Pods/Target Support Files/Pods/Pods.debug.xcconfig"; sourceTree = "<group>"; };
		FB559C7CF248DF51723F8172 /* libPods.a */ = {isa = PBXFileReference; explicitFileType = archive.ar; includeInIndex = 0; path = libPods.a; sourceTree = BUILT_PRODUCTS_DIR; };
/* End PBXFileReference section */

/* Begin PBXFrameworksBuildPhase section */
		33DEFA591B46E69400053B72 /* Frameworks */ = {
			isa = PBXFrameworksBuildPhase;
			buildActionMask = 2147483647;
			files = (
				33C3034C1B4D812F0058C9E3 /* MapKit.framework in Frameworks */,
				722E8782988FD7A7D2F01F4A /* libPods.a in Frameworks */,
			);
			runOnlyForDeploymentPostprocessing = 0;
		};
		33DEFA721B46E69500053B72 /* Frameworks */ = {
			isa = PBXFrameworksBuildPhase;
			buildActionMask = 2147483647;
			files = (
			);
			runOnlyForDeploymentPostprocessing = 0;
		};
/* End PBXFrameworksBuildPhase section */

/* Begin PBXGroup section */
		1D7842A01B4FE8790056A40D /* Detail */ = {
			isa = PBXGroup;
			children = (
				1D7842A11B4FE8E80056A40D /* LEDetailController.h */,
				1D7842A21B4FE8E80056A40D /* LEDetailController.m */,
				1D7842A31B4FE8E80056A40D /* LEDetailController.xib */,
			);
			name = Detail;
			sourceTree = "<group>";
		};
		31215B0515DA5CFAE98CEF4B /* Frameworks */ = {
			isa = PBXGroup;
			children = (
				33C3034B1B4D812F0058C9E3 /* MapKit.framework */,
				FB559C7CF248DF51723F8172 /* libPods.a */,
			);
			name = Frameworks;
			sourceTree = "<group>";
		};
		330D5B311B4B1810006920C4 /* Recover */ = {
			isa = PBXGroup;
			children = (
				330D5B421B4B22EF006920C4 /* LERecoverController.h */,
				330D5B431B4B22EF006920C4 /* LERecoverController.m */,
				330D5B441B4B22EF006920C4 /* LERecoverController.xib */,
			);
			name = Recover;
			sourceTree = "<group>";
		};
		330D5B321B4B1817006920C4 /* Register */ = {
			isa = PBXGroup;
			children = (
				330D5B3D1B4B22DE006920C4 /* LERegisterController.h */,
				330D5B3E1B4B22DE006920C4 /* LERegisterController.m */,
				330D5B3F1B4B22DE006920C4 /* LERegisterController.xib */,
			);
			name = Register;
			sourceTree = "<group>";
		};
		3347E8DA1B4844C400F9F754 /* Model */ = {
			isa = PBXGroup;
			children = (
				33595E8E1B517F0400254DE7 /* DTOs */,
				33C3034F1B4D8B6A0058C9E3 /* CustomCell */,
				33DEFA921B46F23800053B72 /* IntroViewResources */,
				3347E8DC1B4844CE00F9F754 /* utils */,
				3347E8DB1B4844CA00F9F754 /* api */,
			);
			name = Model;
			sourceTree = "<group>";
		};
		3347E8DB1B4844CA00F9F754 /* api */ = {
			isa = PBXGroup;
			children = (
				33595F7C1B51B6CD00254DE7 /* Classes */,
				33595E441B517C8B00254DE7 /* LetsGoEat.xml */,
				33595E431B517B5B00254DE7 /* GenDefines.h */,
			);
			name = api;
			sourceTree = "<group>";
		};
		3347E8DC1B4844CE00F9F754 /* utils */ = {
			isa = PBXGroup;
			children = (
				3347E8DD1B4844DA00F9F754 /* UIColor+MyColor.h */,
				3347E8DE1B4844DA00F9F754 /* UIColor+MyColor.m */,
				33F275EF1B4F208C00E45EB6 /* CustomSegue.h */,
				33F275F01B4F208C00E45EB6 /* CustomSegue.m */,
				33595F761B518FF900254DE7 /* SecondCustomSegue.h */,
				33595F771B518FF900254DE7 /* SecondCustomSegue.m */,
			);
			name = utils;
			sourceTree = "<group>";
		};
		33595E8E1B517F0400254DE7 /* DTOs */ = {
			isa = PBXGroup;
			children = (
				33595F2B1B51812E00254DE7 /* RegisterDTO.h */,
				33595F2C1B51812E00254DE7 /* RegisterDTO.m */,
				33595F791B51B6B400254DE7 /* LoginDTO.h */,
				33595F7A1B51B6B400254DE7 /* LoginDTO.m */,
			);
			name = DTOs;
			sourceTree = "<group>";
		};
		33595F7C1B51B6CD00254DE7 /* Classes */ = {
			isa = PBXGroup;
			children = (
				33595F7D1B51B6CD00254DE7 /* gen */,
			);
			path = Classes;
			sourceTree = "<group>";
		};
		33595F7D1B51B6CD00254DE7 /* gen */ = {
			isa = PBXGroup;
			children = (
				33595F7E1B51B6CD00254DE7 /* Base */,
				33595F831B51B6CD00254DE7 /* Cache */,
				33595F8F1B51B6CD00254DE7 /* Logic */,
				33595FA01B51B6CD00254DE7 /* Model */,
			);
			path = gen;
			sourceTree = "<group>";
		};
		33595F7E1B51B6CD00254DE7 /* Base */ = {
			isa = PBXGroup;
			children = (
				33595F7F1B51B6CD00254DE7 /* BaseLogic.h */,
				33595F801B51B6CD00254DE7 /* BaseLogic.m */,
				33595F811B51B6CD00254DE7 /* LogicFilter.h */,
				33595F821B51B6CD00254DE7 /* LogicFilter.m */,
			);
			path = Base;
			sourceTree = "<group>";
		};
		33595F831B51B6CD00254DE7 /* Cache */ = {
			isa = PBXGroup;
			children = (
				33595F841B51B6CD00254DE7 /* Cache.h */,
				33595F851B51B6CD00254DE7 /* DummyCache.h */,
				33595F861B51B6CD00254DE7 /* DummyCache.m */,
				33595F871B51B6CD00254DE7 /* LimitedAgeMemoryCache.h */,
				33595F881B51B6CD00254DE7 /* LimitedAgeMemoryCache.m */,
				33595F891B51B6CD00254DE7 /* LimitedAgeUnlimitedDiskCache.h */,
				33595F8A1B51B6CD00254DE7 /* LimitedAgeUnlimitedDiskCache.m */,
				33595F8B1B51B6CD00254DE7 /* UnlimitedDiskCache.h */,
				33595F8C1B51B6CD00254DE7 /* UnlimitedDiskCache.m */,
				33595F8D1B51B6CD00254DE7 /* UnlimitedMemoryCache.h */,
				33595F8E1B51B6CD00254DE7 /* UnlimitedMemoryCache.m */,
			);
			path = Cache;
			sourceTree = "<group>";
		};
		33595F8F1B51B6CD00254DE7 /* Logic */ = {
			isa = PBXGroup;
			children = (
				33595F901B51B6CD00254DE7 /* Base */,
				33595F951B51B6CD00254DE7 /* LetsGoEatHelper.h */,
				33595F961B51B6CD00254DE7 /* LetsGoEatHelper.m */,
				33595F971B51B6CD00254DE7 /* SignInLogic.h */,
				33595F981B51B6CD00254DE7 /* SignInLogic.m */,
				33595F991B51B6CD00254DE7 /* SignUpLogic.h */,
				33595F9A1B51B6CD00254DE7 /* SignUpLogic.m */,
				33595F9B1B51B6CD00254DE7 /* Tasks */,
			);
			path = Logic;
			sourceTree = "<group>";
		};
		33595F901B51B6CD00254DE7 /* Base */ = {
			isa = PBXGroup;
			children = (
				33595F911B51B6CD00254DE7 /* BaseSignInLogic.h */,
				33595F921B51B6CD00254DE7 /* BaseSignInLogic.m */,
				33595F931B51B6CD00254DE7 /* BaseSignUpLogic.h */,
				33595F941B51B6CD00254DE7 /* BaseSignUpLogic.m */,
			);
			path = Base;
			sourceTree = "<group>";
		};
		33595F9B1B51B6CD00254DE7 /* Tasks */ = {
			isa = PBXGroup;
			children = (
				33595F9C1B51B6CD00254DE7 /* SignInActionTask.h */,
				33595F9D1B51B6CD00254DE7 /* SignInActionTask.m */,
				33595F9E1B51B6CD00254DE7 /* SignUpActionTask.h */,
				33595F9F1B51B6CD00254DE7 /* SignUpActionTask.m */,
			);
			path = Tasks;
			sourceTree = "<group>";
		};
		33595FA01B51B6CD00254DE7 /* Model */ = {
			isa = PBXGroup;
			children = (
				33595FA11B51B6CD00254DE7 /* DAO */,
				33595FAE1B51B6CD00254DE7 /* DTO */,
			);
			path = Model;
			sourceTree = "<group>";
		};
		33595FA11B51B6CD00254DE7 /* DAO */ = {
			isa = PBXGroup;
			children = (
				33595FA21B51B6CD00254DE7 /* SignInDAO.h */,
				33595FA31B51B6CD00254DE7 /* SignInDAO.m */,
				33595FA41B51B6CD00254DE7 /* SignInRequestDAO.h */,
				33595FA51B51B6CD00254DE7 /* SignInRequestDAO.m */,
				33595FA61B51B6CD00254DE7 /* SignInResponseDAO.h */,
				33595FA71B51B6CD00254DE7 /* SignInResponseDAO.m */,
				33595FA81B51B6CD00254DE7 /* SignUpDAO.h */,
				33595FA91B51B6CD00254DE7 /* SignUpDAO.m */,
				33595FAA1B51B6CD00254DE7 /* SignUpRequestDAO.h */,
				33595FAB1B51B6CD00254DE7 /* SignUpRequestDAO.m */,
				33595FAC1B51B6CD00254DE7 /* SignUpResponseDAO.h */,
				33595FAD1B51B6CD00254DE7 /* SignUpResponseDAO.m */,
			);
			path = DAO;
			sourceTree = "<group>";
		};
		33595FAE1B51B6CD00254DE7 /* DTO */ = {
			isa = PBXGroup;
			children = (
				33595FAF1B51B6CD00254DE7 /* Base */,
				33595FBC1B51B6CD00254DE7 /* SignInDTO.h */,
				33595FBD1B51B6CD00254DE7 /* SignInDTO.m */,
				33595FBE1B51B6CD00254DE7 /* SignInRequestDTO.h */,
				33595FBF1B51B6CD00254DE7 /* SignInRequestDTO.m */,
				33595FC01B51B6CD00254DE7 /* SignInResponseDTO.h */,
				33595FC11B51B6CD00254DE7 /* SignInResponseDTO.m */,
				33595FC21B51B6CD00254DE7 /* SignUpDTO.h */,
				33595FC31B51B6CD00254DE7 /* SignUpDTO.m */,
				33595FC41B51B6CD00254DE7 /* SignUpRequestDTO.h */,
				33595FC51B51B6CD00254DE7 /* SignUpRequestDTO.m */,
				33595FC61B51B6CD00254DE7 /* SignUpResponseDTO.h */,
				33595FC71B51B6CD00254DE7 /* SignUpResponseDTO.m */,
			);
			path = DTO;
			sourceTree = "<group>";
		};
		33595FAF1B51B6CD00254DE7 /* Base */ = {
			isa = PBXGroup;
			children = (
				33595FB01B51B6CD00254DE7 /* BaseSignInDTO.h */,
				33595FB11B51B6CD00254DE7 /* BaseSignInDTO.m */,
				33595FB21B51B6CD00254DE7 /* BaseSignInRequestDTO.h */,
				33595FB31B51B6CD00254DE7 /* BaseSignInRequestDTO.m */,
				33595FB41B51B6CD00254DE7 /* BaseSignInResponseDTO.h */,
				33595FB51B51B6CD00254DE7 /* BaseSignInResponseDTO.m */,
				33595FB61B51B6CD00254DE7 /* BaseSignUpDTO.h */,
				33595FB71B51B6CD00254DE7 /* BaseSignUpDTO.m */,
				33595FB81B51B6CD00254DE7 /* BaseSignUpRequestDTO.h */,
				33595FB91B51B6CD00254DE7 /* BaseSignUpRequestDTO.m */,
				33595FBA1B51B6CD00254DE7 /* BaseSignUpResponseDTO.h */,
				33595FBB1B51B6CD00254DE7 /* BaseSignUpResponseDTO.m */,
			);
			path = Base;
			sourceTree = "<group>";
		};
		33BB443A1B4EEBBA0060FA7E /* CustomCellTable */ = {
			isa = PBXGroup;
			children = (
				33C303501B4D8B820058C9E3 /* CustomCell.h */,
				33C303511B4D8B820058C9E3 /* CustomCell.m */,
				33C303521B4D8B820058C9E3 /* CustomCell.xib */,
			);
			name = CustomCellTable;
			sourceTree = "<group>";
		};
		33C3033A1B4D78410058C9E3 /* Map */ = {
			isa = PBXGroup;
			children = (
				33C3033B1B4D78560058C9E3 /* LEMapController.h */,
				33C3033C1B4D78560058C9E3 /* LEMapController.m */,
				33C3033D1B4D78560058C9E3 /* LEMapController.xib */,
			);
			name = Map;
			sourceTree = "<group>";
		};
		33C303401B4D785E0058C9E3 /* MenuList */ = {
			isa = PBXGroup;
			children = (
				1D78429B1B4FCE710056A40D /* LEMenuListController.h */,
				1D78429C1B4FCE710056A40D /* LEMenuListController.m */,
				1D78429D1B4FCE710056A40D /* LEMenuListController.xib */,
			);
			name = MenuList;
			sourceTree = "<group>";
		};
		33C3034F1B4D8B6A0058C9E3 /* CustomCell */ = {
			isa = PBXGroup;
			children = (
				33BB443A1B4EEBBA0060FA7E /* CustomCellTable */,
			);
			name = CustomCell;
			sourceTree = "<group>";
		};
		33DEFA531B46E69400053B72 = {
			isa = PBXGroup;
			children = (
				33DEFA5E1B46E69400053B72 /* LetsEat */,
				33DEFA781B46E69500053B72 /* LetsEatTests */,
				33DEFA5D1B46E69400053B72 /* Products */,
				E20D3EB5A07702DDDEBA3BCC /* Pods */,
				31215B0515DA5CFAE98CEF4B /* Frameworks */,
			);
			sourceTree = "<group>";
		};
		33DEFA5D1B46E69400053B72 /* Products */ = {
			isa = PBXGroup;
			children = (
				33DEFA5C1B46E69400053B72 /* LetsGoEat.app */,
				33DEFA751B46E69500053B72 /* LetsGoEatTests.xctest */,
			);
			name = Products;
			sourceTree = "<group>";
		};
		33DEFA5E1B46E69400053B72 /* LetsEat */ = {
			isa = PBXGroup;
			children = (
				3347E8DA1B4844C400F9F754 /* Model */,
				33DEFA901B46EFB700053B72 /* Login */,
				33DEFA911B46EFC400053B72 /* Main */,
				330D5B321B4B1817006920C4 /* Register */,
				330D5B311B4B1810006920C4 /* Recover */,
				33C303401B4D785E0058C9E3 /* MenuList */,
				33C3033A1B4D78410058C9E3 /* Map */,
				1D7842A01B4FE8790056A40D /* Detail */,
				33DEFA631B46E69400053B72 /* AppDelegate.h */,
				33DEFA641B46E69400053B72 /* AppDelegate.m */,
				33DEFA691B46E69400053B72 /* Main.storyboard */,
				33DEFA6C1B46E69400053B72 /* Images.xcassets */,
				33DEFA6E1B46E69400053B72 /* LaunchScreen.xib */,
				33DEFA5F1B46E69400053B72 /* Supporting Files */,
			);
			path = LetsEat;
			sourceTree = "<group>";
		};
		33DEFA5F1B46E69400053B72 /* Supporting Files */ = {
			isa = PBXGroup;
			children = (
				33DEFA601B46E69400053B72 /* Info.plist */,
				33DEFA611B46E69400053B72 /* main.m */,
			);
			name = "Supporting Files";
			sourceTree = "<group>";
		};
		33DEFA781B46E69500053B72 /* LetsEatTests */ = {
			isa = PBXGroup;
			children = (
				33DEFA7B1B46E69500053B72 /* LetsEatTests.m */,
				33DEFA791B46E69500053B72 /* Supporting Files */,
			);
			path = LetsEatTests;
			sourceTree = "<group>";
		};
		33DEFA791B46E69500053B72 /* Supporting Files */ = {
			isa = PBXGroup;
			children = (
				33DEFA7A1B46E69500053B72 /* Info.plist */,
			);
			name = "Supporting Files";
			sourceTree = "<group>";
		};
		33DEFA901B46EFB700053B72 /* Login */ = {
			isa = PBXGroup;
			children = (
				33DEFA8B1B46EFB100053B72 /* LELoginController.h */,
				33DEFA8C1B46EFB100053B72 /* LELoginController.m */,
				33DEFA8D1B46EFB100053B72 /* LELoginController.xib */,
			);
			name = Login;
			sourceTree = "<group>";
		};
		33DEFA911B46EFC400053B72 /* Main */ = {
			isa = PBXGroup;
			children = (
				33DEFA861B46E90400053B72 /* LEMainController.h */,
				33DEFA871B46E90400053B72 /* LEMainController.m */,
				33DEFA881B46E90400053B72 /* LEMainController.xib */,
			);
			name = Main;
			sourceTree = "<group>";
		};
		33DEFA921B46F23800053B72 /* IntroViewResources */ = {
			isa = PBXGroup;
			children = (
				33DEFAAC1B46F7B400053B72 /* title1@2x.png */,
				33DEFAAD1B46F7B400053B72 /* title2@2x.png */,
				33DEFAAE1B46F7B400053B72 /* title3@2x.png */,
				33DEFAAF1B46F7B400053B72 /* title4@2x.png */,
			);
			name = IntroViewResources;
			sourceTree = "<group>";
		};
		E20D3EB5A07702DDDEBA3BCC /* Pods */ = {
			isa = PBXGroup;
			children = (
				9626DFAB740A2734B873B5C3 /* Pods.debug.xcconfig */,
				17F90F6F848538FD278AB938 /* Pods.release.xcconfig */,
			);
			name = Pods;
			sourceTree = "<group>";
		};
/* End PBXGroup section */

/* Begin PBXNativeTarget section */
		33DEFA5B1B46E69400053B72 /* LetsGoEat */ = {
			isa = PBXNativeTarget;
			buildConfigurationList = 33DEFA7F1B46E69500053B72 /* Build configuration list for PBXNativeTarget "LetsGoEat" */;
			buildPhases = (
				D9CE6F956BAEF8A7A1EDC2F9 /* Check Pods Manifest.lock */,
				33DEFA581B46E69400053B72 /* Sources */,
				33DEFA591B46E69400053B72 /* Frameworks */,
				33DEFA5A1B46E69400053B72 /* Resources */,
				7AAFA9C3DB930FB38EEEA3EE /* Copy Pods Resources */,
			);
			buildRules = (
			);
			dependencies = (
			);
			name = LetsGoEat;
			productName = LetsEat;
			productReference = 33DEFA5C1B46E69400053B72 /* LetsGoEat.app */;
			productType = "com.apple.product-type.application";
		};
		33DEFA741B46E69500053B72 /* LetsGoEatTests */ = {
			isa = PBXNativeTarget;
			buildConfigurationList = 33DEFA821B46E69500053B72 /* Build configuration list for PBXNativeTarget "LetsGoEatTests" */;
			buildPhases = (
				33DEFA711B46E69500053B72 /* Sources */,
				33DEFA721B46E69500053B72 /* Frameworks */,
				33DEFA731B46E69500053B72 /* Resources */,
			);
			buildRules = (
			);
			dependencies = (
				33DEFA771B46E69500053B72 /* PBXTargetDependency */,
			);
			name = LetsGoEatTests;
			productName = LetsEatTests;
			productReference = 33DEFA751B46E69500053B72 /* LetsGoEatTests.xctest */;
			productType = "com.apple.product-type.bundle.unit-test";
		};
/* End PBXNativeTarget section */

/* Begin PBXProject section */
		33DEFA541B46E69400053B72 /* Project object */ = {
			isa = PBXProject;
			attributes = {
				LastUpgradeCheck = 0630;
				ORGANIZATIONNAME = "Daniel Martin Jimenez";
				TargetAttributes = {
					33DEFA5B1B46E69400053B72 = {
						CreatedOnToolsVersion = 6.3.2;
						SystemCapabilities = {
							com.apple.Maps.iOS = {
								enabled = 1;
							};
						};
					};
					33DEFA741B46E69500053B72 = {
						CreatedOnToolsVersion = 6.3.2;
						TestTargetID = 33DEFA5B1B46E69400053B72;
					};
				};
			};
			buildConfigurationList = 33DEFA571B46E69400053B72 /* Build configuration list for PBXProject "LetsGoEat" */;
			compatibilityVersion = "Xcode 3.2";
			developmentRegion = English;
			hasScannedForEncodings = 0;
			knownRegions = (
				en,
				Base,
			);
			mainGroup = 33DEFA531B46E69400053B72;
			productRefGroup = 33DEFA5D1B46E69400053B72 /* Products */;
			projectDirPath = "";
			projectRoot = "";
			targets = (
				33DEFA5B1B46E69400053B72 /* LetsGoEat */,
				33DEFA741B46E69500053B72 /* LetsGoEatTests */,
			);
		};
/* End PBXProject section */

/* Begin PBXResourcesBuildPhase section */
		33DEFA5A1B46E69400053B72 /* Resources */ = {
			isa = PBXResourcesBuildPhase;
			buildActionMask = 2147483647;
			files = (
				33DEFA6B1B46E69400053B72 /* Main.storyboard in Resources */,
				33DEFA701B46E69400053B72 /* LaunchScreen.xib in Resources */,
				33C303541B4D8B820058C9E3 /* CustomCell.xib in Resources */,
				33DEFAB61B46F7B400053B72 /* title3@2x.png in Resources */,
				33595E451B517C8B00254DE7 /* LetsGoEat.xml in Resources */,
				1D7842A51B4FE8E80056A40D /* LEDetailController.xib in Resources */,
				330D5B461B4B22EF006920C4 /* LERecoverController.xib in Resources */,
				33DEFA6D1B46E69400053B72 /* Images.xcassets in Resources */,
				33DEFAB71B46F7B400053B72 /* title4@2x.png in Resources */,
				330D5B411B4B22DE006920C4 /* LERegisterController.xib in Resources */,
				33C3033F1B4D78560058C9E3 /* LEMapController.xib in Resources */,
				33DEFA8A1B46E90400053B72 /* LEMainController.xib in Resources */,
				33DEFAB41B46F7B400053B72 /* title1@2x.png in Resources */,
				33DEFAB51B46F7B400053B72 /* title2@2x.png in Resources */,
				33DEFA8F1B46EFB100053B72 /* LELoginController.xib in Resources */,
				1D78429F1B4FCE710056A40D /* LEMenuListController.xib in Resources */,
			);
			runOnlyForDeploymentPostprocessing = 0;
		};
		33DEFA731B46E69500053B72 /* Resources */ = {
			isa = PBXResourcesBuildPhase;
			buildActionMask = 2147483647;
			files = (
			);
			runOnlyForDeploymentPostprocessing = 0;
		};
/* End PBXResourcesBuildPhase section */

/* Begin PBXShellScriptBuildPhase section */
		7AAFA9C3DB930FB38EEEA3EE /* Copy Pods Resources */ = {
			isa = PBXShellScriptBuildPhase;
			buildActionMask = 2147483647;
			files = (
			);
			inputPaths = (
			);
			name = "Copy Pods Resources";
			outputPaths = (
			);
			runOnlyForDeploymentPostprocessing = 0;
			shellPath = /bin/sh;
			shellScript = "\"${SRCROOT}/Pods/Target Support Files/Pods/Pods-resources.sh\"\n";
			showEnvVarsInLog = 0;
		};
		D9CE6F956BAEF8A7A1EDC2F9 /* Check Pods Manifest.lock */ = {
			isa = PBXShellScriptBuildPhase;
			buildActionMask = 2147483647;
			files = (
			);
			inputPaths = (
			);
			name = "Check Pods Manifest.lock";
			outputPaths = (
			);
			runOnlyForDeploymentPostprocessing = 0;
			shellPath = /bin/sh;
			shellScript = "diff \"${PODS_ROOT}/../Podfile.lock\" \"${PODS_ROOT}/Manifest.lock\" > /dev/null\nif [[ $? != 0 ]] ; then\n    cat << EOM\nerror: The sandbox is not in sync with the Podfile.lock. Run 'pod install' or update your CocoaPods installation.\nEOM\n    exit 1\nfi\n";
			showEnvVarsInLog = 0;
		};
/* End PBXShellScriptBuildPhase section */

/* Begin PBXSourcesBuildPhase section */
		33DEFA581B46E69400053B72 /* Sources */ = {
			isa = PBXSourcesBuildPhase;
			buildActionMask = 2147483647;
			files = (
				33595F781B518FF900254DE7 /* SecondCustomSegue.m in Sources */,
				33595FE61B51B6CD00254DE7 /* SignUpRequestDTO.m in Sources */,
				33595F7B1B51B6B400254DE7 /* LoginDTO.m in Sources */,
				33595FDA1B51B6CD00254DE7 /* SignUpRequestDAO.m in Sources */,
				33595FDE1B51B6CD00254DE7 /* BaseSignInResponseDTO.m in Sources */,
				33595FD21B51B6CD00254DE7 /* SignInLogic.m in Sources */,
				330D5B451B4B22EF006920C4 /* LERecoverController.m in Sources */,
				33C303531B4D8B820058C9E3 /* CustomCell.m in Sources */,
				33595FE11B51B6CD00254DE7 /* BaseSignUpResponseDTO.m in Sources */,
				33595FCF1B51B6CD00254DE7 /* BaseSignInLogic.m in Sources */,
				33595FD41B51B6CD00254DE7 /* SignInActionTask.m in Sources */,
				33595FCD1B51B6CD00254DE7 /* UnlimitedDiskCache.m in Sources */,
				33595FD31B51B6CD00254DE7 /* SignUpLogic.m in Sources */,
				33595FCC1B51B6CD00254DE7 /* LimitedAgeUnlimitedDiskCache.m in Sources */,
				33595FD61B51B6CD00254DE7 /* SignInDAO.m in Sources */,
				33595FD11B51B6CD00254DE7 /* LetsGoEatHelper.m in Sources */,
				33595FE51B51B6CD00254DE7 /* SignUpDTO.m in Sources */,
				33595FDF1B51B6CD00254DE7 /* BaseSignUpDTO.m in Sources */,
				33595FE31B51B6CD00254DE7 /* SignInRequestDTO.m in Sources */,
				33DEFA8E1B46EFB100053B72 /* LELoginController.m in Sources */,
				33595FCE1B51B6CD00254DE7 /* UnlimitedMemoryCache.m in Sources */,
				1D7842A41B4FE8E80056A40D /* LEDetailController.m in Sources */,
				33595FD91B51B6CD00254DE7 /* SignUpDAO.m in Sources */,
				330D5B401B4B22DE006920C4 /* LERegisterController.m in Sources */,
				33595FD01B51B6CD00254DE7 /* BaseSignUpLogic.m in Sources */,
				33595FD51B51B6CD00254DE7 /* SignUpActionTask.m in Sources */,
				33DEFA651B46E69400053B72 /* AppDelegate.m in Sources */,
				33595FC91B51B6CD00254DE7 /* LogicFilter.m in Sources */,
				33595FDB1B51B6CD00254DE7 /* SignUpResponseDAO.m in Sources */,
				33F275F11B4F208C00E45EB6 /* CustomSegue.m in Sources */,
				33595FE41B51B6CD00254DE7 /* SignInResponseDTO.m in Sources */,
				33595FD71B51B6CD00254DE7 /* SignInRequestDAO.m in Sources */,
				33595FE71B51B6CD00254DE7 /* SignUpResponseDTO.m in Sources */,
				33595F2D1B51812E00254DE7 /* RegisterDTO.m in Sources */,
				1D78429E1B4FCE710056A40D /* LEMenuListController.m in Sources */,
				33DEFA621B46E69400053B72 /* main.m in Sources */,
				33595FE21B51B6CD00254DE7 /* SignInDTO.m in Sources */,
				33595FD81B51B6CD00254DE7 /* SignInResponseDAO.m in Sources */,
				33595FCB1B51B6CD00254DE7 /* LimitedAgeMemoryCache.m in Sources */,
				33DEFA891B46E90400053B72 /* LEMainController.m in Sources */,
				3347E8DF1B4844DA00F9F754 /* UIColor+MyColor.m in Sources */,
				33595FE01B51B6CD00254DE7 /* BaseSignUpRequestDTO.m in Sources */,
				33595FDC1B51B6CD00254DE7 /* BaseSignInDTO.m in Sources */,
				33595FCA1B51B6CD00254DE7 /* DummyCache.m in Sources */,
				33C3033E1B4D78560058C9E3 /* LEMapController.m in Sources */,
				33595FC81B51B6CD00254DE7 /* BaseLogic.m in Sources */,
				33595FDD1B51B6CD00254DE7 /* BaseSignInRequestDTO.m in Sources */,
			);
			runOnlyForDeploymentPostprocessing = 0;
		};
		33DEFA711B46E69500053B72 /* Sources */ = {
			isa = PBXSourcesBuildPhase;
			buildActionMask = 2147483647;
			files = (
				33DEFA7C1B46E69500053B72 /* LetsEatTests.m in Sources */,
			);
			runOnlyForDeploymentPostprocessing = 0;
		};
/* End PBXSourcesBuildPhase section */

/* Begin PBXTargetDependency section */
		33DEFA771B46E69500053B72 /* PBXTargetDependency */ = {
			isa = PBXTargetDependency;
			target = 33DEFA5B1B46E69400053B72 /* LetsGoEat */;
			targetProxy = 33DEFA761B46E69500053B72 /* PBXContainerItemProxy */;
		};
/* End PBXTargetDependency section */

/* Begin PBXVariantGroup section */
		33DEFA691B46E69400053B72 /* Main.storyboard */ = {
			isa = PBXVariantGroup;
			children = (
				33DEFA6A1B46E69400053B72 /* Base */,
				3347E8E01B48458800F9F754 /* es */,
			);
			name = Main.storyboard;
			sourceTree = "<group>";
		};
		33DEFA6E1B46E69400053B72 /* LaunchScreen.xib */ = {
			isa = PBXVariantGroup;
			children = (
				33DEFA6F1B46E69400053B72 /* Base */,
				3347E8E11B48458800F9F754 /* es */,
			);
			name = LaunchScreen.xib;
			sourceTree = "<group>";
		};
/* End PBXVariantGroup section */

/* Begin XCBuildConfiguration section */
		33DEFA7D1B46E69500053B72 /* Debug */ = {
			isa = XCBuildConfiguration;
			buildSettings = {
				ALWAYS_SEARCH_USER_PATHS = NO;
				CLANG_CXX_LANGUAGE_STANDARD = "gnu++0x";
				CLANG_CXX_LIBRARY = "libc++";
				CLANG_ENABLE_MODULES = YES;
				CLANG_ENABLE_OBJC_ARC = YES;
				CLANG_WARN_BOOL_CONVERSION = YES;
				CLANG_WARN_CONSTANT_CONVERSION = YES;
				CLANG_WARN_DIRECT_OBJC_ISA_USAGE = YES_ERROR;
				CLANG_WARN_EMPTY_BODY = YES;
				CLANG_WARN_ENUM_CONVERSION = YES;
				CLANG_WARN_INT_CONVERSION = YES;
				CLANG_WARN_OBJC_ROOT_CLASS = YES_ERROR;
				CLANG_WARN_UNREACHABLE_CODE = YES;
				CLANG_WARN__DUPLICATE_METHOD_MATCH = YES;
				CODE_SIGN_IDENTITY = "iPhone Developer";
				"CODE_SIGN_IDENTITY[sdk=iphoneos*]" = "iPhone Developer";
				COPY_PHASE_STRIP = NO;
				DEBUG_INFORMATION_FORMAT = "dwarf-with-dsym";
				ENABLE_STRICT_OBJC_MSGSEND = YES;
				GCC_C_LANGUAGE_STANDARD = gnu99;
				GCC_DYNAMIC_NO_PIC = NO;
				GCC_NO_COMMON_BLOCKS = YES;
				GCC_OPTIMIZATION_LEVEL = 0;
				GCC_PREPROCESSOR_DEFINITIONS = (
					"DEBUG=1",
					"$(inherited)",
				);
				GCC_SYMBOLS_PRIVATE_EXTERN = NO;
				GCC_WARN_64_TO_32_BIT_CONVERSION = YES;
				GCC_WARN_ABOUT_RETURN_TYPE = YES_ERROR;
				GCC_WARN_UNDECLARED_SELECTOR = YES;
				GCC_WARN_UNINITIALIZED_AUTOS = YES_AGGRESSIVE;
				GCC_WARN_UNUSED_FUNCTION = YES;
				GCC_WARN_UNUSED_VARIABLE = YES;
				IPHONEOS_DEPLOYMENT_TARGET = 8.3;
				MTL_ENABLE_DEBUG_INFO = YES;
				ONLY_ACTIVE_ARCH = YES;
				PROVISIONING_PROFILE = "";
				SDKROOT = iphoneos;
			};
			name = Debug;
		};
		33DEFA7E1B46E69500053B72 /* Release */ = {
			isa = XCBuildConfiguration;
			buildSettings = {
				ALWAYS_SEARCH_USER_PATHS = NO;
				CLANG_CXX_LANGUAGE_STANDARD = "gnu++0x";
				CLANG_CXX_LIBRARY = "libc++";
				CLANG_ENABLE_MODULES = YES;
				CLANG_ENABLE_OBJC_ARC = YES;
				CLANG_WARN_BOOL_CONVERSION = YES;
				CLANG_WARN_CONSTANT_CONVERSION = YES;
				CLANG_WARN_DIRECT_OBJC_ISA_USAGE = YES_ERROR;
				CLANG_WARN_EMPTY_BODY = YES;
				CLANG_WARN_ENUM_CONVERSION = YES;
				CLANG_WARN_INT_CONVERSION = YES;
				CLANG_WARN_OBJC_ROOT_CLASS = YES_ERROR;
				CLANG_WARN_UNREACHABLE_CODE = YES;
				CLANG_WARN__DUPLICATE_METHOD_MATCH = YES;
				CODE_SIGN_IDENTITY = "iPhone Developer";
				"CODE_SIGN_IDENTITY[sdk=iphoneos*]" = "iPhone Developer";
				COPY_PHASE_STRIP = NO;
				DEBUG_INFORMATION_FORMAT = "dwarf-with-dsym";
				ENABLE_NS_ASSERTIONS = NO;
				ENABLE_STRICT_OBJC_MSGSEND = YES;
				GCC_C_LANGUAGE_STANDARD = gnu99;
				GCC_NO_COMMON_BLOCKS = YES;
				GCC_WARN_64_TO_32_BIT_CONVERSION = YES;
				GCC_WARN_ABOUT_RETURN_TYPE = YES_ERROR;
				GCC_WARN_UNDECLARED_SELECTOR = YES;
				GCC_WARN_UNINITIALIZED_AUTOS = YES_AGGRESSIVE;
				GCC_WARN_UNUSED_FUNCTION = YES;
				GCC_WARN_UNUSED_VARIABLE = YES;
				IPHONEOS_DEPLOYMENT_TARGET = 8.3;
				MTL_ENABLE_DEBUG_INFO = NO;
				PROVISIONING_PROFILE = "";
				SDKROOT = iphoneos;
				VALIDATE_PRODUCT = YES;
			};
			name = Release;
		};
		33DEFA801B46E69500053B72 /* Debug */ = {
			isa = XCBuildConfiguration;
			baseConfigurationReference = 9626DFAB740A2734B873B5C3 /* Pods.debug.xcconfig */;
			buildSettings = {
				ASSETCATALOG_COMPILER_APPICON_NAME = AppIcon;
				CODE_SIGN_IDENTITY = "iPhone Developer";
				"CODE_SIGN_IDENTITY[sdk=iphoneos*]" = "iPhone Developer";
				INFOPLIST_FILE = LetsEat/Info.plist;
				IPHONEOS_DEPLOYMENT_TARGET = 8.0;
				LD_RUNPATH_SEARCH_PATHS = "$(inherited) @executable_path/Frameworks";
				PRODUCT_NAME = LetsGoEat;
				PROVISIONING_PROFILE = "";
			};
			name = Debug;
		};
		33DEFA811B46E69500053B72 /* Release */ = {
			isa = XCBuildConfiguration;
			baseConfigurationReference = 17F90F6F848538FD278AB938 /* Pods.release.xcconfig */;
			buildSettings = {
				ASSETCATALOG_COMPILER_APPICON_NAME = AppIcon;
				CODE_SIGN_IDENTITY = "iPhone Developer";
				"CODE_SIGN_IDENTITY[sdk=iphoneos*]" = "iPhone Developer";
				INFOPLIST_FILE = LetsEat/Info.plist;
				IPHONEOS_DEPLOYMENT_TARGET = 8.0;
				LD_RUNPATH_SEARCH_PATHS = "$(inherited) @executable_path/Frameworks";
				PRODUCT_NAME = LetsGoEat;
				PROVISIONING_PROFILE = "";
			};
			name = Release;
		};
		33DEFA831B46E69500053B72 /* Debug */ = {
			isa = XCBuildConfiguration;
			buildSettings = {
				BUNDLE_LOADER = "";
				FRAMEWORK_SEARCH_PATHS = (
					"$(SDKROOT)/Developer/Library/Frameworks",
					"$(inherited)",
				);
				GCC_PREPROCESSOR_DEFINITIONS = (
					"DEBUG=1",
					"$(inherited)",
				);
				INFOPLIST_FILE = LetsEatTests/Info.plist;
				LD_RUNPATH_SEARCH_PATHS = "$(inherited) @executable_path/Frameworks @loader_path/Frameworks";
				PRODUCT_NAME = LetsGoEatTests;
				TEST_HOST = "$(BUILT_PRODUCTS_DIR)/LetsEat.app/LetsEat";
			};
			name = Debug;
		};
		33DEFA841B46E69500053B72 /* Release */ = {
			isa = XCBuildConfiguration;
			buildSettings = {
				BUNDLE_LOADER = "";
				FRAMEWORK_SEARCH_PATHS = (
					"$(SDKROOT)/Developer/Library/Frameworks",
					"$(inherited)",
				);
				INFOPLIST_FILE = LetsEatTests/Info.plist;
				LD_RUNPATH_SEARCH_PATHS = "$(inherited) @executable_path/Frameworks @loader_path/Frameworks";
				PRODUCT_NAME = LetsGoEatTests;
				TEST_HOST = "$(BUILT_PRODUCTS_DIR)/LetsEat.app/LetsEat";
			};
			name = Release;
		};
/* End XCBuildConfiguration section */

/* Begin XCConfigurationList section */
		33DEFA571B46E69400053B72 /* Build configuration list for PBXProject "LetsGoEat" */ = {
			isa = XCConfigurationList;
			buildConfigurations = (
				33DEFA7D1B46E69500053B72 /* Debug */,
				33DEFA7E1B46E69500053B72 /* Release */,
			);
			defaultConfigurationIsVisible = 0;
			defaultConfigurationName = Release;
		};
		33DEFA7F1B46E69500053B72 /* Build configuration list for PBXNativeTarget "LetsGoEat" */ = {
			isa = XCConfigurationList;
			buildConfigurations = (
				33DEFA801B46E69500053B72 /* Debug */,
				33DEFA811B46E69500053B72 /* Release */,
			);
			defaultConfigurationIsVisible = 0;
			defaultConfigurationName = Release;
		};
		33DEFA821B46E69500053B72 /* Build configuration list for PBXNativeTarget "LetsGoEatTests" */ = {
			isa = XCConfigurationList;
			buildConfigurations = (
				33DEFA831B46E69500053B72 /* Debug */,
				33DEFA841B46E69500053B72 /* Release */,
			);
			defaultConfigurationIsVisible = 0;
			defaultConfigurationName = Release;
		};
/* End XCConfigurationList section */
	};
	rootObject = 33DEFA541B46E69400053B72 /* Project object */;
}
